# Generated by conda-lock.
# platform: osx-64
# input_hash: 153096530f84ebb15d95d87b538d805a79a6a33f065f5e4472f8cff0f1cd39a5
@EXPLICIT
https://conda.anaconda.org/conda-forge/noarch/font-ttf-dejavu-sans-mono-2.37-hab24e00_0.tar.bz2#0c96522c6bdaed4b1566d11387caaf45
https://conda.anaconda.org/conda-forge/noarch/font-ttf-inconsolata-3.000-h77eed37_0.tar.bz2#34893075a5c9e55cdafac56607368fc6
https://conda.anaconda.org/conda-forge/noarch/font-ttf-source-code-pro-2.038-h77eed37_0.tar.bz2#4d59c254e01d9cde7957100457e2d5fb
https://conda.anaconda.org/conda-forge/noarch/font-ttf-ubuntu-0.83-h77eed37_3.conda#49023d73832ef61042f6a237cb2687e7
https://conda.anaconda.org/conda-forge/noarch/python_abi-3.14-8_cp314.conda#0539938c55b6b1a59b560e843ad864a4
https://conda.anaconda.org/conda-forge/noarch/tzdata-2026c-h151e31d_0.conda#fcb489df604d100968b737f2cb6076c6
https://conda.anaconda.org/conda-forge/osx-64/aws-c-common-0.14.3-ha1e9b39_0.conda#160570ea10f0fcad555f5822bc66069d
https://conda.anaconda.org/conda-forge/osx-64/bzip2-1.0.8-h374f1ed_10.conda#9d9a39212a876e4bb751c1cc3927b678
https://conda.anaconda.org/conda-forge/osx-64/c-ares-1.34.8-had63097_2.conda#925ff9ab74f4b9262a28842766e9e7b1
https://conda.anaconda.org/conda-forge/noarch/ca-certificates-2026.7.22-hbd8a1cb_0.conda#0f51e2391ade309db462a55611263e9c
https://conda.anaconda.org/conda-forge/noarch/fonts-conda-forge-1-hc364b38_1.conda#a7970cd949a077b7cb9696379d338681
https://conda.anaconda.org/conda-forge/osx-64/fribidi-1.0.16-ha1e9b39_1.conda#8b0e1e34f1e4c15ab787130ba8dd857f
https://conda.anaconda.org/conda-forge/osx-64/icu-78.3-py313hbf1d544_2.conda#f13f4740c18b562bf2662d494bad6099
https://conda.anaconda.org/conda-forge/osx-64/libbrotlicommon-1.2.0-he0616a4_3.conda#e2a19c1420acf09fe87adcf9dab3c517
https://conda.anaconda.org/conda-forge/osx-64/libcxx-23.1.0-h19cb2f5_0.conda#925382e3a8a530f862be5be3b3aaf68b
https://conda.anaconda.org/conda-forge/osx-64/libdeflate-1.25-h7ad9622_1.conda#371a45a962d740d8191d46dd225e23df
https://conda.anaconda.org/conda-forge/osx-64/libev-4.33-ha3d0635_3.conda#6d2f0447151b390bdaed846e143272e3
https://conda.anaconda.org/conda-forge/osx-64/libexpat-2.8.1-hcc62823_1.conda#dcfdea7b7013beef0a4d744d776ea38f
https://conda.anaconda.org/conda-forge/osx-64/libffi-3.7.0-h6b3a05b_1.conda#e077b71ae65754eda067e4125364b905
https://conda.anaconda.org/conda-forge/osx-64/libiconv-1.18-h4ae439b_3.conda#9fd2f77288f43e462ccc6b0e5f018c89
https://conda.anaconda.org/conda-forge/osx-64/libjpeg-turbo-3.2.0-ha1e9b39_1.conda#c864512172ac7b820637f6731287936c
https://conda.anaconda.org/conda-forge/osx-64/liblzma-5.8.3-hbb4bfdb_1.conda#daf49067580fbfeae3ac7f9535400494
https://conda.anaconda.org/conda-forge/osx-64/libmpdec-4.0.0-ha1e9b39_2.conda#b10a43915a31193e06b2781b9d11aec3
https://conda.anaconda.org/conda-forge/osx-64/libntlm-1.8-h6e16a3a_0.conda#23d706dbe90b54059ad86ff826677f39
https://conda.anaconda.org/conda-forge/osx-64/libsodium-1.0.22-had63097_2.conda#ca807adc2d3945ae2f6b9f12fcf8dd6b
https://conda.anaconda.org/conda-forge/osx-64/libwebp-base-1.6.0-hb276fe9_1.conda#abc3595bd7aab5df201b76ecef123583
https://conda.anaconda.org/conda-forge/osx-64/libzlib-1.3.2-hbb4bfdb_3.conda#7d3fa28263bb7f8ea32db11f570a5bb6
https://conda.anaconda.org/conda-forge/osx-64/llvm-openmp-23.1.0-h8c1e6b9_0.conda#b4b0db08caeeaf14d50ee200c9067725
https://conda.anaconda.org/conda-forge/osx-64/ncurses-6.6-hcc0dc9a_1.conda#88a79390f87c8f3334b9999a892e78d4
https://conda.anaconda.org/conda-forge/osx-64/pthread-stubs-0.4-ha1e9b39_1003.conda#fc28fbb822391f443af7ea8a25e09a7b
https://conda.anaconda.org/conda-forge/osx-64/xorg-libxau-1.0.12-ha1e9b39_2.conda#9fa1bc605df3a591cdf21963c07b6d9a
https://conda.anaconda.org/conda-forge/osx-64/xorg-libxdmcp-1.1.5-ha1e9b39_2.conda#c8ae112f5282f2bd3c2d6eb71aa2db81
https://conda.anaconda.org/conda-forge/osx-64/yaml-0.2.5-had63097_3.conda#9b30f8e851965211d981aca9c9bd1196
https://conda.anaconda.org/conda-forge/osx-64/_openmp_mutex-4.5-7_kmp_llvm.conda#eaac87c21aff3ed21ad9656697bb8326
https://conda.anaconda.org/conda-forge/osx-64/aws-c-cal-0.9.15-h7d2f8e2_1.conda#1e013933179bcede7440a83a916b37eb
https://conda.anaconda.org/conda-forge/osx-64/aws-c-compression-0.3.2-hdead95b_5.conda#e7a158a00b324b5575e34f75000e716d
https://conda.anaconda.org/conda-forge/osx-64/aws-c-sdkutils-0.2.7-hdead95b_3.conda#c6a1a589ad9c492f7ada48a8e112bbad
https://conda.anaconda.org/conda-forge/osx-64/aws-checksums-0.2.10-hdead95b_5.conda#a1badd0a78f70728116e882f39b3bb03
https://conda.anaconda.org/conda-forge/osx-64/double-conversion-3.4.0-hcc62823_0.conda#fc23399a4bbad04320567d132572540f
https://conda.anaconda.org/conda-forge/noarch/fonts-conda-ecosystem-1-0.tar.bz2#fee5683a3f04bd15cbd8318b096a27ab
https://conda.anaconda.org/conda-forge/osx-64/graphite2-1.3.15-h2fb4741_1.conda#540c672170d018be5d460cfa784c5326
https://conda.anaconda.org/conda-forge/osx-64/hdf4-4.2.15-h8138101_7.conda#7ce543bf38dbfae0de9af112ee178af2
https://conda.anaconda.org/conda-forge/osx-64/lerc-4.2.0-h35c7297_0.conda#09e24eb1868a9ffc04130730e7a34a59
https://conda.anaconda.org/conda-forge/osx-64/libaec-1.1.5-he7c3a48_0.conda#975f98248cde8d54884c6d1eb5184e13
https://conda.anaconda.org/conda-forge/osx-64/libbrotlidec-1.2.0-h4a2f56c_3.conda#8dd5a1c28e1a127ad37cef542a437fb0
https://conda.anaconda.org/conda-forge/osx-64/libbrotlienc-1.2.0-h3d41943_3.conda#d5b74e02c1f8d37b0078a2aff30bbeec
https://conda.anaconda.org/conda-forge/osx-64/libedit-3.1.20250104-pl5321hba2e2ab_1.conda#17532a8cca2c887fa24fbdcd5336c3af
https://conda.anaconda.org/conda-forge/osx-64/libintl-0.25.1-h3184127_1.conda#a8e54eefc65645193c46e8b180f62d22
https://conda.anaconda.org/conda-forge/osx-64/libpng-1.6.58-h4382c61_1.conda#b6dffe1cdca2c15b07e359e54207d08b
https://conda.anaconda.org/conda-forge/osx-64/libpsl-0.23.1-h7ff43d8_1.conda#4cd9cae1ac1aa63d8f760fe127b42685
https://conda.anaconda.org/conda-forge/osx-64/libpython-3.14.7-hfe304d0_101_cp314.conda#e876863732bd413055bdc446a319d1ba
https://conda.anaconda.org/conda-forge/osx-64/libsqlite-3.53.4-ha5db789_1.conda#254c302876eacc77a4682b3fa6f72385
https://conda.anaconda.org/conda-forge/osx-64/libxcb-1.17.0-h2478c6c_1.conda#f964ec5d9d2aee3639c5797b0f801164
https://conda.anaconda.org/conda-forge/osx-64/libxml2-16-2.15.3-h7a90416_1.conda#0514c28a6085f32e7b4ef43f9398a447
https://conda.anaconda.org/conda-forge/osx-64/lz4-c-1.10.0-hc569e58_2.conda#40a2f8f02e39f9ca56006f35510627f4
https://conda.anaconda.org/conda-forge/osx-64/openssl-3.6.4-h332eb6d_0.conda#7a1b628e987d25df3ac6986d45bb0979
https://conda.anaconda.org/conda-forge/osx-64/pcre2-10.47-h31793e3_1.conda#81cf2094fa0fe0350f92921f6feab289
https://conda.anaconda.org/conda-forge/osx-64/pixman-0.46.4-h2fb4741_3.conda#90abdf0a23ec21e68e965e9a1389d7e7
https://conda.anaconda.org/conda-forge/osx-64/qhull-2020.2-h3c5361c_5.conda#dd1ea9ff27c93db7c01a7b7656bd4ad4
https://conda.anaconda.org/conda-forge/osx-64/readline-8.3-h000c2f7_1.conda#434eb49340f57827ef7ca3bb21f77c32
https://conda.anaconda.org/conda-forge/osx-64/snappy-1.2.2-h01f5ddf_1.conda#2e993292ec18af5cd480932d448598cf
https://conda.anaconda.org/conda-forge/osx-64/tk-8.6.13-ha6c374e_4.conda#71c9f1f0267f2639523e898c6b50a4dc
https://conda.anaconda.org/conda-forge/osx-64/uv-0.12.7-h6c1caad_0.conda#fe54c3deb5848ca5222160ab3f6b50d4
https://conda.anaconda.org/conda-forge/osx-64/zlib-ng-2.3.3-h646e873_1.conda#bd3ea0561628325241a9058fa70ec00e
https://conda.anaconda.org/conda-forge/osx-64/zstd-1.5.7-hbc1a06c_7.conda#c1d11f04327e40537ffe6cad5b131019
https://conda.anaconda.org/conda-forge/osx-64/blosc-1.21.6-hd145fbb_1.conda#717852102c68a082992ce13a53403f9d
https://conda.anaconda.org/conda-forge/osx-64/brotli-bin-1.2.0-h086410e_3.conda#604615fb2de6c77fbbe5036a85388c81
https://conda.anaconda.org/conda-forge/osx-64/krb5-1.22.2-h69064fd_2.conda#da54bd0f3b96eb0d7663b3db01862a19
https://conda.anaconda.org/conda-forge/osx-64/libfreetype6-2.14.3-h8afe040_2.conda#cb777bcdd21bcfcfdaf76ebe1e1e0488
https://conda.anaconda.org/conda-forge/osx-64/libgcc-16.2.0-h13771c8_4.conda#fb1dd570751271b86cb17aee0bc39c48
https://conda.anaconda.org/conda-forge/osx-64/libglib-2.88.3-hf4b7cfa_2.conda#544c600f63382f6f424e5c44b384bd4b
https://conda.anaconda.org/conda-forge/osx-64/libnghttp2-1.68.1-h1e30255_1.conda#b7c605bed8006cdeb822dd7de6ac87c7
https://conda.anaconda.org/conda-forge/osx-64/libssh2-1.11.1-hd53bb72_1.conda#cb57b979974ef5b8a4526a8e5c8195b9
https://conda.anaconda.org/conda-forge/osx-64/libtiff-4.7.2-h01c3a8c_1.conda#ee440bf7977466b7661370804a9a26dc
https://conda.anaconda.org/conda-forge/osx-64/libxml2-2.15.3-h953d39d_1.conda#76a9680db40bf124688951cf08d82105
https://conda.anaconda.org/conda-forge/osx-64/libzip-1.11.2-h31df5bb_0.conda#3cf12c97a18312c9243a895580bf5be6
https://conda.anaconda.org/conda-forge/osx-64/python-3.14.7-hafa0b4b_101_cp314.conda#9f543f5bc8e75b45c671bcfbf9adecfa
https://conda.anaconda.org/conda-forge/osx-64/s2n-1.7.6-he8c8f02_0.conda#0e0188705c77a642bf7c8ce9928ea75d
https://conda.anaconda.org/conda-forge/noarch/appdirs-1.4.4-pyhd8ed1ab_1.conda#f4e90937bbfc3a4a92539545a37bb448
https://conda.anaconda.org/conda-forge/noarch/appnope-1.0.0-pyhcf101f3_0.conda#56d53a5e9740367f5f8cf83f995263c2
https://conda.anaconda.org/conda-forge/noarch/asttokens-3.0.2-pyhd8ed1ab_0.conda#89d495168582cb00428dad699d149624
https://conda.anaconda.org/conda-forge/noarch/attrs-26.1.0-pyhcf101f3_0.conda#c6b0543676ecb1fb2d7643941fe375f2
https://conda.anaconda.org/conda-forge/osx-64/aws-c-io-0.27.5-h82e2481_1.conda#e7e5d84de1897187c723c0ee40c61095
https://conda.anaconda.org/conda-forge/noarch/babel-2.18.0-pyhcf101f3_1.conda#f1976ce927373500cc19d3c0b2c85177
https://conda.anaconda.org/conda-forge/noarch/backports-1.0-pyhd8ed1ab_5.conda#767d508c1a67e02ae8f50e44cacfadb2
https://conda.anaconda.org/conda-forge/osx-64/backports.zoneinfo-0.2.1-py314hee6578b_11.conda#b9d6a03e5936d4937e381181e89f1b6b
https://conda.anaconda.org/conda-forge/noarch/backports.zstd-1.7.0-py314h680f03e_0.conda#92adf685875ab717f68ad4172ef6de27
https://conda.anaconda.org/conda-forge/osx-64/brotli-1.2.0-ha9642f3_3.conda#716ed87c4de517083437f9ef23a852c6
https://conda.anaconda.org/conda-forge/osx-64/brotli-python-1.2.0-py314h21a1a37_3.conda#8725d8810afd346f4156f27a0667f991
https://conda.anaconda.org/conda-forge/noarch/cached_property-2.0.1-pyhcf101f3_0.conda#256d863ded0f79464391a075944d24a6
https://conda.anaconda.org/conda-forge/noarch/cachy-0.3.0-pyhd8ed1ab_2.conda#1efe226b868cf59b8330356c37c8186e
https://conda.anaconda.org/conda-forge/noarch/certifi-2026.7.22-pyhd8ed1ab_0.conda#37e13edbe3b48f1095a9d085ef9cd83b
https://conda.anaconda.org/conda-forge/noarch/charset-normalizer-3.5.1-pyhd8ed1ab_0.conda#e0ac3accc64e23e40969d660e5f58ac8
https://conda.anaconda.org/conda-forge/noarch/click-8.4.2-pyhc90fa1f_0.conda#2c4bd6aeb90bb157456841c3270a0d92
https://conda.anaconda.org/conda-forge/noarch/colorama-0.4.6-pyhd8ed1ab_1.conda#962b9857ee8e7018c22f2776ffa0b2d7
https://conda.anaconda.org/conda-forge/noarch/comm-0.2.3-pyhe01879c_0.conda#2da13f2b299d8e1995bafbbe9689a2f7
https://conda.anaconda.org/conda-forge/noarch/cpython-3.14.7-py314hd8ed1ab_101.conda#5656db6c2bbe5923be509b769c843ed9
https://conda.anaconda.org/conda-forge/noarch/crashtest-0.4.1-pyhd8ed1ab_1.conda#e036e2f76d9c9aebc12510ed23352b6c
https://conda.anaconda.org/conda-forge/noarch/cycler-0.12.1-pyhcf101f3_2.conda#4c2a8fef270f6c69591889b93f9f55c1
https://conda.anaconda.org/conda-forge/osx-64/cyrus-sasl-2.1.28-h7cc0300_1.conda#7cca8a57fc2450bf088a257faf30c815
https://conda.anaconda.org/conda-forge/osx-64/debugpy-1.8.21-py314h2883b87_0.conda#fd360becf1092353288125e00fe26d6f
https://conda.anaconda.org/conda-forge/noarch/decorator-5.3.1-pyhd8ed1ab_0.conda#61dcf784d59ef0bd62c57d982b154ace
https://conda.anaconda.org/conda-forge/noarch/defusedxml-0.7.1-pyhd8ed1ab_0.tar.bz2#961b3a227b437d82ad7054484cfa71b2
https://conda.anaconda.org/conda-forge/noarch/diskcache-5.6.3-pyhd8ed1ab_1.conda#1c33d47dcfb2f90c80c6d2213f9d65d7
https://conda.anaconda.org/conda-forge/noarch/distlib-0.4.3-pyhcf101f3_0.conda#58638f77697c4f6726753eb8be34818b
https://conda.anaconda.org/conda-forge/noarch/distro-1.9.0-pyhd8ed1ab_1.conda#0a2014fd9860f8b1eaa0b1f3d3771a08
https://conda.anaconda.org/conda-forge/noarch/docstring_parser-0.18.0-pyhd8ed1ab_0.conda#b0c7c29a60c82d57c5b4c4c38f0642c8
https://conda.anaconda.org/conda-forge/noarch/editables-0.6-pyhcf101f3_0.conda#86b177231eecb011fe00e2117dbc3348
https://conda.anaconda.org/conda-forge/noarch/executing-2.2.1-pyhd8ed1ab_0.conda#ff9efb7f7469aed3c4a8106ffa29593c
https://conda.anaconda.org/conda-forge/noarch/filelock-3.32.4-pyhd8ed1ab_0.conda#0171dc5d54fdbb3f6e55f285f805e0fe
https://conda.anaconda.org/conda-forge/noarch/hpack-4.2.0-pyhd8ed1ab_0.conda#b395909221b9bd1df066e5930e18855b
https://conda.anaconda.org/conda-forge/noarch/hyperframe-6.1.0-pyhd8ed1ab_0.conda#8e6923fc12f1fe8f8c4e5c9f343256ac
https://conda.anaconda.org/conda-forge/noarch/idna-3.19-pyhcf101f3_0.conda#a39ae05027e9b707742e41b30d296b75
https://conda.anaconda.org/conda-forge/noarch/iniconfig-2.3.0-pyhd8ed1ab_0.conda#9614359868482abba1bd15ce465e3c42
https://conda.anaconda.org/conda-forge/noarch/json5-0.15.0-pyhd8ed1ab_0.conda#761a4a6b9cba303c66a97ca642447171
https://conda.anaconda.org/conda-forge/noarch/jsonpointer-3.1.1-pyhcf101f3_0.conda#89bf346df77603055d3c8fe5811691e6
https://conda.anaconda.org/conda-forge/noarch/jupyterlab_widgets-3.0.17-pyhcf101f3_0.conda#1fb3f0d175d6e92f56139fb46a17aa2d
https://conda.anaconda.org/conda-forge/osx-64/kiwisolver-1.5.0-py314hd6e1bd6_0.conda#25a8718587d3d0d9114b25dfa93b864c
https://conda.anaconda.org/conda-forge/noarch/lark-1.3.1-pyhd8ed1ab_0.conda#9b965c999135d43a3d0f7bd7d024e26a
https://conda.anaconda.org/conda-forge/osx-64/lcms2-2.19.1-h5ea7634_1.conda#f8c168eefc1f75ada2e2cd8f2e6212f5
https://conda.anaconda.org/conda-forge/osx-64/libcurl-8.21.0-h5318221_5.conda#574f8da5c8038b2d0bff5f803f9ae012
https://conda.anaconda.org/conda-forge/osx-64/libfreetype-2.14.3-h694c41f_2.conda#d2538644f6f7f8b9ce10bdffaa7d3d17
https://conda.anaconda.org/conda-forge/osx-64/libgfortran5-16.2.0-h2539e6c_4.conda#eaabc48679544820bef810523a703bf0
https://conda.anaconda.org/conda-forge/osx-64/libxslt-1.1.43-h486b42e_1.conda#367b8029352f3899fb76cc20f4d144b9
https://conda.anaconda.org/conda-forge/osx-64/markupsafe-3.0.3-py314h77fa6c7_1.conda#5d45a74270e21481797387a209b3dec3
https://conda.anaconda.org/conda-forge/noarch/mdurl-0.1.2-pyhd8ed1ab_1.conda#592132998493b3ff25fd7479396e8351
https://conda.anaconda.org/conda-forge/noarch/more-itertools-11.1.0-pyhcf101f3_0.conda#0e694257dbf916540b749c3ffc808efe
https://conda.anaconda.org/conda-forge/osx-64/msgpack-python-1.2.2-py314h0ba06c9_0.conda#69293b0c6a30d42253cbc8be63d2d8ba
https://conda.anaconda.org/conda-forge/noarch/munkres-1.1.4-pyhd8ed1ab_1.conda#37293a85a0f4f77bbd9cf7aaefc62609
https://conda.anaconda.org/conda-forge/noarch/nest-asyncio-1.6.0-pyhd8ed1ab_1.conda#598fd7d4d0de2455fb74f56063969a97
https://conda.anaconda.org/conda-forge/noarch/nest-asyncio2-1.7.2-pyhcf101f3_0.conda#fcd832bfd4749e9b246112b6894f97fc
https://conda.anaconda.org/conda-forge/osx-64/openjpeg-2.5.4-h52bb76a_0.conda#46e628da6e796c948fa8ec9d6d10bda3
https://conda.anaconda.org/conda-forge/noarch/packaging-26.3-pyhc364b38_0.conda#936687ed80f295a1f5dbcf8bd34c252c
https://conda.anaconda.org/conda-forge/noarch/pandocfilters-1.5.0-pyhd8ed1ab_0.tar.bz2#457c2c8c08e54905d6954e79cb5b5db9
https://conda.anaconda.org/conda-forge/noarch/parso-0.8.7-pyhcf101f3_0.conda#39894c952938276405a1bd30e4ce2caf
https://conda.anaconda.org/conda-forge/noarch/pastel-0.2.1-pyhd8ed1ab_0.tar.bz2#a4eea5bff523f26442405bc5d1f52adb
https://conda.anaconda.org/conda-forge/noarch/pathspec-1.1.1-pyhd8ed1ab_0.conda#11adc78451c998c0fd162584abfa3559
https://conda.anaconda.org/conda-forge/noarch/pip-26.2.1-pyh145f28c_0.conda#573cb3ed111004230ed3de650653cd4d
https://conda.anaconda.org/conda-forge/noarch/pkginfo-1.12.1.2-pyhd8ed1ab_0.conda#dc702b2fae7ebe770aff3c83adb16b63
https://conda.anaconda.org/conda-forge/noarch/platformdirs-4.11.5-pyhcf101f3_0.conda#152ec36401f710145a7db03475594410
https://conda.anaconda.org/conda-forge/noarch/pluggy-1.6.0-pyhf9edf01_1.conda#d7585b6550ad04c8c5e21097ada2888e
https://conda.anaconda.org/conda-forge/noarch/ply-3.11-pyhd8ed1ab_3.conda#fd5062942bfa1b0bd5e0d2a4397b099e
https://conda.anaconda.org/conda-forge/noarch/prometheus_client-0.26.0-pyhd8ed1ab_0.conda#3aa7e2d85645e61627c98082747dfdfe
https://conda.anaconda.org/conda-forge/osx-64/psutil-7.2.2-py314h17af80e_1.conda#db8d2d3c2d32baed96ac7132e4e5b5c1
https://conda.anaconda.org/conda-forge/noarch/ptyprocess-0.7.0-pyhd8ed1ab_1.conda#7d9daffbb8d8e0af0f769dbbcd173a54
https://conda.anaconda.org/conda-forge/noarch/pure_eval-0.2.3-pyhd8ed1ab_1.conda#3bfdfb8dbcdc4af1ae3f9a8eb3948f04
https://conda.anaconda.org/conda-forge/noarch/pycparser-3.0-pyhcf101f3_0.conda#9c5491066224083c41b6d5635ed7107b
https://conda.anaconda.org/conda-forge/noarch/pygments-2.21.0-pyhcf101f3_0.conda#2882dee445dfa45b0c5afce3ffb7730a
https://conda.anaconda.org/conda-forge/noarch/pylev-1.4.0-pyhd8ed1ab_0.tar.bz2#edf8651c4379d9d1495ad6229622d150
https://conda.anaconda.org/conda-forge/noarch/pyopengl-3.1.10-pyh534df25_2.conda#dae7cd715f93d0e2f12af26dd3777328
https://conda.anaconda.org/conda-forge/noarch/pyparsing-3.3.2-pyhcf101f3_0.conda#3687cc0b82a8b4c17e1f0eb7e47163d5
https://conda.anaconda.org/conda-forge/noarch/pysocks-1.7.1-pyha55dd90_7.conda#461219d1a5bd61342293efa2c0c90eac
https://conda.anaconda.org/conda-forge/noarch/python-fastjsonschema-2.22.2-pyhcf101f3_0.conda#aa75b7f096d17621bc307b3025b29461
https://conda.anaconda.org/conda-forge/noarch/python-tzdata-2026.3-pyhd8ed1ab_0.conda#eefc8d916bd2e708d76d40398ef9a1ee
https://conda.anaconda.org/conda-forge/osx-64/pyyaml-6.0.3-py314h10d0514_1.conda#ebd224b733573c50d2bfbeacb5449417
https://conda.anaconda.org/conda-forge/noarch/rfc3986-validator-0.1.1-pyh9f0ad1d_0.tar.bz2#912a71cc01012ee38e6b90ddd561e36f
https://conda.anaconda.org/conda-forge/osx-64/rpds-py-2026.6.3-py314h3cfb53e_0.conda#8ffe67b7dadf718e0f3437f62c1211a2
https://conda.anaconda.org/conda-forge/osx-64/ruamel.yaml.clib-0.2.15-py314h17af80e_2.conda#b322ffb3b8ccd911be0cff9f2d2b21cc
https://conda.anaconda.org/conda-forge/osx-64/ruff-0.15.20-h1ddadc8_0.conda#4abaf1414e448ab88712f10a67610410
https://conda.anaconda.org/conda-forge/noarch/setuptools-84.0.0-pyh332efcf_0.conda#62ac906f1cd582c6c264c95625cb9d6f
https://conda.anaconda.org/conda-forge/noarch/shellingham-1.5.4-pyhd8ed1ab_2.conda#83ea3a2ddb7a75c1b09cea582aa4f106
https://conda.anaconda.org/conda-forge/noarch/six-1.17.0-pyhe01879c_1.conda#3339e3b65d58accf4ca4fb8748ab16b3
https://conda.anaconda.org/conda-forge/noarch/smmap-5.0.3-pyhcf101f3_1.conda#b899f1195be56d8215ed1973a8f409c3
https://conda.anaconda.org/conda-forge/noarch/sniffio-1.3.1-pyhd8ed1ab_2.conda#03fe290994c5e4ec17293cfb6bdce520
https://conda.anaconda.org/conda-forge/noarch/sortedcontainers-2.4.0-pyhd8ed1ab_1.conda#0401a17ae845fa72c7210e206ec5647d
https://conda.anaconda.org/conda-forge/noarch/soupsieve-2.9.2-pyhd8ed1ab_0.conda#ba33e6c8a46ee373fdf6dd8665212778
https://conda.anaconda.org/conda-forge/noarch/threadpoolctl-3.6.0-pyhecae5ae_0.conda#9d64911b31d57ca443e9f1e36b04385f
https://conda.anaconda.org/conda-forge/noarch/toml-0.10.2-pyhcf101f3_3.conda#d0fc809fa4c4d85e959ce4ab6e1de800
https://conda.anaconda.org/conda-forge/noarch/tomli-2.4.1-pyhcf101f3_0.conda#b5325cf06a000c5b14970462ff5e4d58
https://conda.anaconda.org/conda-forge/noarch/tomli-w-1.2.0-pyhd8ed1ab_0.conda#32e37e8fe9ef45c637ee38ad51377769
https://conda.anaconda.org/conda-forge/noarch/tomlkit-0.15.1-pyhcf101f3_0.conda#e4942e2de7436ff28be7f5645cf3c8d6
https://conda.anaconda.org/conda-forge/noarch/toolz-0.12.1-pyhd8ed1ab_0.conda#2fcb582444635e2c402e8569bb94e039
https://conda.anaconda.org/conda-forge/osx-64/tornado-6.5.8-py314h217eccc_0.conda#b4c21ddc77fd5eed11ea0d29a0d3e214
https://conda.anaconda.org/conda-forge/noarch/tqdm-4.70.0-pyh8f84b5b_0.conda#00953c3b729e03b0ae21f49fdf3441bb
https://conda.anaconda.org/conda-forge/noarch/traitlets-5.16.1-pyhcf101f3_0.conda#a79bf97561232a31447b6246c2153ab5
https://conda.anaconda.org/conda-forge/noarch/trove-classifiers-2026.6.1.19-pyhcf101f3_0.conda#f23d5a5855f09bcb5026938486a9750d
https://conda.anaconda.org/conda-forge/noarch/truststore-0.10.4-pyhcf101f3_0.conda#c2db35b004913ec69bcac64fb0783de0
https://conda.anaconda.org/conda-forge/noarch/typing_extensions-4.16.0-pyhcf101f3_0.conda#c70ad746c22219b9700931707482992c
https://conda.anaconda.org/conda-forge/noarch/typing_utils-0.1.0-pyhd8ed1ab_1.conda#f6d7aa696c67756a650e91e15e88223c
https://conda.anaconda.org/conda-forge/osx-64/unicodedata2-17.0.1-py314h4f144dc_0.conda#773e3141f292d9698e706da094ada8c1
https://conda.anaconda.org/conda-forge/noarch/uri-template-1.3.0-pyhd8ed1ab_1.conda#e7cb0f5745e4c5035a460248334af7eb
https://conda.anaconda.org/conda-forge/noarch/wcwidth-0.8.2-pyhd8ed1ab_0.conda#99f7755ec8648a042b0dbe906234f888
https://conda.anaconda.org/conda-forge/noarch/webcolors-25.10.0-pyhd8ed1ab_0.conda#6639b6b0d8b5a284f027a2003669aa65
https://conda.anaconda.org/conda-forge/noarch/webencodings-0.5.1-pyhd8ed1ab_3.conda#2841eb5bfc75ce15e9a0054b98dcd64d
https://conda.anaconda.org/conda-forge/noarch/websocket-client-1.9.0-pyhd8ed1ab_0.conda#2f1ed718fcd829c184a6d4f0f2e07409
https://conda.anaconda.org/conda-forge/noarch/widgetsnbextension-4.0.16-pyhd8ed1ab_0.conda#4e3aff9f40afb392477584e6a1a45b6f
https://conda.anaconda.org/conda-forge/osx-64/wrapt-2.3.0-py314h217eccc_0.conda#f97709802c9646c01e8f161ba9d1d572
https://conda.anaconda.org/conda-forge/noarch/xmljson-0.2.1-pyhd8ed1ab_1.conda#631c1253de01a167d10867fcd2813405
https://conda.anaconda.org/conda-forge/osx-64/zeromq-4.3.5-h84953be_11.conda#8a622d1db89d80a94477b1c03824d611
https://conda.anaconda.org/conda-forge/noarch/zipp-4.1.0-pyhcf101f3_0.conda#ba3dcdc8584155c97c648ae9c044b7a3
https://conda.anaconda.org/conda-forge/noarch/async-lru-2.3.0-pyhcf101f3_0.conda#b85e84cb64c762569cc1a760c2327e0a
https://conda.anaconda.org/conda-forge/osx-64/aws-c-http-0.11.0-hb6f97e7_5.conda#e495116bd47ca402293c3a92ddae6b1f
https://conda.anaconda.org/conda-forge/noarch/backports.tarfile-1.2.0-pyhcf101f3_2.conda#bea46844deb274b2cc2a3a941745fa73
https://conda.anaconda.org/conda-forge/noarch/bleach-6.4.0-pyhcf101f3_0.conda#93009c29cdd6f2500468f2502fff9209
https://conda.anaconda.org/conda-forge/noarch/cached-property-2.0.1-pyhcf101f3_0.conda#70e764e549c6c25de5e429d6e4a28b39
https://conda.anaconda.org/conda-forge/osx-64/cffi-2.1.1-py314h0656537_2.conda#b7ff55f3839eab9612d78f228c8f1921
https://conda.anaconda.org/conda-forge/noarch/click-default-group-1.2.4-pyhd8ed1ab_1.conda#7cd83dd6831b61ad9624a694e4afd7dc
https://conda.anaconda.org/conda-forge/noarch/clikit-0.6.2-pyhd8ed1ab_3.conda#37e178bf9356122c35005a62d850e5d9
https://conda.anaconda.org/conda-forge/noarch/conda-package-streaming-0.13.0-pyhd8ed1ab_0.conda#b4e3dcace82b486f69bc693f30120205
https://conda.anaconda.org/conda-forge/osx-64/coverage-7.15.4-py314h3704e15_1.conda#7c37ddf22bfffc7dff332a5e7bffe639
https://conda.anaconda.org/conda-forge/noarch/exceptiongroup-1.3.1-pyhd8ed1ab_0.conda#8e662bd460bda79b1ea39194e3c4c9ab
https://conda.anaconda.org/conda-forge/osx-64/fontconfig-2.18.3-h7f3b9c9_1.conda#beb62955ee805eff50e364f86ca2ee5c
https://conda.anaconda.org/conda-forge/noarch/fonttools-4.63.0-pyh7db6752_0.conda#0509ee74d95e5b98eb6fe2a47760e399
https://conda.anaconda.org/conda-forge/osx-64/freetype-2.14.3-h694c41f_2.conda#570430c9aa9a903221d33e393dd21059
https://conda.anaconda.org/conda-forge/noarch/gitdb-4.0.12-pyhd8ed1ab_0.conda#7c14f3706e099f8fcd47af2d494616cc
https://conda.anaconda.org/conda-forge/noarch/h11-0.16.0-pyhcf101f3_1.conda#b8993c19b0c32a2f7b66cbb58ca27069
https://conda.anaconda.org/conda-forge/noarch/h2-4.4.1-pyhcf101f3_0.conda#e652ac7756069c456d0da2a922cd7df5
https://conda.anaconda.org/conda-forge/noarch/hatchling-1.32.0-pyhcf101f3_0.conda#5d151f6743d58dfe2555ab8201a1b09d
https://conda.anaconda.org/conda-forge/noarch/html5lib-1.1-pyhd8ed1ab_2.conda#cf25bfddbd3bc275f3d3f9936cee1dd3
https://conda.anaconda.org/conda-forge/noarch/hyperlink-21.0.0-pyh29332c3_1.conda#c27acdecaf3c311e5781b81fe02d9641
https://conda.anaconda.org/conda-forge/noarch/importlib-metadata-9.0.0-pyhcf101f3_0.conda#ffc17e785d64e12fc311af9184221839
https://conda.anaconda.org/conda-forge/noarch/importlib_resources-7.1.0-pyhd8ed1ab_0.conda#0ba6225c279baf7ea9473a62ea0ec9ae
https://conda.anaconda.org/conda-forge/noarch/ipython_pygments_lexers-1.1.1-pyhd8ed1ab_0.conda#bd80ba060603cc228d9d81c257093119
https://conda.anaconda.org/conda-forge/noarch/jaraco.classes-3.4.0-pyhcf101f3_3.conda#d59568bad316413c89831456e691de29
https://conda.anaconda.org/conda-forge/noarch/jaraco.functools-4.6.0-pyhcf101f3_0.conda#8665b873062a31a90b563bf493f9fb2c
https://conda.anaconda.org/conda-forge/noarch/jedi-0.20.0-pyhcf101f3_0.conda#c2b3d37aa1411031126036ee76a8a861
https://conda.anaconda.org/conda-forge/noarch/jinja2-3.1.6-pyhcf101f3_1.conda#04558c96691bed63104678757beb4f8d
https://conda.anaconda.org/conda-forge/noarch/jupyter_core-5.9.1-pyhc90fa1f_0.conda#b38fe4e78ee75def7e599843ef4c1ab0
https://conda.anaconda.org/conda-forge/noarch/jupyterlab_pygments-0.3.0-pyhd8ed1ab_2.conda#fd312693df06da3578383232528c468d
https://conda.anaconda.org/conda-forge/osx-64/libgfortran-16.2.0-h7e5c614_4.conda#ca9281db8c52184ade04b615b2f3959d
https://conda.anaconda.org/conda-forge/osx-64/lxml-6.1.2-py314h7dbf26e_0.conda#4b6f65fc236f626cde200c7aed6e104e
https://conda.anaconda.org/conda-forge/noarch/markdown-it-py-4.2.0-pyhd8ed1ab_0.conda#6d03368f2b2b0a5fb6839df53b2eb5e0
https://conda.anaconda.org/conda-forge/noarch/matplotlib-inline-0.2.2-pyhd8ed1ab_0.conda#9acc1c385be401d533ff70ef5b50dae6
https://conda.anaconda.org/conda-forge/noarch/mistune-3.3.4-pyhcf101f3_0.conda#1c0ebec41ef9214160da1ee6a0880fce
https://conda.anaconda.org/conda-forge/osx-64/openldap-2.6.13-h2f5043c_0.conda#59df11dee9461bb55a0d7bcf4f3b7b7b
https://conda.anaconda.org/conda-forge/noarch/overrides-7.7.0-pyhd8ed1ab_1.conda#e51f1e4089cad105b6cac64bd8166587
https://conda.anaconda.org/conda-forge/noarch/pexpect-4.9.0-pyhd8ed1ab_1.conda#d0d408b1f18883a944376da5cf8101ea
https://conda.anaconda.org/conda-forge/osx-64/pillow-12.3.0-py314hc904d5e_0.conda#c0727ce890a59a6a956dcbce49ee01e5
https://conda.anaconda.org/conda-forge/noarch/prompt-toolkit-3.0.53-pyha770c72_0.conda#39c92a39517316e5001d645ae63d9ab9
https://conda.anaconda.org/conda-forge/noarch/psygnal-0.15.0-pyhd8ed1ab_0.conda#ef00b893b0d58072a34915459b2309d6
https://conda.anaconda.org/conda-forge/osx-64/pyobjc-core-12.2.2-py314h0fb6568_0.conda#46c5ad0c8da15d4892f7b4237af1e857
https://conda.anaconda.org/conda-forge/noarch/pyproject_hooks-1.2.0-pyhd8ed1ab_1.conda#d4582021af437c931d7d77ec39007845
https://conda.anaconda.org/conda-forge/noarch/python-dateutil-2.9.0.post0-pyhe01879c_2.conda#5b8d21249ff20967101ffa321cab24e8
https://conda.anaconda.org/conda-forge/noarch/python-discovery-1.5.3-pyhcf101f3_0.conda#431ef2c9a2eca885ef72b043f4755f5c
https://conda.anaconda.org/conda-forge/noarch/python-gil-3.14.7-h4df99d1_101.conda#35bb169c9d712dfc590b88f28f852157
https://conda.anaconda.org/conda-forge/noarch/python-json-logger-4.2.0-pyhd8ed1ab_0.conda#e5407c82510aab6a4baa31fcd4249655
https://conda.anaconda.org/conda-forge/noarch/qtpy-2.4.3-pyhd8ed1ab_1.conda#b49c000df5aca26d36b3f078ba85e03a
https://conda.anaconda.org/conda-forge/noarch/referencing-0.37.0-pyhcf101f3_0.conda#870293df500ca7e18bedefa5838a22ab
https://conda.anaconda.org/conda-forge/noarch/rfc3339-validator-0.1.4-pyhd8ed1ab_1.conda#36de09a8d3e5d5e6f4ee63af49e59706
https://conda.anaconda.org/conda-forge/noarch/rfc3987-syntax-1.1.0-pyhe01879c_1.conda#7234f99325263a5af6d4cd195035e8f2
https://conda.anaconda.org/conda-forge/noarch/ruamel.yaml-0.19.1-pyhcf101f3_0.conda#06ad944772941d5dae1e0d09848d8e49
https://conda.anaconda.org/conda-forge/osx-64/sip-6.15.3-py314h7008281_0.conda#0ff338ed4c807e8c1fc297d0d1984f7c
https://conda.anaconda.org/conda-forge/noarch/stack_data-0.6.3-pyhd8ed1ab_1.conda#b1b505328da7a6b246787df4b5a49fbc
https://conda.anaconda.org/conda-forge/noarch/terminado-0.18.1-pyhc90fa1f_1.conda#17b43cee5cc84969529d5d0b0309b2cb
https://conda.anaconda.org/conda-forge/noarch/tinycss2-1.4.0-pyhd8ed1ab_0.conda#f1acf5fdefa8300de697982bcb1761c9
https://conda.anaconda.org/conda-forge/noarch/traittypes-0.2.3-pyh332efcf_0.conda#d22a0bf07f57cfb1240185961d182a8d
https://conda.anaconda.org/conda-forge/noarch/typing-extensions-4.16.0-h69aa097_0.conda#c680b5747e8c4c8f23dca0bb7042a8fc
https://conda.anaconda.org/conda-forge/noarch/typing-inspection-0.4.4-pyhcf101f3_0.conda#880e91eac5d926568ef278e20554148e
https://conda.anaconda.org/conda-forge/noarch/urllib3-1.26.20-pyhd8ed1ab_0.conda#0511ede4b6dd034d77fa80c6d09794e1
https://conda.anaconda.org/conda-forge/noarch/userpath-1.9.2-pyhd8ed1ab_0.conda#946e3571aaa55e0870fec0dea13de3bf
https://conda.anaconda.org/conda-forge/noarch/_python_abi3_support-1.0-hd8ed1ab_3.conda#3845f3d75991bae0fb90884662f4327c
https://conda.anaconda.org/conda-forge/noarch/annotated-types-0.8.0-pyhd8ed1ab_0.conda#108c928d2a8551832dbc762b535e90bb
https://conda.anaconda.org/conda-forge/noarch/anyio-4.14.2-pyhcf101f3_0.conda#fb568fbae6908ba86a090a85a089d11f
https://conda.anaconda.org/conda-forge/osx-64/argon2-cffi-bindings-26.1.0-py314hca6f81c_0.conda#cc587cdc567b9c436695c560d3ac7ee6
https://conda.anaconda.org/conda-forge/noarch/arrow-1.4.0-pyhcf101f3_0.conda#85c4f19f377424eafc4ed7911b291642
https://conda.anaconda.org/conda-forge/osx-64/aws-c-auth-0.10.4-h5ab99e9_2.conda#853dda50f68289e81bfb135b194f1447
https://conda.anaconda.org/conda-forge/noarch/beautifulsoup4-4.15.0-pyha770c72_0.conda#3b261da3fe9b4168738712832410b022
https://conda.anaconda.org/conda-forge/noarch/bleach-with-css-6.4.0-hac0b51c_0.conda#5f710eab1f3c4e773c75686f5e8e6481
https://conda.anaconda.org/conda-forge/osx-64/cairo-1.18.4-h5791faa_2.conda#437ef39456e711a39a27272b7f5bca1b
https://conda.anaconda.org/conda-forge/noarch/fqdn-1.5.1-pyhd8ed1ab_1.conda#d3549fd50d450b6d9e7dddff25dd2110
https://conda.anaconda.org/conda-forge/noarch/gitpython-3.1.60-pyhcf101f3_0.conda#edb848213e7e7fa29ccf99f561269bd5
https://conda.anaconda.org/conda-forge/noarch/httpcore2-2.12.0-pyhcf101f3_1.conda#b7fc5a329682f8270032c76120d4829e
https://conda.anaconda.org/conda-forge/noarch/hypothesis-6.56.3-pyha770c72_3.tar.bz2#2d3751942dacfb88033d66486c452cc2
https://conda.anaconda.org/conda-forge/noarch/importlib_metadata-9.0.0-h71f4f89_0.conda#9951d62277b9c8a33afd7a23216ad728
https://conda.anaconda.org/conda-forge/noarch/ipython-9.17.0-pyh53cf698_0.conda#6ebd34681d8bc56e474fac76999de45a
https://conda.anaconda.org/conda-forge/noarch/jaraco.context-6.1.2-pyhcf101f3_0.conda#b9d2b1ffa307961f6bb7d83c8ba8a8be
https://conda.anaconda.org/conda-forge/noarch/jsonschema-specifications-2025.9.1-pyhcf101f3_0.conda#439cd0f567d697b20a8f45cb70a1005a
https://conda.anaconda.org/conda-forge/noarch/jupyter-builder-1.2.2-pyhcf101f3_0.conda#9672806e67ea8b09a61408597a418e20
https://conda.anaconda.org/conda-forge/noarch/jupyter_server_terminals-0.5.4-pyhcf101f3_0.conda#7b8bace4943e0dc345fc45938826f2b8
https://conda.anaconda.org/conda-forge/osx-64/libopenblas-0.3.34-openmp_h9e49c7b_0.conda#eb636cb4b9bc89623ff2c7c4d76c52e8
https://conda.anaconda.org/conda-forge/osx-64/libpq-18.4-h5935a4f_0.conda#2ebfc3baf1bfc0f8083520e5fac4391a
https://conda.anaconda.org/conda-forge/osx-64/pydantic-core-2.46.4-py314h8916c15_0.conda#a98f01ef277ca30e27a29bda4168b158
https://conda.anaconda.org/conda-forge/osx-64/pyobjc-framework-cocoa-12.2.2-py314h0656537_0.conda#72b0408508a96833e824d9081fd9a2ea
https://conda.anaconda.org/conda-forge/osx-64/pyqt6-sip-13.10.0-py314h7008281_1.conda#49830a07c834b6b97fbad2200ab335fc
https://conda.anaconda.org/conda-forge/noarch/pytest-9.1.1-pyhc364b38_2.conda#64c98a12c4e23eb238bf66bbecafdf3c
https://conda.anaconda.org/conda-forge/noarch/requests-2.34.2-pyhcf101f3_0.conda#4a85203c1d80c1059086ae860836ffb9
https://conda.anaconda.org/conda-forge/noarch/rich-15.0.0-pyhcf101f3_0.conda#0242025a3c804966bf71aa04eee82f66
https://conda.anaconda.org/conda-forge/noarch/virtualenv-21.7.5-pyhcf101f3_0.conda#afa3fc3137e9ab5b0565b1ac333dda9c
https://conda.anaconda.org/conda-forge/noarch/argon2-cffi-25.1.0-pyhd8ed1ab_0.conda#8ac12aff0860280ee0cff7fa2cf63f3b
https://conda.anaconda.org/conda-forge/osx-64/aws-c-s3-0.13.1-h9d6a30e_1.conda#a3246d8a75d8ac2c0a4a762e965df760
https://conda.anaconda.org/conda-forge/noarch/cachecontrol-0.14.4-pyha770c72_0.conda#13bdbb9b693b29134c56a9a00c23de41
https://conda.anaconda.org/conda-forge/noarch/ensureconda-1.6.0-pyhcf101f3_0.conda#fcc02785e4da41e5f19f740e017b6ffb
https://conda.anaconda.org/conda-forge/noarch/httpcore-1.0.9-pyh29332c3_0.conda#4f14640d58e2cc0aa0819d9d8ba125bb
https://conda.anaconda.org/conda-forge/noarch/httpx2-2.12.0-pyhe5d96d1_1.conda#652310ec7393c2f5c80692659d41c401
https://conda.anaconda.org/conda-forge/noarch/ipywidgets-8.1.9-pyhd8ed1ab_0.conda#1efaf89bb5d9a6ff2ce5f84d25678f53
https://conda.anaconda.org/conda-forge/noarch/isoduration-20.11.0-pyhd8ed1ab_1.conda#0b0154421989637d424ccf0f104be51a
https://conda.anaconda.org/conda-forge/noarch/jsonschema-4.26.0-pyhcf101f3_1.conda#204b5ca91eba7738790ecc333facbbbe
https://conda.anaconda.org/conda-forge/noarch/keyring-25.7.0-pyh534df25_0.conda#c88f9579d08eb4031159f03640714ce3
https://conda.anaconda.org/conda-forge/osx-64/libblas-3.11.0-9_he492b99_openblas.conda#0b64f88d69c7a28d2bec8784acd79a50
https://conda.anaconda.org/conda-forge/osx-64/libharfbuzz-14.4.0-h2974713_0.conda#276380117ed76d2f3859a51f0bf23b77
https://conda.anaconda.org/conda-forge/noarch/pydantic-2.13.4-pyhcf101f3_0.conda#729843edafc0899b3348bd3f19525b9d
https://conda.anaconda.org/conda-forge/noarch/pytest-cov-7.1.0-pyhcf101f3_0.conda#67d1790eefa81ed305b89d8e314c7923
https://conda.anaconda.org/conda-forge/noarch/pytest-datadir-1.8.0-pyhd8ed1ab_0.conda#e46da0323c9a50ef1b53c20d33e243a0
https://conda.anaconda.org/conda-forge/osx-64/pyzmq-27.2.0-py312h4f3d509_0.conda#56753d75502d2470703ed8b955850e43
https://conda.anaconda.org/conda-forge/noarch/rich-rst-2.1.0-pyhd8ed1ab_0.conda#0633059139afdc156bc3feaf1ff9e734
https://conda.anaconda.org/conda-forge/noarch/send2trash-2.1.0-pyh5552912_1.conda#b70e2d44e6aa2beb69ba64206a16e4c6
https://conda.anaconda.org/conda-forge/noarch/anywidget-0.11.0-pyhd8ed1ab_0.conda#8037500885406e369aa2e7a28f74a3c2
https://conda.anaconda.org/conda-forge/noarch/cachecontrol-with-filecache-0.14.4-pyhd8ed1ab_0.conda#41a7966424a8733b11410216d9a47227
https://conda.anaconda.org/conda-forge/noarch/cyclopts-4.23.1-pyhcf101f3_0.conda#252497d51f0133ecc9e68fc6eaa01a79
https://conda.anaconda.org/conda-forge/noarch/hatch-1.17.1-pyhcf101f3_0.conda#0f1d5e8c6eb6adcd2fbb5e5cf2dc5c4e
https://conda.anaconda.org/conda-forge/osx-64/hdf5-2.2.0-nompi_h6160fcd_100.conda#b9df30d5d23c6b3c90a1b04a91382155
https://conda.anaconda.org/conda-forge/noarch/httpx-0.28.1-pyhd8ed1ab_0.conda#d6989ead454181f4f9bc987d3dc4e285
https://conda.anaconda.org/conda-forge/noarch/jsonschema-with-format-nongpl-4.26.0-hcf101f3_1.conda#ae36c895b9e25a127d2acbdbaa87e301
https://conda.anaconda.org/conda-forge/noarch/jupyter_client-8.10.0-pyhcf101f3_0.conda#85130259a26c023f53108dc9ab1cfb44
https://conda.anaconda.org/conda-forge/osx-64/libcblas-3.11.0-9_h9b27e0a_openblas.conda#c92b138788de547ef31c924d254e6547
https://conda.anaconda.org/conda-forge/osx-64/libharfbuzz-devel-14.4.0-h2974713_0.conda#d31d380a350b79be70a4d1aba849272e
https://conda.anaconda.org/conda-forge/osx-64/liblapack-3.11.0-9_h859234e_openblas.conda#1e0ca6e718cc2bc174a8eb274594ee53
https://conda.anaconda.org/conda-forge/osx-64/libraqm-0.11.0-h1888d0e_0.conda#dee8bedede5363e2ac41aed818c486e9
https://conda.anaconda.org/conda-forge/noarch/nbformat-5.11.1-pyhcf101f3_0.conda#2fbbf92e1173ae024f0b12759c1e64a1
https://conda.anaconda.org/conda-forge/noarch/conda-lock-2.5.7-pyhd8ed1ab_1.conda#518d59879a7ba4f3972109e8666860b2
https://conda.anaconda.org/conda-forge/osx-64/harfbuzz-14.4.0-h694c41f_0.conda#dec90192606635283ce3f0d8e47b27f2
https://conda.anaconda.org/conda-forge/noarch/ipykernel-7.3.0-pyh01cf8df_0.conda#a1ddab91145f7f06eee769d2f3ac69cd
https://conda.anaconda.org/conda-forge/noarch/jupyter_events-0.12.1-pyhcf101f3_0.conda#bf42ee94c750c0b2e7e998b79ac299ea
https://conda.anaconda.org/conda-forge/osx-64/libnetcdf-4.10.1-nompi_h7e1a7f7_201.conda#5c48af5156494e28b6206b93bf7fc00d
https://conda.anaconda.org/conda-forge/noarch/nbclient-0.6.8-pyhd8ed1ab_0.tar.bz2#f052376c70c9d6a8e783e8e7c56b5f82
https://conda.anaconda.org/conda-forge/osx-64/numpy-2.5.2-py314h7b24d9b_0.conda#4b853a743cec7419845d2d0a6ced27a5
https://conda.anaconda.org/conda-forge/osx-64/cftime-1.6.5-py314h26e5826_1.conda#af457847f475d415e154c06cb30c2e1e
https://conda.anaconda.org/conda-forge/osx-64/contourpy-1.3.3-py314h22a2ed9_4.conda#511f02f632e1fb0555da3cb4261851d9
https://conda.anaconda.org/conda-forge/osx-64/h5py-3.16.0-nompi_py314h4105d2e_104.conda#4e49abc15786edecb02cb51592d05eda
https://conda.anaconda.org/conda-forge/noarch/ipyparallel-9.2.0-pyhcf101f3_0.conda#53ef6f55b37ccca288a0dc621031629e
https://conda.anaconda.org/conda-forge/noarch/k3d-3.0.0-pyhd8ed1ab_0.conda#3e74e3a2eaed42ac3b7207833c22ee5c
https://conda.anaconda.org/conda-forge/noarch/nbconvert-core-7.17.1-pyhcf101f3_0.conda#2bce0d047658a91b99441390b9b27045
https://conda.anaconda.org/conda-forge/noarch/nbmake-1.5.5-pyhd8ed1ab_0.conda#17b69c555fa9bdcf135306b20c554092
https://conda.anaconda.org/conda-forge/noarch/pyevtk-1.7.0-pyhcf101f3_0.conda#28b38ad76f60c9f5e60dbba59c1f1b2d
https://conda.anaconda.org/conda-forge/osx-64/qt6-main-6.11.1-pl5321h64d128d_1.conda#fc15428c338846961ed12bdf8efb24d0
https://conda.anaconda.org/conda-forge/osx-64/scipy-1.18.0-py314h5727af0_0.conda#082c776f991a6e68e4e8a0829e5041e8
https://conda.anaconda.org/conda-forge/osx-64/slycot-0.7.0-py314h84144d4_0.conda#9af0c4f1b5e5772d8b13cd201d1494a4
https://conda.anaconda.org/conda-forge/noarch/jupyter_server-2.21.0-pyhcf101f3_0.conda#b6163da641d1f178977dd36aebced0d5
https://conda.anaconda.org/conda-forge/osx-64/matplotlib-base-3.11.1-py314hdf6dac4_2.conda#e927280a81871402f8cc7e1f3774ac78
https://conda.anaconda.org/conda-forge/osx-64/netcdf4-1.7.4-nompi_py311h1eeb630_109.conda#79381d96b176d30f727ca7bf354741ff
https://conda.anaconda.org/conda-forge/osx-64/pyqt6-6.11.0-py314h7008281_1.conda#a1fc284b5895cd220b1f139d8d699e15
https://conda.anaconda.org/conda-forge/noarch/ipympl-0.10.0-pyhcf101f3_0.conda#abb099ef4a8ab45d4b713f2d4277f727
https://conda.anaconda.org/conda-forge/noarch/jupyter-lsp-2.3.1-pyhcf101f3_0.conda#0c3b465ceee138b9c39279cc02e5c4a0
https://conda.anaconda.org/conda-forge/noarch/jupyterlab-myst-2.7.0-pyhcf101f3_0.conda#7d93154252c7ce0f9ac7ce5600cec5c4
https://conda.anaconda.org/conda-forge/noarch/jupyterlab_server-2.28.0-pyhcf101f3_0.conda#a63877cb23de826b1620d3adfccc4014
https://conda.anaconda.org/conda-forge/noarch/meshio-5.3.5-pyhd8ed1ab_0.conda#2ea6ce24274096bf2df6c8c50f373d5b
https://conda.anaconda.org/conda-forge/noarch/notebook-shim-0.2.4-pyhd8ed1ab_1.conda#e7f89ea5f7ea9401642758ff50a2d9c1
https://conda.anaconda.org/conda-forge/noarch/jupyterlab-4.6.3-pyhd8ed1ab_0.conda#e5527f195a1a1925b9207e9d47752480
https://conda.anaconda.org/conda-forge/noarch/notebook-7.6.2-pyhcf101f3_0.conda#ca3a76b7ae886c30f2ef6e0ca851b2ab
