# Generated by conda-lock.
# platform: win-64
# input_hash: 3d26868eeb5a6175d488b1d1d1e4c4670491081241cdafd419342b09e36c2081
@EXPLICIT
https://conda.anaconda.org/conda-forge/win-64/ca-certificates-2023.7.22-h56e8100_0.conda#b1c2327b36f1a25d96f2039b0d3e3739
https://conda.anaconda.org/conda-forge/noarch/font-ttf-dejavu-sans-mono-2.37-hab24e00_0.tar.bz2#0c96522c6bdaed4b1566d11387caaf45
https://conda.anaconda.org/conda-forge/noarch/font-ttf-inconsolata-3.000-h77eed37_0.tar.bz2#34893075a5c9e55cdafac56607368fc6
https://conda.anaconda.org/conda-forge/noarch/font-ttf-source-code-pro-2.038-h77eed37_0.tar.bz2#4d59c254e01d9cde7957100457e2d5fb
https://conda.anaconda.org/conda-forge/noarch/font-ttf-ubuntu-0.83-hab24e00_0.tar.bz2#19410c3df09dfb12d1206132a1d357c5
https://conda.anaconda.org/conda-forge/win-64/intel-openmp-2023.2.0-h57928b3_49503.conda#58e218446e1f403230138dff2e30f5df
https://conda.anaconda.org/conda-forge/win-64/libexpat-2.5.0-h63175ca_1.conda#636cc3cbbd2e28bcfd2f73b2044aac2c
https://conda.anaconda.org/conda-forge/win-64/mpi-1.0-msmpi.tar.bz2#ecf470117289595887c7efda5de48a38
https://conda.anaconda.org/conda-forge/win-64/msys2-conda-epoch-20160418-1.tar.bz2#b0309b72560df66f71a9d5e34a5efdfa
https://conda.anaconda.org/conda-forge/win-64/python_abi-3.11-4_cp311.conda#70513332c71b56eace4ee6441e66c012
https://conda.anaconda.org/conda-forge/noarch/tzdata-2023c-h71feb2d_0.conda#939e3e74d8be4dac89ce83b20de2492a
https://conda.anaconda.org/conda-forge/win-64/ucrt-10.0.22621.0-h57928b3_0.tar.bz2#72608f6cd3e5898229c3ea16deb1ac43
https://conda.anaconda.org/conda-forge/win-64/winpty-0.4.3-4.tar.bz2#1cee351bf20b830d991dbe0bc8cd7dfe
https://conda.anaconda.org/conda-forge/win-64/expat-2.5.0-h63175ca_1.conda#87c77fe1b445aedb5c6d207dd236fa3e
https://conda.anaconda.org/conda-forge/noarch/fonts-conda-forge-1-0.tar.bz2#f766549260d6815b0c52253f1fb1bb29
https://conda.anaconda.org/conda-forge/win-64/m2w64-gmp-6.1.0-2.tar.bz2#53a1c73e1e3d185516d7e3af177596d9
https://conda.anaconda.org/conda-forge/win-64/m2w64-libwinpthread-git-5.0.0.4634.697f757-2.tar.bz2#774130a326dee16f1ceb05cc687ee4f0
https://conda.anaconda.org/conda-forge/win-64/vc14_runtime-14.36.32532-hdcecf7f_17.conda#d0de20f2f3fc806a81b44fcdd941aaf7
https://conda.anaconda.org/conda-forge/noarch/fonts-conda-ecosystem-1-0.tar.bz2#fee5683a3f04bd15cbd8318b096a27ab
https://conda.anaconda.org/conda-forge/win-64/m2w64-gcc-libs-core-5.3.0-7.tar.bz2#4289d80fb4d272f1f3b56cfe87ac90bd
https://conda.anaconda.org/conda-forge/win-64/vc-14.3-h64f974e_17.conda#67ff6791f235bb606659bf2a5c169191
https://conda.anaconda.org/conda-forge/win-64/vs2015_runtime-14.36.32532-h05e6639_17.conda#4618046c39f7c81861e53ded842e738a
https://conda.anaconda.org/conda-forge/win-64/bzip2-1.0.8-h8ffe710_4.tar.bz2#7c03c66026944073040cb19a4f3ec3c9
https://conda.anaconda.org/conda-forge/win-64/double-conversion-3.3.0-h63175ca_0.conda#1a8bc18b24014167b2184c5afbe6037e
https://conda.anaconda.org/conda-forge/win-64/graphite2-1.3.13-1000.tar.bz2#8fc0e04e5c852cadf2cad68b86a906ab
https://conda.anaconda.org/conda-forge/win-64/icu-73.2-h63175ca_0.conda#0f47d9e3192d9e09ae300da0d28e0f56
https://conda.anaconda.org/conda-forge/win-64/lerc-4.0.0-h63175ca_0.tar.bz2#1900cb3cab5055833cfddb0ba233b074
https://conda.anaconda.org/conda-forge/win-64/libaec-1.0.6-h63175ca_1.conda#f98474a8245f55f4a273889dbe7bf193
https://conda.anaconda.org/conda-forge/win-64/libbrotlicommon-1.1.0-hcfcfb64_0.conda#a10abcccb9339c0bfbf7655e2643f6ac
https://conda.anaconda.org/conda-forge/win-64/libdeflate-1.18-hcfcfb64_0.conda#493acc14c556ef6f1d13ba00b099c679
https://conda.anaconda.org/conda-forge/win-64/libffi-3.4.2-h8ffe710_5.tar.bz2#2c96d1b6915b408893f9472569dee135
https://conda.anaconda.org/conda-forge/win-64/libiconv-1.17-h8ffe710_0.tar.bz2#050119977a86e4856f0416e2edcf81bb
https://conda.anaconda.org/conda-forge/win-64/libjpeg-turbo-2.1.5.1-hcfcfb64_1.conda#9503c6648d5692f1f26aabca7156f809
https://conda.anaconda.org/conda-forge/win-64/libsodium-1.0.18-h8d14728_1.tar.bz2#5c1fb45b5e2912c19098750ae8a32604
https://conda.anaconda.org/conda-forge/win-64/libsqlite-3.43.0-hcfcfb64_0.conda#16c6f482e70cb3da41d0bee5d49c6bf3
https://conda.anaconda.org/conda-forge/win-64/libwebp-base-1.3.2-hcfcfb64_0.conda#dcde8820959e64378d4e06147ffecfdd
https://conda.anaconda.org/conda-forge/win-64/libzlib-1.2.13-hcfcfb64_5.conda#5fdb9c6a113b6b6cb5e517fd972d5f41
https://conda.anaconda.org/conda-forge/win-64/llvm-openmp-11.0.1-h2d74725_0.tar.bz2#cba5ff97841c020df2f9f1e41026304c
https://conda.anaconda.org/conda-forge/win-64/lz4-c-1.9.4-hcfcfb64_0.conda#e34720eb20a33fc3bfb8451dd837ab7a
https://conda.anaconda.org/conda-forge/win-64/m2w64-gcc-libgfortran-5.3.0-6.tar.bz2#066552ac6b907ec6d72c0ddab29050dc
https://conda.anaconda.org/conda-forge/win-64/openssl-3.1.3-hcfcfb64_0.conda#16b2c80ad196f18acd31b588ef28cb9a
https://conda.anaconda.org/conda-forge/win-64/pixman-0.40.0-h8ffe710_0.tar.bz2#32b45d3fcffddc84cc1a014a0b5f0d58
https://conda.anaconda.org/conda-forge/win-64/pthreads-win32-2.9.1-hfa6e2cd_3.tar.bz2#e2da8758d7d51ff6aa78a14dfb9dbed4
https://conda.anaconda.org/conda-forge/win-64/snappy-1.1.10-hfb803bf_0.conda#cff1df79c9cff719460eb2dd172568de
https://conda.anaconda.org/conda-forge/win-64/tk-8.6.13-hcfcfb64_0.conda#74405f2ccbb40af409fee1a71ce70dc6
https://conda.anaconda.org/conda-forge/win-64/xz-5.2.6-h8d14728_0.tar.bz2#515d77642eaa3639413c6b1bc3f94219
https://conda.anaconda.org/conda-forge/win-64/yaml-0.2.5-h8ffe710_2.tar.bz2#adbfb9f45d1004a26763652246a33764
https://conda.anaconda.org/conda-forge/win-64/gettext-0.21.1-h5728263_0.tar.bz2#299d4fd6798a45337042ff5a48219e5f
https://conda.anaconda.org/conda-forge/win-64/hdf4-4.2.15-h1334946_6.conda#5777b72b13771944e15a839dd617c964
https://conda.anaconda.org/conda-forge/win-64/krb5-1.21.2-heb0366b_0.conda#6e8b0f22b4eef3b3cb3849bb4c3d47f9
https://conda.anaconda.org/conda-forge/win-64/libbrotlidec-1.1.0-hcfcfb64_0.conda#b694da94a046204c19b25673de87f796
https://conda.anaconda.org/conda-forge/win-64/libbrotlienc-1.1.0-hcfcfb64_0.conda#90b031a15d678424b100444e9959480b
https://conda.anaconda.org/conda-forge/win-64/libflang-11.0.1-h0e60522_20210131.tar.bz2#e4f265990da3328456e2b68b9bd5362e
https://conda.anaconda.org/conda-forge/win-64/libpng-1.6.39-h19919ed_0.conda#ab6febdb2dbd9c00803609079db4de71
https://conda.anaconda.org/conda-forge/win-64/libssh2-1.11.0-h7dfc565_0.conda#dc262d03aae04fe26825062879141a41
https://conda.anaconda.org/conda-forge/win-64/libxml2-2.11.5-hc3477c8_1.conda#27974f880a010b1441093d9f737a949f
https://conda.anaconda.org/conda-forge/win-64/libzip-1.10.1-h1d365fa_3.conda#5c629cd12d89e2856c17b1dc5fcf44a4
https://conda.anaconda.org/conda-forge/win-64/m2w64-gcc-libs-5.3.0-7.tar.bz2#fe759119b8b3bfa720b8762c6fdc35de
https://conda.anaconda.org/conda-forge/win-64/pcre2-10.40-h17e33f8_0.tar.bz2#2519de0d9620dc2bc7e19caf6867136d
https://conda.anaconda.org/conda-forge/win-64/python-3.11.5-h2628c8c_0_cpython.conda#28e01783b6a42f295fe07c7790aa75a1
https://conda.anaconda.org/conda-forge/win-64/zeromq-4.3.4-h0e60522_1.tar.bz2#e1aff0583dda5fb917eb3d2c1025aa80
https://conda.anaconda.org/conda-forge/win-64/zlib-1.2.13-hcfcfb64_5.conda#a318e8622e11663f645cc7fa3260f462
https://conda.anaconda.org/conda-forge/win-64/zstd-1.5.5-h12be248_0.conda#792bb5da68bf0a6cac6a6072ecb8dbeb
https://conda.anaconda.org/conda-forge/noarch/attrs-23.1.0-pyh71513ae_1.conda#3edfead7cedd1ab4400a6c588f3e75f8
https://conda.anaconda.org/conda-forge/noarch/backcall-0.2.0-pyh9f0ad1d_0.tar.bz2#6006a6d08a3fa99268a2681c7fb55213
https://conda.anaconda.org/conda-forge/noarch/backports-1.0-pyhd8ed1ab_3.conda#54ca2e08b3220c148a1d8329c2678e02
https://conda.anaconda.org/conda-forge/win-64/backports.zoneinfo-0.2.1-py311h1ea47a8_8.conda#6784cf61285ebc6d3772d9a51d9982eb
https://conda.anaconda.org/conda-forge/win-64/blosc-1.21.5-hdccc3a2_0.conda#77a5cea2ce92907b7d1e7954457a526a
https://conda.anaconda.org/conda-forge/win-64/brotli-bin-1.1.0-hcfcfb64_0.conda#8ea6b316fc21d9fb0b1b9a9671073c3c
https://conda.anaconda.org/conda-forge/win-64/brotli-python-1.1.0-py311h12c1d0e_0.conda#77fa98b529dff62cad6b4697c139ab19
https://conda.anaconda.org/conda-forge/noarch/cached_property-1.5.2-pyha770c72_1.tar.bz2#576d629e47797577ab0f1b351297ef4a
https://conda.anaconda.org/conda-forge/noarch/certifi-2023.7.22-pyhd8ed1ab_0.conda#7f3dbc9179b4dde7da98dfb151d0ad22
https://conda.anaconda.org/conda-forge/noarch/charset-normalizer-3.2.0-pyhd8ed1ab_0.conda#313516e9a4b08b12dfb1e1cd390a96e3
https://conda.anaconda.org/conda-forge/noarch/colorama-0.4.6-pyhd8ed1ab_0.tar.bz2#3faab06a954c2a04039983f2c4a50d99
https://conda.anaconda.org/conda-forge/noarch/cycler-0.11.0-pyhd8ed1ab_0.tar.bz2#a50559fad0affdbb33729a68669ca1cb
https://conda.anaconda.org/conda-forge/win-64/debugpy-1.8.0-py311h12c1d0e_1.conda#8f521f35a7544cbf058b24e11561d53a
https://conda.anaconda.org/conda-forge/noarch/decorator-5.1.1-pyhd8ed1ab_0.tar.bz2#43afe5ab04e35e17ba28649471dd7364
https://conda.anaconda.org/conda-forge/noarch/defusedxml-0.7.1-pyhd8ed1ab_0.tar.bz2#961b3a227b437d82ad7054484cfa71b2
https://conda.anaconda.org/conda-forge/noarch/diskcache-5.6.3-pyhd8ed1ab_0.conda#4c33109f652b5d8c995ab243436c9370
https://conda.anaconda.org/conda-forge/noarch/entrypoints-0.4-pyhd8ed1ab_0.tar.bz2#3cf04868fee0a029769bd41f4b2fbf2d
https://conda.anaconda.org/conda-forge/noarch/exceptiongroup-1.1.3-pyhd8ed1ab_0.conda#e6518222753f519e911e83136d2158d9
https://conda.anaconda.org/conda-forge/noarch/executing-1.2.0-pyhd8ed1ab_0.tar.bz2#4c1bc140e2be5c8ba6e3acab99e25c50
https://conda.anaconda.org/conda-forge/win-64/freetype-2.12.1-hdaf720e_2.conda#3761b23693f768dc75a8fd0a73ca053f
https://conda.anaconda.org/conda-forge/noarch/idna-3.4-pyhd8ed1ab_0.tar.bz2#34272b248891bddccc64479f9a7fffed
https://conda.anaconda.org/conda-forge/noarch/iniconfig-2.0.0-pyhd8ed1ab_0.conda#f800d2da156d08e289b14e87e43c1ae5
https://conda.anaconda.org/conda-forge/noarch/ipython_genutils-0.2.0-py_1.tar.bz2#5071c982548b3a20caf70462f04f5287
https://conda.anaconda.org/conda-forge/noarch/json5-0.9.14-pyhd8ed1ab_0.conda#dac1dabba2b5a9d1aee175c5fcc7b436
https://conda.anaconda.org/conda-forge/win-64/jsonpointer-2.4-py311h1ea47a8_3.conda#db8fc59f9215e668e602f769d0bf67bb
https://conda.anaconda.org/conda-forge/noarch/jupyterlab-myst-2.0.2-pyhd8ed1ab_0.conda#a900c256b31642b2ae42eb41204b9456
https://conda.anaconda.org/conda-forge/noarch/jupyterlab_widgets-3.0.9-pyhd8ed1ab_0.conda#8370e0a9dc443f9b45a23fd30e7a6b3b
https://conda.anaconda.org/conda-forge/win-64/kiwisolver-1.4.5-py311h005e61a_1.conda#de0b3f37405f8386ac8be18fdc06ff92
https://conda.anaconda.org/conda-forge/win-64/libclang13-16.0.6-default_hc80b9e7_1.conda#08f43b2b0cc18cb32d106a6e6a0ca128
https://conda.anaconda.org/conda-forge/win-64/libcurl-8.3.0-hd5e4a3a_0.conda#4a493128ac1b1b6b2b283213a9e9abe6
https://conda.anaconda.org/conda-forge/win-64/libglib-2.78.0-he8f3873_0.conda#25f5b3502a82ac425c72c3bc0efbecb5
https://conda.anaconda.org/conda-forge/win-64/libhwloc-2.9.3-default_haede6df_1009.conda#87da045f6d26ce9fe20ad76a18f6a18a
https://conda.anaconda.org/conda-forge/win-64/libtiff-4.5.1-h6c8260b_1.conda#5faa8734cee2590b6d3615e06bfce4f8
https://conda.anaconda.org/conda-forge/win-64/libxslt-1.1.37-h6070c61_1.conda#b9ed82b82e2f292f75f1af56f35f8c9f
https://conda.anaconda.org/conda-forge/win-64/markupsafe-2.1.3-py311ha68e1ae_1.conda#bc93b9d445824cfce3933b5dcc1087b4
https://conda.anaconda.org/conda-forge/noarch/mdurl-0.1.0-pyhd8ed1ab_0.tar.bz2#f8dab71fdc13b1bf29a01248b156d268
https://conda.anaconda.org/conda-forge/noarch/mistune-3.0.1-pyhd8ed1ab_0.conda#1dad8397c94e4de97a70de552a7dcf49
https://conda.anaconda.org/conda-forge/win-64/msgpack-python-1.0.6-py311h005e61a_0.conda#14b3e6fdf79754dcba265a034cd97f26
https://conda.anaconda.org/conda-forge/win-64/msmpi-10.1.1-h3502643_7.tar.bz2#00c53b79e837c2b7b0b6edffb0bcb55e
https://conda.anaconda.org/conda-forge/noarch/munkres-1.1.4-pyh9f0ad1d_0.tar.bz2#2ba8498c1018c1e9c61eb99b973dfe19
https://conda.anaconda.org/conda-forge/noarch/mypy_extensions-1.0.0-pyha770c72_0.conda#4eccaeba205f0aed9ac3a9ea58568ca3
https://conda.anaconda.org/conda-forge/noarch/nest-asyncio-1.5.6-pyhd8ed1ab_0.tar.bz2#7b868f21adde0d9b8b38f9c16836589b
https://conda.anaconda.org/conda-forge/noarch/packaging-23.1-pyhd8ed1ab_0.conda#91cda59e66e1e4afe9476f8ef98f5c30
https://conda.anaconda.org/conda-forge/noarch/pandocfilters-1.5.0-pyhd8ed1ab_0.tar.bz2#457c2c8c08e54905d6954e79cb5b5db9
https://conda.anaconda.org/conda-forge/noarch/parso-0.8.3-pyhd8ed1ab_0.tar.bz2#17a565a0c3899244e938cdf417e7b094
https://conda.anaconda.org/conda-forge/noarch/pathspec-0.11.2-pyhd8ed1ab_0.conda#e41debb259e68490e3ab81e46b639ab6
https://conda.anaconda.org/conda-forge/noarch/pickleshare-0.7.5-py_1003.tar.bz2#415f0ebb6198cc2801c73438a9fb5761
https://conda.anaconda.org/conda-forge/noarch/pkgutil-resolve-name-1.3.10-pyhd8ed1ab_1.conda#405678b942f2481cecdb3e010f4925d9
https://conda.anaconda.org/conda-forge/noarch/pluggy-1.3.0-pyhd8ed1ab_0.conda#2390bd10bed1f3fdc7a537fb5a447d8d
https://conda.anaconda.org/conda-forge/noarch/prometheus_client-0.17.1-pyhd8ed1ab_0.conda#02153b6b760bbec00cfe9e4c97993d06
https://conda.anaconda.org/conda-forge/win-64/psutil-5.9.5-py311ha68e1ae_1.conda#f64b2d9577e753fea9662dae11339ac2
https://conda.anaconda.org/conda-forge/win-64/pthread-stubs-0.4-hcd874cb_1001.tar.bz2#a1f820480193ea83582b13249a7e7bd9
https://conda.anaconda.org/conda-forge/noarch/pure_eval-0.2.2-pyhd8ed1ab_0.tar.bz2#6784285c7e55cb7212efabc79e4c2883
https://conda.anaconda.org/conda-forge/noarch/pycparser-2.21-pyhd8ed1ab_0.tar.bz2#076becd9e05608f8dc72757d5f3a91ff
https://conda.anaconda.org/conda-forge/noarch/pygments-2.16.1-pyhd8ed1ab_0.conda#40e5cb18165466773619e5c963f00a7b
https://conda.anaconda.org/conda-forge/noarch/pyopengl-3.1.6-pyhd8ed1ab_1.tar.bz2#c968eb974b0fae4676e7a7858c4cc56e
https://conda.anaconda.org/conda-forge/noarch/pyparsing-3.1.1-pyhd8ed1ab_0.conda#176f7d56f0cfe9008bdf1bccd7de02fb
https://conda.anaconda.org/conda-forge/noarch/python-fastjsonschema-2.18.0-pyhd8ed1ab_0.conda#3be9466311564f80f8056c0851fc5bb7
https://conda.anaconda.org/conda-forge/noarch/python-json-logger-2.0.7-pyhd8ed1ab_0.conda#a61bf9ec79426938ff785eb69dbb1960
https://conda.anaconda.org/conda-forge/noarch/pytz-2023.3.post1-pyhd8ed1ab_0.conda#c93346b446cd08c169d843ae5fc0da97
https://conda.anaconda.org/conda-forge/win-64/pywin32-306-py311h12c1d0e_1.conda#d3d430cc4575b8f7b1a75782fe36dd37
https://conda.anaconda.org/conda-forge/win-64/pywinpty-2.0.11-py311h12c1d0e_1.conda#72ae855546b37f4bf109ea6899b86f0d
https://conda.anaconda.org/conda-forge/win-64/pyyaml-6.0.1-py311ha68e1ae_1.conda#2b4128962cd665153e946f2a88667a3b
https://conda.anaconda.org/conda-forge/win-64/pyzmq-25.1.1-py311h7b3f143_1.conda#e3d0dd062963011239017d79be3ecdaa
https://conda.anaconda.org/conda-forge/noarch/rfc3986-validator-0.1.1-pyh9f0ad1d_0.tar.bz2#912a71cc01012ee38e6b90ddd561e36f
https://conda.anaconda.org/conda-forge/win-64/rpds-py-0.10.3-py311hc37eb10_0.conda#3c68a972297b95ff3bc9464db2466b61
https://conda.anaconda.org/conda-forge/noarch/setuptools-68.2.2-pyhd8ed1ab_0.conda#fc2166155db840c634a1291a5c35a709
https://conda.anaconda.org/conda-forge/noarch/shellingham-1.5.3-pyhd8ed1ab_0.conda#83795060a5d8cd12b90a58bd62bc251e
https://conda.anaconda.org/conda-forge/noarch/six-1.16.0-pyh6c4a22f_0.tar.bz2#e5f25f8dbc060e9a8d912e432202afc2
https://conda.anaconda.org/conda-forge/noarch/smmap-3.0.5-pyh44b312d_0.tar.bz2#3a8dc70789709aa315325d5df06fb7e4
https://conda.anaconda.org/conda-forge/noarch/sniffio-1.3.0-pyhd8ed1ab_0.tar.bz2#dd6cbc539e74cb1f430efbd4575b9303
https://conda.anaconda.org/conda-forge/noarch/sortedcontainers-2.4.0-pyhd8ed1ab_0.tar.bz2#6d6552722448103793743dabfbda532d
https://conda.anaconda.org/conda-forge/noarch/soupsieve-2.5-pyhd8ed1ab_1.conda#3f144b2c34f8cb5a9abd9ed23a39c561
https://conda.anaconda.org/conda-forge/noarch/toml-0.10.2-pyhd8ed1ab_0.tar.bz2#f832c45a477c78bebd107098db465095
https://conda.anaconda.org/conda-forge/noarch/tomli-2.0.1-pyhd8ed1ab_0.tar.bz2#5844808ffab9ebdb694585b50ba02a96
https://conda.anaconda.org/conda-forge/win-64/tornado-6.3.3-py311ha68e1ae_1.conda#ec581b55f82fd6a4a96770c74d48e456
https://conda.anaconda.org/conda-forge/noarch/traitlets-5.10.0-pyhd8ed1ab_0.conda#efd3f63a93621367d4fa6e274c511696
https://conda.anaconda.org/conda-forge/noarch/typing_extensions-4.8.0-pyha770c72_0.conda#5b1be40a26d10a06f6d4f1f9e19fa0c7
https://conda.anaconda.org/conda-forge/noarch/typing_utils-0.1.0-pyhd8ed1ab_0.tar.bz2#eb67e3cace64c66233e2d35949e20f92
https://conda.anaconda.org/conda-forge/noarch/uri-template-1.3.0-pyhd8ed1ab_0.conda#0944dc65cb4a9b5b68522c3bb585d41c
https://conda.anaconda.org/conda-forge/noarch/webcolors-1.13-pyhd8ed1ab_0.conda#166212fe82dad8735550030488a01d03
https://conda.anaconda.org/conda-forge/noarch/webencodings-0.5.1-pyhd8ed1ab_2.conda#daf5160ff9cde3a468556965329085b9
https://conda.anaconda.org/conda-forge/noarch/websocket-client-1.6.3-pyhd8ed1ab_0.conda#38563b419c06ed97458d081df36beec0
https://conda.anaconda.org/conda-forge/noarch/wheel-0.41.2-pyhd8ed1ab_0.conda#1ccd092478b3e0ee10d7a891adbf8a4f
https://conda.anaconda.org/conda-forge/noarch/widgetsnbextension-4.0.9-pyhd8ed1ab_0.conda#82617d07b2f5f5a96296d3c19684b37a
https://conda.anaconda.org/conda-forge/noarch/win_inet_pton-1.1.0-pyhd8ed1ab_6.tar.bz2#30878ecc4bd36e8deeea1e3c151b2e0b
https://conda.anaconda.org/conda-forge/noarch/xmljson-0.2.1-pyhd8ed1ab_0.tar.bz2#7ce8236d269963951b801ec1c0d4fd77
https://conda.anaconda.org/conda-forge/win-64/xorg-libxau-1.0.11-hcd874cb_0.conda#c46ba8712093cb0114404ae8a7582e1a
https://conda.anaconda.org/conda-forge/win-64/xorg-libxdmcp-1.1.3-hcd874cb_0.tar.bz2#46878ebb6b9cbd8afcf8088d7ef00ece
https://conda.anaconda.org/conda-forge/noarch/zipp-3.17.0-pyhd8ed1ab_0.conda#2e4d6bc0b14e10f895fc6791a7d9b26a
https://conda.anaconda.org/conda-forge/noarch/anyio-4.0.0-pyhd8ed1ab_0.conda#3c4e99d3ae4ec033d4dd99fb5220e540
https://conda.anaconda.org/conda-forge/noarch/asttokens-2.4.0-pyhd8ed1ab_0.conda#056f04e51dd63337e8d7c425c18c86f1
https://conda.anaconda.org/conda-forge/noarch/async-lru-2.0.4-pyhd8ed1ab_0.conda#3d081de3a6ea9f894bbb585e8e3a4dcb
https://conda.anaconda.org/conda-forge/noarch/babel-2.12.1-pyhd8ed1ab_1.conda#ac432e732804a81ddcf29c92ead57cde
https://conda.anaconda.org/conda-forge/noarch/backports.functools_lru_cache-1.6.5-pyhd8ed1ab_0.conda#6b1b907661838a75d067a22f87996b2e
https://conda.anaconda.org/conda-forge/noarch/beautifulsoup4-4.12.2-pyha770c72_0.conda#a362ff7d976217f8fa78c0f1c4f59717
https://conda.anaconda.org/conda-forge/noarch/bleach-6.0.0-pyhd8ed1ab_0.conda#d48b143d01385872a88ef8417e96c30e
https://conda.anaconda.org/conda-forge/win-64/brotli-1.1.0-hcfcfb64_0.conda#4a65489faacc6b6dbd3e0d0572a3a9b9
https://conda.anaconda.org/conda-forge/noarch/cached-property-1.5.2-hd8ed1ab_1.tar.bz2#9b347a7ec10940d3f7941ff6c460b551
https://conda.anaconda.org/conda-forge/win-64/cffi-1.15.1-py311ha68e1ae_5.conda#2449a1eaf42449f8a729aac5cecf4523
https://conda.anaconda.org/conda-forge/noarch/click-8.1.7-win_pyh7428d3b_0.conda#3549ecbceb6cd77b91a105511b7d0786
https://conda.anaconda.org/conda-forge/noarch/comm-0.1.4-pyhd8ed1ab_0.conda#c8eaca39e2b6abae1fc96acc929ae939
https://conda.anaconda.org/conda-forge/win-64/coverage-7.3.1-py311ha68e1ae_1.conda#b1dcc1af61b9da539eb36db03a8b9d2d
https://conda.anaconda.org/conda-forge/win-64/fontconfig-2.14.2-hbde0cde_0.conda#08767992f1a4f1336a257af1241034bd
https://conda.anaconda.org/conda-forge/noarch/gitdb-4.0.10-pyhd8ed1ab_0.conda#3706d2f3d7cb5dae600c833345a76132
https://conda.anaconda.org/conda-forge/win-64/hdf5-1.14.2-nompi_h73e8ff5_100.conda#7fc095c23e4519a8df15c09f3671d09a
https://conda.anaconda.org/conda-forge/noarch/importlib-metadata-6.8.0-pyha770c72_0.conda#4e9f59a060c3be52bc4ddc46ee9b6946
https://conda.anaconda.org/conda-forge/noarch/importlib_resources-5.13.0-pyhd8ed1ab_0.conda#748955a096313b51b314263402b83250
https://conda.anaconda.org/conda-forge/noarch/jedi-0.19.0-pyhd8ed1ab_0.conda#1cd7f70057cdffc10977b613fb75425d
https://conda.anaconda.org/conda-forge/noarch/jinja2-3.1.2-pyhd8ed1ab_1.tar.bz2#c8490ed5c70966d232fdd389d0dbed37
https://conda.anaconda.org/conda-forge/noarch/jupyterlab_pygments-0.2.2-pyhd8ed1ab_0.tar.bz2#243f63592c8e449f40cd42eb5cf32f40
https://conda.anaconda.org/conda-forge/win-64/lcms2-2.15-h3e3b177_1.conda#a76c36ad1b4b87f038d67890122d08ec
https://conda.anaconda.org/conda-forge/win-64/libclang-16.0.6-default_heb8d277_1.conda#d73d862f5654709b23cf782fff51ce30
https://conda.anaconda.org/conda-forge/win-64/libxcb-1.15-hcd874cb_0.conda#090d91b69396f14afef450c285f9758c
https://conda.anaconda.org/conda-forge/win-64/lxml-4.9.3-py311h750ae06_1.conda#8b59b875b8660ffda9fb11651dc2b72d
https://conda.anaconda.org/conda-forge/noarch/markdown-it-py-3.0.0-pyhd8ed1ab_0.conda#93a8e71256479c62074356ef6ebf501b
https://conda.anaconda.org/conda-forge/noarch/matplotlib-inline-0.1.6-pyhd8ed1ab_0.tar.bz2#b21613793fcc81d944c76c9f2864a7de
https://conda.anaconda.org/conda-forge/win-64/mpi4py-3.1.4-py311hfc7fa0a_1.conda#cddd202d7046a620025e0b4a6c21d2ae
https://conda.anaconda.org/conda-forge/win-64/openjpeg-2.5.0-ha2aaf27_2.conda#db0490689232e8e38c312281df6f31a2
https://conda.anaconda.org/conda-forge/noarch/overrides-7.4.0-pyhd8ed1ab_0.conda#4625b7b01d7f4ac9c96300a5515acfaa
https://conda.anaconda.org/conda-forge/noarch/pip-23.2.1-pyhd8ed1ab_0.conda#e2783aa3f9235225eec92f9081c5b801
https://conda.anaconda.org/conda-forge/noarch/pysocks-1.7.1-pyh0701188_6.tar.bz2#56cd9fe388baac0e90c7149cfac95b60
https://conda.anaconda.org/conda-forge/noarch/pytest-7.4.2-pyhd8ed1ab_0.conda#6dd662ff5ac9a783e5c940ce9f3fe649
https://conda.anaconda.org/conda-forge/noarch/python-dateutil-2.8.2-pyhd8ed1ab_0.tar.bz2#dd999d1cc9f79e67dbb855c8924c7984
https://conda.anaconda.org/conda-forge/noarch/qtpy-2.4.0-pyhd8ed1ab_0.conda#a4c1fc5f8ef46ec8130defcaa2d322ea
https://conda.anaconda.org/conda-forge/noarch/referencing-0.30.2-pyhd8ed1ab_0.conda#a33161b983172ba6ef69d5fc850650cd
https://conda.anaconda.org/conda-forge/noarch/rfc3339-validator-0.1.4-pyhd8ed1ab_0.tar.bz2#fed45fc5ea0813240707998abe49f520
https://conda.anaconda.org/conda-forge/noarch/send2trash-1.8.2-pyh08f2357_0.conda#c00d32dfa733d381b6a1908d0d67e0d7
https://conda.anaconda.org/conda-forge/win-64/tbb-2021.10.0-h91493d7_1.conda#57ea1be8408c5a9a737648b5f919e725
https://conda.anaconda.org/conda-forge/noarch/terminado-0.17.0-pyh08f2357_0.tar.bz2#0152a609d5748ed9887d195b1e61a6c9
https://conda.anaconda.org/conda-forge/noarch/tinycss2-1.2.1-pyhd8ed1ab_0.tar.bz2#7234c9eefff659501cd2fe0d2ede4d48
https://conda.anaconda.org/conda-forge/noarch/tqdm-4.66.1-pyhd8ed1ab_0.conda#03c97908b976498dcae97eb4e4f3149c
https://conda.anaconda.org/conda-forge/noarch/traittypes-0.2.1-pyh9f0ad1d_2.tar.bz2#7d32ccb5334a6822c28af3e864550618
https://conda.anaconda.org/conda-forge/noarch/typing-extensions-4.8.0-hd8ed1ab_0.conda#384462e63262a527bda564fa2d9126c0
https://conda.anaconda.org/conda-forge/win-64/argon2-cffi-bindings-21.2.0-py311ha68e1ae_4.conda#e95c947541bf1cb821ea4a6bf7d5794c
https://conda.anaconda.org/conda-forge/noarch/arrow-1.2.3-pyhd8ed1ab_0.tar.bz2#fd1967c76eda3a3dd9e8e6cb7a15a028
https://conda.anaconda.org/conda-forge/win-64/cairo-1.16.0-h412253b_1017.conda#7bae4345898b999b3f45a8421f4eef29
https://conda.anaconda.org/conda-forge/win-64/fonttools-4.42.1-py311ha68e1ae_0.conda#3ccd02106662201742705df920c05b22
https://conda.anaconda.org/conda-forge/noarch/fqdn-1.5.1-pyhd8ed1ab_0.tar.bz2#642d35437078749ef23a5dca2c9bb1f3
https://conda.anaconda.org/conda-forge/noarch/gitpython-3.1.37-pyhd8ed1ab_0.conda#8b94c329190fa6814f412adf2ab0f0a2
https://conda.anaconda.org/conda-forge/noarch/hypothesis-6.56.3-pyha770c72_3.tar.bz2#2d3751942dacfb88033d66486c452cc2
https://conda.anaconda.org/conda-forge/noarch/importlib-resources-5.13.0-pyhd8ed1ab_0.conda#5facf625dd29f34c73733030a10a62a0
https://conda.anaconda.org/conda-forge/noarch/importlib_metadata-6.8.0-hd8ed1ab_0.conda#b279b07ce18058034e5b3606ba103a8b
https://conda.anaconda.org/conda-forge/noarch/jsonschema-specifications-2023.7.1-pyhd8ed1ab_0.conda#7c27ea1bdbe520bb830dcadd59f55cbf
https://conda.anaconda.org/conda-forge/noarch/jupyter_server_terminals-0.4.4-pyhd8ed1ab_1.conda#7c0965e1d4a0ee1529e8eaa03a78a5b3
https://conda.anaconda.org/conda-forge/win-64/libnetcdf-4.9.2-nompi_h8284064_112.conda#d13288269ee4de9079261a31028f9954
https://conda.anaconda.org/conda-forge/win-64/mkl-2022.1.0-h6a75c08_874.tar.bz2#2ff89a7337a9636029b4db9466e9f8e3
https://conda.anaconda.org/conda-forge/win-64/pillow-10.0.0-py311hde623f7_0.conda#217a6fc0df385c9a929144549f26b124
https://conda.anaconda.org/conda-forge/noarch/platformdirs-3.10.0-pyhd8ed1ab_0.conda#0809187ef9b89a3d94a5c24d13936236
https://conda.anaconda.org/conda-forge/noarch/pytest-cov-4.1.0-pyhd8ed1ab_0.conda#06eb685a3a0b146347a58dda979485da
https://conda.anaconda.org/conda-forge/noarch/pytest-datadir-1.4.1-pyhd8ed1ab_0.tar.bz2#cdbf374d84b3c863d7b237e9d2f3995c
https://conda.anaconda.org/conda-forge/noarch/rich-13.5.3-pyhd8ed1ab_0.conda#a83bf2810a4e756b220f61cb8f90a736
https://conda.anaconda.org/conda-forge/noarch/stack_data-0.6.2-pyhd8ed1ab_0.conda#e7df0fdd404616638df5ece6e69ba7af
https://conda.anaconda.org/conda-forge/noarch/urllib3-2.0.5-pyhd8ed1ab_0.conda#3bda70bbeb2920f44db5375af2e5fe38
https://conda.anaconda.org/conda-forge/noarch/wcwidth-0.2.6-pyhd8ed1ab_0.conda#078979d33523cb477bd1916ce41aacc9
https://conda.anaconda.org/conda-forge/noarch/argon2-cffi-23.1.0-pyhd8ed1ab_0.conda#3afef1f55a1366b4d3b6a0d92e2235e4
https://conda.anaconda.org/conda-forge/win-64/black-23.9.1-py311h1ea47a8_0.conda#f12c7eddbffa2a5e5a43db3e0e316436
https://conda.anaconda.org/conda-forge/win-64/harfbuzz-8.2.1-h7ab893a_0.conda#4af536fe2938b1734c6378d765404598
https://conda.anaconda.org/conda-forge/noarch/isoduration-20.11.0-pyhd8ed1ab_0.tar.bz2#4cb68948e0b8429534380243d063a27a
https://conda.anaconda.org/conda-forge/noarch/jsonschema-4.19.1-pyhd8ed1ab_0.conda#78aff5d2af74e6537c1ca73017f01f4f
https://conda.anaconda.org/conda-forge/win-64/jupyter_core-5.3.1-py311h1ea47a8_1.conda#abdf6a87d9de02e235449c24ad91ab16
https://conda.anaconda.org/conda-forge/win-64/libblas-3.9.0-18_win64_mkl.conda#b241da5b7a888f72bb3c3e82747334f4
https://conda.anaconda.org/conda-forge/noarch/prompt-toolkit-3.0.39-pyha770c72_0.conda#a4986c6bb5b0d05a38855b0880a5f425
https://conda.anaconda.org/conda-forge/noarch/requests-2.31.0-pyhd8ed1ab_0.conda#a30144e4156cdbb236f99ebb49828f8b
https://conda.anaconda.org/conda-forge/noarch/typer-0.9.0-pyhd8ed1ab_0.conda#5030a13b2fe5e143d5956d4943d3018f
https://conda.anaconda.org/conda-forge/noarch/jsonschema-with-format-nongpl-4.19.1-pyhd8ed1ab_0.conda#daca0665e6fe8a376e48b9f0b5865326
https://conda.anaconda.org/conda-forge/noarch/jupyter_client-8.3.1-pyhd8ed1ab_0.conda#b7cc0981484fcb6390e6d341e55618b3
https://conda.anaconda.org/conda-forge/win-64/libcblas-3.9.0-18_win64_mkl.conda#fb0b514194c14342a97dfe31a41d60fc
https://conda.anaconda.org/conda-forge/win-64/liblapack-3.9.0-18_win64_mkl.conda#82117ef735a916ace2df6f2de4df4824
https://conda.anaconda.org/conda-forge/noarch/nbformat-5.9.2-pyhd8ed1ab_0.conda#61ba076de6530d9301a0053b02f093d2
https://conda.anaconda.org/conda-forge/noarch/prompt_toolkit-3.0.39-hd8ed1ab_0.conda#4bbbe67d5df19db30f04b8e344dc9976
https://conda.anaconda.org/conda-forge/win-64/qt6-main-6.5.2-h1088b08_4.conda#ae5b52d5b689c55bd2b3b53fe04ff37c
https://conda.anaconda.org/conda-forge/noarch/ipython-8.15.0-pyh5737063_0.conda#1def12bdc65c8f7e27db22a8cc586adc
https://conda.anaconda.org/conda-forge/noarch/jupyter_events-0.7.0-pyhd8ed1ab_2.conda#088f0493279a7f7eebd514df47d65851
https://conda.anaconda.org/conda-forge/noarch/nbclient-0.5.13-pyhd8ed1ab_0.tar.bz2#3edde88a191701cf052216c4ba353a83
https://conda.anaconda.org/conda-forge/win-64/numpy-1.26.0-py311h0b4df5a_0.conda#a65e57fff208fd1d0f632e0afa8985d4
https://conda.anaconda.org/conda-forge/win-64/pyside6-6.5.2-py311he36728c_0.conda#53e6d4b5ac50ffaf1c0863d2e0b3455c
https://conda.anaconda.org/conda-forge/win-64/cftime-1.6.2-py311h59ca53f_2.conda#6262831e67934dcb5f9e9000ce11396b
https://conda.anaconda.org/conda-forge/win-64/contourpy-1.1.1-py311h005e61a_1.conda#12947dd3b9884bf165cb53cf93c69799
https://conda.anaconda.org/conda-forge/win-64/h5py-3.9.0-nompi_py311h0d04526_103.conda#c4989fc9ef2a4dcb1b8fe9947fc08b4a
https://conda.anaconda.org/conda-forge/noarch/ipykernel-6.25.2-pyh60829e3_0.conda#387f16a39a2e57bff9de9bc0216baa09
https://conda.anaconda.org/conda-forge/noarch/ipywidgets-8.1.1-pyhd8ed1ab_0.conda#2605fae5ee27100e5f10037baebf4d41
https://conda.anaconda.org/conda-forge/noarch/nbconvert-core-7.8.0-pyhd8ed1ab_0.conda#62345c9e24f898bf492979be84a6eb0a
https://conda.anaconda.org/conda-forge/noarch/pyevtk-1.6.0-pyha21a80b_0.conda#40768f1f8c37fa1a0a38db1f16561fce
https://conda.anaconda.org/conda-forge/win-64/scipy-1.11.2-py311h37ff6ca_1.conda#49763259e73bf690023bdee4bd2bd431
https://conda.anaconda.org/conda-forge/win-64/slycot-0.5.4-py311h319aeb2_0.conda#995905853febba7e5b019b75da85ec54
https://conda.anaconda.org/conda-forge/noarch/ipyparallel-8.6.1-pyhd8ed1ab_0.conda#42eba197eb58b18703767c60103f0712
https://conda.anaconda.org/conda-forge/noarch/jupyter_server-2.7.3-pyhd8ed1ab_0.conda#969249eb7c2f7a9b820520a355dc7d04
https://conda.anaconda.org/conda-forge/noarch/k3d-2.16.0-pyhd8ed1ab_0.conda#79cb623051c73d53d6be2525117527dc
https://conda.anaconda.org/conda-forge/win-64/matplotlib-base-3.8.0-py311h6e989c2_1.conda#d28013e1333ec4007b3c4dec8aa81d03
https://conda.anaconda.org/conda-forge/win-64/netcdf4-1.6.4-nompi_py311he019f65_103.conda#902ca40f6807d6639d1dc01e469848ca
https://conda.anaconda.org/conda-forge/noarch/ipympl-0.9.3-pyhd8ed1ab_0.conda#da113e1ecd782afd5ed2f7b5187aaea8
https://conda.anaconda.org/conda-forge/noarch/jupyter-lsp-2.2.0-pyhd8ed1ab_0.conda#38589f4104d11f2a59ff01a9f4e3bfb3
https://conda.anaconda.org/conda-forge/noarch/jupyter-server-mathjax-0.2.6-pyh5bfe37b_1.conda#11ca195fc8a16770661a387bcce27c36
https://conda.anaconda.org/conda-forge/noarch/jupyterlab_server-2.25.0-pyhd8ed1ab_0.conda#a52834fa7e3d12abc5efdf06b2097a05
https://conda.anaconda.org/conda-forge/noarch/meshio-5.3.4-pyhd8ed1ab_0.tar.bz2#d06b23cad8f0645461da747eafb1e8c6
https://conda.anaconda.org/conda-forge/noarch/notebook-shim-0.2.3-pyhd8ed1ab_0.conda#67e0fe74c156267d9159e9133df7fd37
https://conda.anaconda.org/conda-forge/noarch/jupyterlab-4.0.6-pyhd8ed1ab_0.conda#80bb1cc3b540790cb5afecd73c2d4d1f
https://conda.anaconda.org/conda-forge/noarch/nbdime-3.2.1-pyhd8ed1ab_0.conda#7b6c7f9f427dd668fd1ef4c6b3454528
https://conda.anaconda.org/conda-forge/noarch/notebook-7.0.4-pyhd8ed1ab_0.conda#9fe0b0f2e8a6dbae64947e90079ea54c
https://conda.anaconda.org/conda-forge/noarch/pytest_notebook-0.8.1-pyhd8ed1ab_0.conda#a479506d7945f25e62543019dbf31381
