# Generated by conda-lock.
# platform: win-64
# input_hash: 793ef0e03337547e7aea10b8d6f1ebe28215298d0c1d5e2835f5e35d23134d0e
@EXPLICIT
https://conda.anaconda.org/conda-forge/win-64/ca-certificates-2023.5.7-h56e8100_0.conda#604212634bd8c4d6f20d44b946e8eedb
https://conda.anaconda.org/conda-forge/noarch/font-ttf-dejavu-sans-mono-2.37-hab24e00_0.tar.bz2#0c96522c6bdaed4b1566d11387caaf45
https://conda.anaconda.org/conda-forge/noarch/font-ttf-inconsolata-3.000-h77eed37_0.tar.bz2#34893075a5c9e55cdafac56607368fc6
https://conda.anaconda.org/conda-forge/noarch/font-ttf-source-code-pro-2.038-h77eed37_0.tar.bz2#4d59c254e01d9cde7957100457e2d5fb
https://conda.anaconda.org/conda-forge/noarch/font-ttf-ubuntu-0.83-hab24e00_0.tar.bz2#19410c3df09dfb12d1206132a1d357c5
https://conda.anaconda.org/conda-forge/win-64/intel-openmp-2023.1.0-h57928b3_46319.conda#dbc4636f419722fbf3ab6501377228ba
https://conda.anaconda.org/conda-forge/win-64/libexpat-2.5.0-h63175ca_1.conda#636cc3cbbd2e28bcfd2f73b2044aac2c
https://conda.anaconda.org/conda-forge/win-64/mpi-1.0-msmpi.tar.bz2#ecf470117289595887c7efda5de48a38
https://conda.anaconda.org/conda-forge/win-64/msys2-conda-epoch-20160418-1.tar.bz2#b0309b72560df66f71a9d5e34a5efdfa
https://conda.anaconda.org/conda-forge/win-64/pandoc-3.1.3-h57928b3_0.conda#5185086e0662a98ae366212b5bef1af0
https://conda.anaconda.org/conda-forge/win-64/python_abi-3.10-3_cp310.conda#f4cfd883c0d91bb17164d8e34f4900d5
https://conda.anaconda.org/conda-forge/noarch/tzdata-2023c-h71feb2d_0.conda#939e3e74d8be4dac89ce83b20de2492a
https://conda.anaconda.org/conda-forge/win-64/ucrt-10.0.22621.0-h57928b3_0.tar.bz2#72608f6cd3e5898229c3ea16deb1ac43
https://conda.anaconda.org/conda-forge/win-64/winpty-0.4.3-4.tar.bz2#1cee351bf20b830d991dbe0bc8cd7dfe
https://conda.anaconda.org/conda-forge/win-64/expat-2.5.0-h63175ca_1.conda#87c77fe1b445aedb5c6d207dd236fa3e
https://conda.anaconda.org/conda-forge/noarch/fonts-conda-forge-1-0.tar.bz2#f766549260d6815b0c52253f1fb1bb29
https://conda.anaconda.org/conda-forge/win-64/m2w64-gmp-6.1.0-2.tar.bz2#53a1c73e1e3d185516d7e3af177596d9
https://conda.anaconda.org/conda-forge/win-64/m2w64-libwinpthread-git-5.0.0.4634.697f757-2.tar.bz2#774130a326dee16f1ceb05cc687ee4f0
https://conda.anaconda.org/conda-forge/win-64/vc14_runtime-14.36.32532-hfdfe4a8_17.conda#91c1ecaf3996889532fc0456178b1058
https://conda.anaconda.org/conda-forge/noarch/fonts-conda-ecosystem-1-0.tar.bz2#fee5683a3f04bd15cbd8318b096a27ab
https://conda.anaconda.org/conda-forge/win-64/m2w64-gcc-libs-core-5.3.0-7.tar.bz2#4289d80fb4d272f1f3b56cfe87ac90bd
https://conda.anaconda.org/conda-forge/win-64/vc-14.3-h64f974e_17.conda#67ff6791f235bb606659bf2a5c169191
https://conda.anaconda.org/conda-forge/win-64/vs2015_runtime-14.36.32532-h05e6639_17.conda#4618046c39f7c81861e53ded842e738a
https://conda.anaconda.org/conda-forge/win-64/bzip2-1.0.8-h8ffe710_4.tar.bz2#7c03c66026944073040cb19a4f3ec3c9
https://conda.anaconda.org/conda-forge/win-64/icu-70.1-h0e60522_0.tar.bz2#64073396a905b6df895ab2489fae3847
https://conda.anaconda.org/conda-forge/win-64/jpeg-9e-hcfcfb64_3.conda#824f1e030d224e9e376a4655032fdbc7
https://conda.anaconda.org/conda-forge/win-64/jxrlib-1.1-h8ffe710_2.tar.bz2#69f82948e102dc14928619140c29468d
https://conda.anaconda.org/conda-forge/win-64/lerc-4.0.0-h63175ca_0.tar.bz2#1900cb3cab5055833cfddb0ba233b074
https://conda.anaconda.org/conda-forge/win-64/libaec-1.0.6-h63175ca_1.conda#f98474a8245f55f4a273889dbe7bf193
https://conda.anaconda.org/conda-forge/win-64/libbrotlicommon-1.0.9-hcfcfb64_9.conda#5e0f7bd6f1d0747abd5da59cffb6f533
https://conda.anaconda.org/conda-forge/win-64/libdeflate-1.17-hcfcfb64_0.conda#ae9dfb57bcb42093a2417aceabb530f7
https://conda.anaconda.org/conda-forge/win-64/libffi-3.4.2-h8ffe710_5.tar.bz2#2c96d1b6915b408893f9472569dee135
https://conda.anaconda.org/conda-forge/win-64/libiconv-1.17-h8ffe710_0.tar.bz2#050119977a86e4856f0416e2edcf81bb
https://conda.anaconda.org/conda-forge/win-64/libogg-1.3.4-h8ffe710_1.tar.bz2#04286d905a0dcb7f7d4a12bdfe02516d
https://conda.anaconda.org/conda-forge/win-64/libsodium-1.0.18-h8d14728_1.tar.bz2#5c1fb45b5e2912c19098750ae8a32604
https://conda.anaconda.org/conda-forge/win-64/libsqlite-3.42.0-hcfcfb64_0.conda#9a71d93deb99cc09d8939d5235b5909a
https://conda.anaconda.org/conda-forge/win-64/libwebp-base-1.3.1-hcfcfb64_0.conda#f89e765213cac556a8ed72ba8c1b5071
https://conda.anaconda.org/conda-forge/win-64/libzlib-1.2.13-hcfcfb64_5.conda#5fdb9c6a113b6b6cb5e517fd972d5f41
https://conda.anaconda.org/conda-forge/win-64/llvm-openmp-11.0.1-h2d74725_0.tar.bz2#cba5ff97841c020df2f9f1e41026304c
https://conda.anaconda.org/conda-forge/win-64/m2w64-gcc-libgfortran-5.3.0-6.tar.bz2#066552ac6b907ec6d72c0ddab29050dc
https://conda.anaconda.org/conda-forge/win-64/openssl-3.1.1-hcfcfb64_1.conda#1d913a5de46c6b2f7e4cfbd26b106b8b
https://conda.anaconda.org/conda-forge/win-64/pixman-0.40.0-h8ffe710_0.tar.bz2#32b45d3fcffddc84cc1a014a0b5f0d58
https://conda.anaconda.org/conda-forge/win-64/pthreads-win32-2.9.1-hfa6e2cd_3.tar.bz2#e2da8758d7d51ff6aa78a14dfb9dbed4
https://conda.anaconda.org/conda-forge/win-64/rapidjson-1.1.0-ha925a31_1002.tar.bz2#47b1bf94c529e504226476c0c63dac03
https://conda.anaconda.org/conda-forge/win-64/tk-8.6.12-h8ffe710_0.tar.bz2#c69a5047cc9291ae40afd4a1ad6f0c0f
https://conda.anaconda.org/conda-forge/win-64/xz-5.2.6-h8d14728_0.tar.bz2#515d77642eaa3639413c6b1bc3f94219
https://conda.anaconda.org/conda-forge/win-64/yaml-0.2.5-h8ffe710_2.tar.bz2#adbfb9f45d1004a26763652246a33764
https://conda.anaconda.org/conda-forge/win-64/gettext-0.21.1-h5728263_0.tar.bz2#299d4fd6798a45337042ff5a48219e5f
https://conda.anaconda.org/conda-forge/win-64/imath-3.1.6-h12be248_1.conda#2f7ef30af1ef6d3bc7c81edcf70a98f3
https://conda.anaconda.org/conda-forge/win-64/krb5-1.20.1-heb0366b_0.conda#a07b05ee8f451ab15698397185efe989
https://conda.anaconda.org/conda-forge/win-64/libbrotlidec-1.0.9-hcfcfb64_9.conda#4c502e4846bdc22b944ab9aa5a55a58f
https://conda.anaconda.org/conda-forge/win-64/libbrotlienc-1.0.9-hcfcfb64_9.conda#19029748649ae0d48871d7012918efef
https://conda.anaconda.org/conda-forge/win-64/libclang13-15.0.7-default_h77d9078_2.conda#c2e1def32a19610ac26db453501760b6
https://conda.anaconda.org/conda-forge/win-64/libflang-11.0.1-h0e60522_20210131.tar.bz2#e4f265990da3328456e2b68b9bd5362e
https://conda.anaconda.org/conda-forge/win-64/libpng-1.6.39-h19919ed_0.conda#ab6febdb2dbd9c00803609079db4de71
https://conda.anaconda.org/conda-forge/win-64/libssh2-1.11.0-h7dfc565_0.conda#dc262d03aae04fe26825062879141a41
https://conda.anaconda.org/conda-forge/win-64/libvorbis-1.3.7-h0e60522_0.tar.bz2#e1a22282de0169c93e4ffe6ce6acc212
https://conda.anaconda.org/conda-forge/win-64/libxml2-2.11.4-hc3477c8_0.conda#586627982a63815637f871a6360fe3f9
https://conda.anaconda.org/conda-forge/win-64/libzip-1.9.2-h519de47_1.tar.bz2#9c3138e53e36c0c161a23d20db91297b
https://conda.anaconda.org/conda-forge/win-64/m2w64-gcc-libs-5.3.0-7.tar.bz2#fe759119b8b3bfa720b8762c6fdc35de
https://conda.anaconda.org/conda-forge/win-64/pcre2-10.40-h17e33f8_0.tar.bz2#2519de0d9620dc2bc7e19caf6867136d
https://conda.anaconda.org/conda-forge/win-64/python-3.10.12-h4de0772_0_cpython.conda#14273454ca348a123ce09ab9d39c1a6e
https://conda.anaconda.org/conda-forge/win-64/zeromq-4.3.4-h0e60522_1.tar.bz2#e1aff0583dda5fb917eb3d2c1025aa80
https://conda.anaconda.org/conda-forge/win-64/zlib-1.2.13-hcfcfb64_5.conda#a318e8622e11663f645cc7fa3260f462
https://conda.anaconda.org/conda-forge/win-64/zstd-1.5.2-h12be248_6.conda#62826565682d013b3e2346aaf7bded0e
https://conda.anaconda.org/conda-forge/noarch/attrs-23.1.0-pyh71513ae_1.conda#3edfead7cedd1ab4400a6c588f3e75f8
https://conda.anaconda.org/conda-forge/noarch/backcall-0.2.0-pyh9f0ad1d_0.tar.bz2#6006a6d08a3fa99268a2681c7fb55213
https://conda.anaconda.org/conda-forge/noarch/backports-1.0-pyhd8ed1ab_3.conda#54ca2e08b3220c148a1d8329c2678e02
https://conda.anaconda.org/conda-forge/win-64/backports.zoneinfo-0.2.1-py310h5588dad_7.tar.bz2#0f18779fbc505ab486e92c654c004f59
https://conda.anaconda.org/conda-forge/win-64/brotli-bin-1.0.9-hcfcfb64_9.conda#ba8ae6c24cf47da3fb73270e4f119f08
https://conda.anaconda.org/conda-forge/win-64/brotli-python-1.0.9-py310h00ffb61_9.conda#2a15bfd3d5b60a8a7f83940ab1e35f5f
https://conda.anaconda.org/conda-forge/noarch/cached_property-1.5.2-pyha770c72_1.tar.bz2#576d629e47797577ab0f1b351297ef4a
https://conda.anaconda.org/conda-forge/noarch/certifi-2023.5.7-pyhd8ed1ab_0.conda#5d1b71c942b8421285934dad1d891ebc
https://conda.anaconda.org/conda-forge/noarch/charset-normalizer-3.1.0-pyhd8ed1ab_0.conda#7fcff9f6f123696e940bda77bd4d6551
https://conda.anaconda.org/conda-forge/noarch/colorama-0.4.6-pyhd8ed1ab_0.tar.bz2#3faab06a954c2a04039983f2c4a50d99
https://conda.anaconda.org/conda-forge/noarch/cycler-0.11.0-pyhd8ed1ab_0.tar.bz2#a50559fad0affdbb33729a68669ca1cb
https://conda.anaconda.org/conda-forge/win-64/debugpy-1.6.7-py310h00ffb61_0.conda#b7defb941402f3581384d16070ed1456
https://conda.anaconda.org/conda-forge/noarch/decorator-5.1.1-pyhd8ed1ab_0.tar.bz2#43afe5ab04e35e17ba28649471dd7364
https://conda.anaconda.org/conda-forge/noarch/defusedxml-0.7.1-pyhd8ed1ab_0.tar.bz2#961b3a227b437d82ad7054484cfa71b2
https://conda.anaconda.org/conda-forge/noarch/diskcache-5.6.1-pyhd8ed1ab_0.conda#909a77f2699901fe3b603e5194c0e72c
https://conda.anaconda.org/conda-forge/noarch/entrypoints-0.4-pyhd8ed1ab_0.tar.bz2#3cf04868fee0a029769bd41f4b2fbf2d
https://conda.anaconda.org/conda-forge/noarch/exceptiongroup-1.1.2-pyhd8ed1ab_0.conda#de4cb3384374e1411f0454edcf546cdb
https://conda.anaconda.org/conda-forge/noarch/executing-1.2.0-pyhd8ed1ab_0.tar.bz2#4c1bc140e2be5c8ba6e3acab99e25c50
https://conda.anaconda.org/conda-forge/noarch/flit-core-3.9.0-pyhd8ed1ab_0.conda#e8cfceef004266b259604c3faa2a0191
https://conda.anaconda.org/conda-forge/win-64/freetype-2.12.1-h546665d_1.conda#1b513009cd012591f3fdc9e03a74ec0a
https://conda.anaconda.org/conda-forge/win-64/hdf4-4.2.15-h1b1b6ef_5.tar.bz2#bfb6a2d82ef9a30455cc0900d89eed20
https://conda.anaconda.org/conda-forge/noarch/idna-3.4-pyhd8ed1ab_0.tar.bz2#34272b248891bddccc64479f9a7fffed
https://conda.anaconda.org/conda-forge/noarch/iniconfig-2.0.0-pyhd8ed1ab_0.conda#f800d2da156d08e289b14e87e43c1ae5
https://conda.anaconda.org/conda-forge/noarch/ipython_genutils-0.2.0-py_1.tar.bz2#5071c982548b3a20caf70462f04f5287
https://conda.anaconda.org/conda-forge/noarch/jupyterlab_widgets-3.0.7-pyhd8ed1ab_1.conda#0c0a54e16b764bafcae35913cc9d60ff
https://conda.anaconda.org/conda-forge/win-64/kiwisolver-1.4.4-py310h232114e_1.tar.bz2#c55fe943d5f212d49d27d08580f5a610
https://conda.anaconda.org/conda-forge/win-64/libclang-15.0.7-default_h77d9078_2.conda#70188b1b3e0b1716405adab9050894d1
https://conda.anaconda.org/conda-forge/win-64/libcurl-8.1.2-h68f0423_0.conda#94b9b7d0e882461fdb72d8d4e7441746
https://conda.anaconda.org/conda-forge/win-64/libglib-2.76.3-he8f3873_0.conda#4695e6acaf4790170161048d56cb51fc
https://conda.anaconda.org/conda-forge/win-64/libhwloc-2.9.1-nocuda_h15da153_6.conda#95b1bd8df3033d08ae5125ed69d71194
https://conda.anaconda.org/conda-forge/win-64/libtiff-4.5.0-hf8721a0_2.conda#2e003e276cc1375192569c96afd3d984
https://conda.anaconda.org/conda-forge/win-64/libxslt-1.1.37-h6070c61_1.conda#b9ed82b82e2f292f75f1af56f35f8c9f
https://conda.anaconda.org/conda-forge/win-64/markupsafe-2.1.3-py310h8d17308_0.conda#e6deeae9d0dac4d17c6ef2fa62b3efff
https://conda.anaconda.org/conda-forge/noarch/mdurl-0.1.0-pyhd8ed1ab_0.tar.bz2#f8dab71fdc13b1bf29a01248b156d268
https://conda.anaconda.org/conda-forge/noarch/mistune-3.0.0-pyhd8ed1ab_0.conda#c7d0ea64c37752ecbe6da458aee662d2
https://conda.anaconda.org/conda-forge/win-64/msgpack-python-1.0.5-py310h232114e_0.conda#03f6096e23f3861934af853ac987c185
https://conda.anaconda.org/conda-forge/win-64/msmpi-10.1.1-h3502643_7.tar.bz2#00c53b79e837c2b7b0b6edffb0bcb55e
https://conda.anaconda.org/conda-forge/noarch/munkres-1.1.4-pyh9f0ad1d_0.tar.bz2#2ba8498c1018c1e9c61eb99b973dfe19
https://conda.anaconda.org/conda-forge/noarch/mypy_extensions-1.0.0-pyha770c72_0.conda#4eccaeba205f0aed9ac3a9ea58568ca3
https://conda.anaconda.org/conda-forge/noarch/nest-asyncio-1.5.6-pyhd8ed1ab_0.tar.bz2#7b868f21adde0d9b8b38f9c16836589b
https://conda.anaconda.org/conda-forge/win-64/openexr-3.1.5-h97333cc_2.conda#d93264c58f3898804a4e53f1020de79b
https://conda.anaconda.org/conda-forge/noarch/packaging-23.1-pyhd8ed1ab_0.conda#91cda59e66e1e4afe9476f8ef98f5c30
https://conda.anaconda.org/conda-forge/noarch/pandocfilters-1.5.0-pyhd8ed1ab_0.tar.bz2#457c2c8c08e54905d6954e79cb5b5db9
https://conda.anaconda.org/conda-forge/noarch/parso-0.8.3-pyhd8ed1ab_0.tar.bz2#17a565a0c3899244e938cdf417e7b094
https://conda.anaconda.org/conda-forge/noarch/pathspec-0.11.1-pyhd8ed1ab_0.conda#dbb80d1e8dc2dba5c8b106dc0768ad45
https://conda.anaconda.org/conda-forge/noarch/pickleshare-0.7.5-py_1003.tar.bz2#415f0ebb6198cc2801c73438a9fb5761
https://conda.anaconda.org/conda-forge/noarch/pkgutil-resolve-name-1.3.10-pyhd8ed1ab_0.tar.bz2#89e3c7cdde7d3aaa2aee933b604dd07f
https://conda.anaconda.org/conda-forge/noarch/pluggy-1.2.0-pyhd8ed1ab_0.conda#7263924c642d22e311d9e59b839f1b33
https://conda.anaconda.org/conda-forge/noarch/prometheus_client-0.17.0-pyhd8ed1ab_0.conda#95c5be3c7cbd872509d16c216617fdab
https://conda.anaconda.org/conda-forge/win-64/psutil-5.9.5-py310h8d17308_0.conda#9f98965e4f7dc2e4eb84abd50406d3a0
https://conda.anaconda.org/conda-forge/win-64/pthread-stubs-0.4-hcd874cb_1001.tar.bz2#a1f820480193ea83582b13249a7e7bd9
https://conda.anaconda.org/conda-forge/noarch/pure_eval-0.2.2-pyhd8ed1ab_0.tar.bz2#6784285c7e55cb7212efabc79e4c2883
https://conda.anaconda.org/conda-forge/noarch/pycparser-2.21-pyhd8ed1ab_0.tar.bz2#076becd9e05608f8dc72757d5f3a91ff
https://conda.anaconda.org/conda-forge/noarch/pygments-2.15.1-pyhd8ed1ab_0.conda#d316679235612869eba305aa7d41d9bf
https://conda.anaconda.org/conda-forge/noarch/pyopengl-3.1.6-pyhd8ed1ab_1.tar.bz2#c968eb974b0fae4676e7a7858c4cc56e
https://conda.anaconda.org/conda-forge/noarch/pyparsing-3.1.0-pyhd8ed1ab_0.conda#d3ed087d1f7f8f5590e8e87b57a8ce64
https://conda.anaconda.org/conda-forge/win-64/pyrsistent-0.19.3-py310h8d17308_0.conda#ddba6aad7d1857d16675d41a6e8b0224
https://conda.anaconda.org/conda-forge/noarch/python-fastjsonschema-2.17.1-pyhd8ed1ab_0.conda#dd4f393d857e9283eef2442234bd05e3
https://conda.anaconda.org/conda-forge/win-64/pywin32-304-py310h00ffb61_2.tar.bz2#e1401844b4f4ec959e099452a953e764
https://conda.anaconda.org/conda-forge/win-64/pywinpty-2.0.10-py310h00ffb61_0.conda#b0fb5ffdb72cb3b46bc9fdc163cf411d
https://conda.anaconda.org/conda-forge/win-64/pyyaml-6.0-py310h8d17308_5.tar.bz2#d0daf3eed98dd2bf4337ed08d8011eb8
https://conda.anaconda.org/conda-forge/win-64/pyzmq-25.1.0-py310hcd737a0_0.conda#75b926fbf2e2c67eb5210c68e1ac8f18
https://conda.anaconda.org/conda-forge/noarch/setuptools-68.0.0-pyhd8ed1ab_0.conda#5a7739d0f57ee64133c9d32e6507c46d
https://conda.anaconda.org/conda-forge/noarch/shellingham-1.5.1-pyhd8ed1ab_0.conda#1de44299f48f522caa2e0074231614e1
https://conda.anaconda.org/conda-forge/noarch/six-1.16.0-pyh6c4a22f_0.tar.bz2#e5f25f8dbc060e9a8d912e432202afc2
https://conda.anaconda.org/conda-forge/noarch/smmap-3.0.5-pyh44b312d_0.tar.bz2#3a8dc70789709aa315325d5df06fb7e4
https://conda.anaconda.org/conda-forge/noarch/sniffio-1.3.0-pyhd8ed1ab_0.tar.bz2#dd6cbc539e74cb1f430efbd4575b9303
https://conda.anaconda.org/conda-forge/noarch/sortedcontainers-2.4.0-pyhd8ed1ab_0.tar.bz2#6d6552722448103793743dabfbda532d
https://conda.anaconda.org/conda-forge/noarch/soupsieve-2.3.2.post1-pyhd8ed1ab_0.tar.bz2#146f4541d643d48fc8a75cacf69f03ae
https://conda.anaconda.org/conda-forge/noarch/toml-0.10.2-pyhd8ed1ab_0.tar.bz2#f832c45a477c78bebd107098db465095
https://conda.anaconda.org/conda-forge/noarch/tomli-2.0.1-pyhd8ed1ab_0.tar.bz2#5844808ffab9ebdb694585b50ba02a96
https://conda.anaconda.org/conda-forge/win-64/tornado-6.3.2-py310h8d17308_0.conda#6cd035ff75b46eb8ae7403b3dded2def
https://conda.anaconda.org/conda-forge/noarch/traitlets-5.9.0-pyhd8ed1ab_0.conda#d0b4f5c87cd35ac3fb3d47b223263a64
https://conda.anaconda.org/conda-forge/noarch/typing_extensions-4.7.1-pyha770c72_0.conda#c39d6a09fe819de4951c2642629d9115
https://conda.anaconda.org/conda-forge/win-64/unicodedata2-15.0.0-py310h8d17308_0.tar.bz2#5d14ba562f7740b64be9c8059498cfbf
https://conda.anaconda.org/conda-forge/noarch/webencodings-0.5.1-py_1.tar.bz2#3563be4c5611a44210d9ba0c16113136
https://conda.anaconda.org/conda-forge/noarch/websocket-client-1.6.1-pyhd8ed1ab_0.conda#c34d9325a609381a0b0e8a5b4f325147
https://conda.anaconda.org/conda-forge/noarch/widgetsnbextension-4.0.7-pyhd8ed1ab_0.conda#bcc54b91a8ce88f60f538b87b409909e
https://conda.anaconda.org/conda-forge/noarch/win_inet_pton-1.1.0-pyhd8ed1ab_6.tar.bz2#30878ecc4bd36e8deeea1e3c151b2e0b
https://conda.anaconda.org/conda-forge/noarch/xmljson-0.2.1-pyhd8ed1ab_0.tar.bz2#7ce8236d269963951b801ec1c0d4fd77
https://conda.anaconda.org/conda-forge/win-64/xorg-kbproto-1.0.7-hcd874cb_1002.tar.bz2#8d11c1dac4756ca57e78c1bfe173bba4
https://conda.anaconda.org/conda-forge/win-64/xorg-libxau-1.0.11-hcd874cb_0.conda#c46ba8712093cb0114404ae8a7582e1a
https://conda.anaconda.org/conda-forge/win-64/xorg-libxdmcp-1.1.3-hcd874cb_0.tar.bz2#46878ebb6b9cbd8afcf8088d7ef00ece
https://conda.anaconda.org/conda-forge/win-64/xorg-renderproto-0.11.1-hcd874cb_1002.tar.bz2#d5dc44d9c5a98b56111d9492333b71e6
https://conda.anaconda.org/conda-forge/win-64/xorg-xextproto-7.3.0-hcd874cb_1003.conda#6e6c2639620e436bddb7c040cd4f3adb
https://conda.anaconda.org/conda-forge/win-64/xorg-xproto-7.0.31-hcd874cb_1007.tar.bz2#88f3c65d2ad13826a9e0b162063be023
https://conda.anaconda.org/conda-forge/noarch/zipp-3.15.0-pyhd8ed1ab_0.conda#13018819ca8f5b7cc675a8faf1f5fedf
https://conda.anaconda.org/conda-forge/noarch/anyio-3.7.0-pyhd8ed1ab_1.conda#2b35a85d654a47aac8f34c1bb6de7142
https://conda.anaconda.org/conda-forge/noarch/asttokens-2.2.1-pyhd8ed1ab_0.conda#bf7f54dd0f25c3f06ecb82a07341841a
https://conda.anaconda.org/conda-forge/noarch/backports.functools_lru_cache-1.6.5-pyhd8ed1ab_0.conda#6b1b907661838a75d067a22f87996b2e
https://conda.anaconda.org/conda-forge/noarch/beautifulsoup4-4.12.2-pyha770c72_0.conda#a362ff7d976217f8fa78c0f1c4f59717
https://conda.anaconda.org/conda-forge/noarch/bleach-6.0.0-pyhd8ed1ab_0.conda#d48b143d01385872a88ef8417e96c30e
https://conda.anaconda.org/conda-forge/win-64/brotli-1.0.9-hcfcfb64_9.conda#5275e2634840f6d156934a16b7c0c813
https://conda.anaconda.org/conda-forge/noarch/cached-property-1.5.2-hd8ed1ab_1.tar.bz2#9b347a7ec10940d3f7941ff6c460b551
https://conda.anaconda.org/conda-forge/win-64/cffi-1.15.1-py310h628cb3f_3.conda#b7ca236d34501eb6a70691c1e29a0234
https://conda.anaconda.org/conda-forge/noarch/click-8.1.3-win_pyhd8ed1ab_2.tar.bz2#6b58680207b526c42dcff68b543803dd
https://conda.anaconda.org/conda-forge/noarch/comm-0.1.3-pyhd8ed1ab_0.conda#168ae0f82cdf7505048e81054c7354e4
https://conda.anaconda.org/conda-forge/win-64/coverage-7.2.7-py310h8d17308_0.conda#faedb3340a703e6b1da222f93f35ad8a
https://conda.anaconda.org/conda-forge/win-64/curl-8.1.2-h68f0423_0.conda#fc67d347f9eaa7922fd7bc26bfa5419b
https://conda.anaconda.org/conda-forge/win-64/fontconfig-2.14.2-hbde0cde_0.conda#08767992f1a4f1336a257af1241034bd
https://conda.anaconda.org/conda-forge/noarch/gitdb-4.0.10-pyhd8ed1ab_0.conda#3706d2f3d7cb5dae600c833345a76132
https://conda.anaconda.org/conda-forge/win-64/glib-tools-2.76.3-h12be248_0.conda#3015483cb3ffa200d51aac3c691fcda0
https://conda.anaconda.org/conda-forge/win-64/hdf5-1.12.2-nompi_h57737ce_101.conda#3e2b84f2f7bcf6915d1baa21e5b1a862
https://conda.anaconda.org/conda-forge/noarch/importlib-metadata-6.7.0-pyha770c72_0.conda#ba3786c6846e46038fe60c785d46dc81
https://conda.anaconda.org/conda-forge/noarch/importlib_resources-5.12.0-pyhd8ed1ab_0.conda#e5fd2260a231ee63b6969f4801082f2b
https://conda.anaconda.org/conda-forge/noarch/jedi-0.18.2-pyhd8ed1ab_0.conda#b5e695ef9c3f0d27d6cd96bf5adc9e07
https://conda.anaconda.org/conda-forge/noarch/jinja2-3.1.2-pyhd8ed1ab_1.tar.bz2#c8490ed5c70966d232fdd389d0dbed37
https://conda.anaconda.org/conda-forge/noarch/jupyterlab_pygments-0.2.2-pyhd8ed1ab_0.tar.bz2#243f63592c8e449f40cd42eb5cf32f40
https://conda.anaconda.org/conda-forge/win-64/lcms2-2.15-ha5c8aab_0.conda#5ebe92728f44a8b2461410ffb3628c18
https://conda.anaconda.org/conda-forge/win-64/libxcb-1.13-hcd874cb_1004.tar.bz2#a6d7fd030532378ecb6ba435cd9f8234
https://conda.anaconda.org/conda-forge/win-64/lxml-4.9.2-py310h46d54dd_1.conda#b5e04c411d197d129d54ee8ae1baecf2
https://conda.anaconda.org/conda-forge/noarch/markdown-it-py-3.0.0-pyhd8ed1ab_0.conda#93a8e71256479c62074356ef6ebf501b
https://conda.anaconda.org/conda-forge/noarch/matplotlib-inline-0.1.6-pyhd8ed1ab_0.tar.bz2#b21613793fcc81d944c76c9f2864a7de
https://conda.anaconda.org/conda-forge/win-64/mpi4py-3.1.4-py310h1af2bfe_0.tar.bz2#40f81cffe4a3badb984ac2b5dabb83e2
https://conda.anaconda.org/conda-forge/win-64/openjpeg-2.5.0-ha2aaf27_2.conda#db0490689232e8e38c312281df6f31a2
https://conda.anaconda.org/conda-forge/noarch/pysocks-1.7.1-pyh0701188_6.tar.bz2#56cd9fe388baac0e90c7149cfac95b60
https://conda.anaconda.org/conda-forge/noarch/pytest-7.4.0-pyhd8ed1ab_0.conda#3cfe9b9e958e7238a386933c75d190db
https://conda.anaconda.org/conda-forge/noarch/python-dateutil-2.8.2-pyhd8ed1ab_0.tar.bz2#dd999d1cc9f79e67dbb855c8924c7984
https://conda.anaconda.org/conda-forge/noarch/qtpy-2.3.1-pyhd8ed1ab_0.conda#10812eca3ec4ebaf3749e1960c208d43
https://conda.anaconda.org/conda-forge/noarch/send2trash-1.8.2-pyh08f2357_0.conda#c00d32dfa733d381b6a1908d0d67e0d7
https://conda.anaconda.org/conda-forge/win-64/tbb-2021.9.0-h91493d7_0.conda#6aa3f1becefeaa00a4d2a79b2a478aee
https://conda.anaconda.org/conda-forge/noarch/terminado-0.17.0-pyh08f2357_0.tar.bz2#0152a609d5748ed9887d195b1e61a6c9
https://conda.anaconda.org/conda-forge/noarch/tinycss2-1.2.1-pyhd8ed1ab_0.tar.bz2#7234c9eefff659501cd2fe0d2ede4d48
https://conda.anaconda.org/conda-forge/noarch/tqdm-4.65.0-pyhd8ed1ab_1.conda#ed792aff3acb977d09c7013358097f83
https://conda.anaconda.org/conda-forge/noarch/traittypes-0.2.1-pyh9f0ad1d_2.tar.bz2#7d32ccb5334a6822c28af3e864550618
https://conda.anaconda.org/conda-forge/noarch/typing-extensions-4.7.1-hd8ed1ab_0.conda#f96688577f1faa58096d06a45136afa2
https://conda.anaconda.org/conda-forge/win-64/xorg-fixesproto-5.0-hcd874cb_1002.tar.bz2#148f09dc4251d118d803878eb3b0570a
https://conda.anaconda.org/conda-forge/win-64/argon2-cffi-bindings-21.2.0-py310h8d17308_3.tar.bz2#3f6daa76891876a933722b5c9ee7dcaa
https://conda.anaconda.org/conda-forge/win-64/cairo-1.16.0-hd694305_1014.tar.bz2#91f08ed9ff25a969ddd06237454dae0d
https://conda.anaconda.org/conda-forge/win-64/fonttools-4.40.0-py310h8d17308_0.conda#a18e1160ee09a9f5ac26b2ce965832f7
https://conda.anaconda.org/conda-forge/noarch/gitpython-3.1.31-pyhd8ed1ab_0.conda#f6e6b482110246a81c3f03e81c68752d
https://conda.anaconda.org/conda-forge/win-64/glib-2.76.3-h12be248_0.conda#fa3f1af2dc70e0d00a755667a741fad3
https://conda.anaconda.org/conda-forge/noarch/hypothesis-6.56.3-pyha770c72_3.tar.bz2#2d3751942dacfb88033d66486c452cc2
https://conda.anaconda.org/conda-forge/noarch/importlib_metadata-6.7.0-hd8ed1ab_0.conda#27a4cec373ec84d1c1aa02a1e37f8eaf
https://conda.anaconda.org/conda-forge/noarch/jsonschema-4.17.3-pyhd8ed1ab_0.conda#723268a468177cd44568eb8f794e0d80
https://conda.anaconda.org/conda-forge/win-64/libnetcdf-4.8.1-nompi_h85765be_104.tar.bz2#4172eca8e636ef0d74c562f74bc4f334
https://conda.anaconda.org/conda-forge/win-64/libraw-0.21.1-h3eb7d9d_0.conda#ec299cef1c9981a013a4ca4fee808da8
https://conda.anaconda.org/conda-forge/win-64/mkl-2022.1.0-h6a75c08_874.tar.bz2#2ff89a7337a9636029b4db9466e9f8e3
https://conda.anaconda.org/conda-forge/win-64/pillow-9.4.0-py310hdbb7713_1.conda#79fd90da956353feaf83e1fcd9e8ec15
https://conda.anaconda.org/conda-forge/noarch/platformdirs-3.8.0-pyhd8ed1ab_0.conda#3e4aca765371893ad848397794600632
https://conda.anaconda.org/conda-forge/noarch/pytest-cov-4.1.0-pyhd8ed1ab_0.conda#06eb685a3a0b146347a58dda979485da
https://conda.anaconda.org/conda-forge/noarch/pytest-datadir-1.4.1-pyhd8ed1ab_0.tar.bz2#cdbf374d84b3c863d7b237e9d2f3995c
https://conda.anaconda.org/conda-forge/noarch/rich-13.4.2-pyhd8ed1ab_0.conda#f993baacc175e83fafd6b846e9c4c8a2
https://conda.anaconda.org/conda-forge/noarch/stack_data-0.6.2-pyhd8ed1ab_0.conda#e7df0fdd404616638df5ece6e69ba7af
https://conda.anaconda.org/conda-forge/noarch/urllib3-2.0.3-pyhd8ed1ab_1.conda#89efeecbb24c62e2f1ed0b8ca959ec69
https://conda.anaconda.org/conda-forge/noarch/wcwidth-0.2.6-pyhd8ed1ab_0.conda#078979d33523cb477bd1916ce41aacc9
https://conda.anaconda.org/conda-forge/win-64/xorg-libx11-1.8.4-hcd874cb_0.conda#ebdb02b455647e13fa697da89d9bdf84
https://conda.anaconda.org/conda-forge/noarch/argon2-cffi-21.3.0-pyhd8ed1ab_0.tar.bz2#a0b402db58f73aaab8ee0ca1025a362e
https://conda.anaconda.org/conda-forge/win-64/black-23.3.0-py310h5588dad_1.conda#1d8f9fb35cc2668ee709dbbdb18864c0
https://conda.anaconda.org/conda-forge/win-64/freeimage-3.18.0-h30d40d2_12.conda#d3045c3cf5a18c662432090329ee8e8b
https://conda.anaconda.org/conda-forge/win-64/gstreamer-1.22.4-hb4038d2_0.conda#ead79af9af7587ca3f685fed4966a881
https://conda.anaconda.org/conda-forge/win-64/jupyter_core-5.3.1-py310h5588dad_0.conda#39614170bdabdaa7531cb1dc2846c37c
https://conda.anaconda.org/conda-forge/win-64/libblas-3.9.0-17_win64_mkl.conda#9e42ac6b256b96bfaa19f829c25940e8
https://conda.anaconda.org/conda-forge/noarch/prompt-toolkit-3.0.38-pyha770c72_0.conda#59ba1bf8ea558751a0d391249a248765
https://conda.anaconda.org/conda-forge/noarch/requests-2.31.0-pyhd8ed1ab_0.conda#a30144e4156cdbb236f99ebb49828f8b
https://conda.anaconda.org/conda-forge/noarch/typer-0.9.0-pyhd8ed1ab_0.conda#5030a13b2fe5e143d5956d4943d3018f
https://conda.anaconda.org/conda-forge/win-64/xorg-libice-1.1.1-hcd874cb_0.conda#5271e3af4791170e2c55d02818366916
https://conda.anaconda.org/conda-forge/win-64/xorg-libxext-1.3.4-hcd874cb_2.conda#2aa695ac3c56193fd8d526e3b511e021
https://conda.anaconda.org/conda-forge/win-64/xorg-libxfixes-5.0.3-hcd874cb_1004.tar.bz2#5a918f49233ba0206d86062a14fa8724
https://conda.anaconda.org/conda-forge/win-64/xorg-libxrender-0.9.10-hcd874cb_1003.tar.bz2#6ef7904d01917c421ea843736264a0da
https://conda.anaconda.org/conda-forge/win-64/gst-plugins-base-1.22.4-h001b923_0.conda#2c402e044af28ad8eccf03031c5c34c4
https://conda.anaconda.org/conda-forge/noarch/jupyter_client-8.3.0-pyhd8ed1ab_0.conda#1d018ee4ab13217e2544f795eb0a6798
https://conda.anaconda.org/conda-forge/win-64/libcblas-3.9.0-17_win64_mkl.conda#768b2c3be666ecf9e62f939ea919f819
https://conda.anaconda.org/conda-forge/win-64/liblapack-3.9.0-17_win64_mkl.conda#278121fe8f0d65d496998aa290f36322
https://conda.anaconda.org/conda-forge/noarch/nbformat-5.9.0-pyhd8ed1ab_0.conda#f525a01528c3eba1d381a232a6971c6a
https://conda.anaconda.org/conda-forge/win-64/occt-7.7.1-novtk_hdfb195f_101.conda#0627193d3342098819aaec5064de4238
https://conda.anaconda.org/conda-forge/noarch/pooch-1.7.0-pyha770c72_3.conda#5936894aade8240c867d292aa0d980c6
https://conda.anaconda.org/conda-forge/noarch/prompt_toolkit-3.0.38-hd8ed1ab_0.conda#45b74f64d8808eda7e6f6e6b1d641fd2
https://conda.anaconda.org/conda-forge/win-64/xorg-libsm-1.2.4-hcd874cb_0.conda#25926681339df15918243d9a7cec25a1
https://conda.anaconda.org/conda-forge/win-64/fltk-1.3.8-hb0cff51_0.tar.bz2#79f5589bee181da373a174d152726b5b
https://conda.anaconda.org/conda-forge/noarch/ipython-8.14.0-pyh08f2357_0.conda#1fc684c1de5475383790ada5627c5430
https://conda.anaconda.org/conda-forge/noarch/nbclient-0.5.13-pyhd8ed1ab_0.tar.bz2#3edde88a191701cf052216c4ba353a83
https://conda.anaconda.org/conda-forge/win-64/numpy-1.25.0-py310hd02465a_0.conda#63be5dd380067c6db32243e6ca56e8e8
https://conda.anaconda.org/conda-forge/win-64/qt-main-5.15.8-h720456b_6.conda#3047b05190091b66cf60017b8968a562
https://conda.anaconda.org/conda-forge/win-64/cftime-1.6.2-py310h9b08ddd_1.tar.bz2#6d26114b7e1313d82e85570789bd9ad0
https://conda.anaconda.org/conda-forge/win-64/contourpy-1.1.0-py310h232114e_0.conda#4079a644cfc3b1fbd72571dc0a87ea33
https://conda.anaconda.org/conda-forge/win-64/gmsh-4.11.1-h55117c2_2.conda#8f80611eace42dbcdcc37bfd4fe68b4f
https://conda.anaconda.org/conda-forge/win-64/h5py-3.8.0-nompi_py310hae7a582_100.conda#11d1655f752acb71dc77d632fb37afb3
https://conda.anaconda.org/conda-forge/noarch/ipykernel-6.24.0-pyh6817e22_0.conda#b5cd11cf19c739548e968c12e020c54d
https://conda.anaconda.org/conda-forge/noarch/nbconvert-core-7.6.0-pyhd8ed1ab_0.conda#879782bde4bbdb4c7b5d4054504a20d5
https://conda.anaconda.org/conda-forge/noarch/pyevtk-1.6.0-pyha21a80b_0.conda#40768f1f8c37fa1a0a38db1f16561fce
https://conda.anaconda.org/conda-forge/win-64/pyside2-5.15.8-py310hd741ceb_3.conda#e1c9613dc6bd39c8ac4d8679b49a070b
https://conda.anaconda.org/conda-forge/win-64/scipy-1.11.1-py310h578b7cb_0.conda#fb85b2c96db5aff50625fea18794c929
https://conda.anaconda.org/conda-forge/win-64/slycot-0.5.4-py310h89043ac_0.conda#6017c30013dc051ed85440240b9d28ee
https://conda.anaconda.org/conda-forge/noarch/ipyparallel-8.6.1-pyhd8ed1ab_0.conda#42eba197eb58b18703767c60103f0712
https://conda.anaconda.org/conda-forge/noarch/ipywidgets-8.0.6-pyhd8ed1ab_0.conda#68627a08556e4a273e4c7bfc84251457
https://conda.anaconda.org/conda-forge/noarch/jupyter_server-1.23.6-pyhd8ed1ab_0.conda#5016f7c6845a6efd270fcee63af9a2a0
https://conda.anaconda.org/conda-forge/win-64/matplotlib-base-3.7.1-py310h51140c5_0.conda#d8c42a72d04ad1b93ba7269e9949738e
https://conda.anaconda.org/conda-forge/noarch/nbconvert-pandoc-7.6.0-pyhd8ed1ab_0.conda#e8172ca42f2869bb90185c9356899e81
https://conda.anaconda.org/conda-forge/win-64/netcdf4-1.6.2-nompi_py310h459bb5f_100.tar.bz2#71f0444f4abebfd46c5a4a8f39c6a90c
https://conda.anaconda.org/conda-forge/noarch/ipympl-0.9.3-pyhd8ed1ab_0.conda#da113e1ecd782afd5ed2f7b5187aaea8
https://conda.anaconda.org/conda-forge/noarch/jupyter-server-mathjax-0.2.6-pyh5bfe37b_1.conda#11ca195fc8a16770661a387bcce27c36
https://conda.anaconda.org/conda-forge/noarch/k3d-2.15.3-pyhd8ed1ab_0.conda#d834d4a30c96ab8a11bfc92c0a016dfe
https://conda.anaconda.org/conda-forge/noarch/meshio-5.3.4-pyhd8ed1ab_0.tar.bz2#d06b23cad8f0645461da747eafb1e8c6
https://conda.anaconda.org/conda-forge/noarch/nbconvert-7.6.0-pyhd8ed1ab_0.conda#59976ee8df1c6f82c4aa94b5fd6b745e
https://conda.anaconda.org/conda-forge/noarch/notebook-shim-0.2.3-pyhd8ed1ab_0.conda#67e0fe74c156267d9159e9133df7fd37
https://conda.anaconda.org/conda-forge/noarch/nbclassic-1.0.0-pyhb4ecaf3_1.conda#a0be31e9bd84d6eae87cdbf74c56b90b
https://conda.anaconda.org/conda-forge/noarch/nbdime-3.2.1-pyhd8ed1ab_0.conda#7b6c7f9f427dd668fd1ef4c6b3454528
https://conda.anaconda.org/conda-forge/noarch/notebook-6.5.4-pyha770c72_0.conda#ec4ce3ce0a55ce21b6f5b86049b97af9
https://conda.anaconda.org/conda-forge/noarch/pytest_notebook-0.7.0-pyhd8ed1ab_0.tar.bz2#ff102a5cdf565f719d6047e770519f45
https://conda.anaconda.org/conda-forge/noarch/jupyter_contrib_core-0.4.0-pyhd8ed1ab_0.tar.bz2#411e592d362f923fac66550b9c3ce25e
https://conda.anaconda.org/conda-forge/win-64/jupyter_highlight_selected_word-0.2.0-py310h5588dad_1005.tar.bz2#1e658071624b0a64abc9f8c990b8093c
https://conda.anaconda.org/conda-forge/noarch/jupyter_latex_envs-1.4.6-pyhd8ed1ab_1002.tar.bz2#4b888fd7d6b4cdb6736878b2cf8ea951
https://conda.anaconda.org/conda-forge/noarch/jupyter_nbextensions_configurator-0.6.1-pyhd8ed1ab_0.conda#7fc02dc73038b4c3cb0cf2f4a5e94f0f
https://conda.anaconda.org/conda-forge/noarch/jupyter_contrib_nbextensions-0.7.0-pyhd8ed1ab_0.conda#e172ca934d0aa08617c87c5954574bbf
