# Generated by conda-lock.
# platform: osx-64
# input_hash: 14e4ce5d940df5fb123455ad007ecb5b2283be360483225d263ae052e1b3536c
@EXPLICIT
https://conda.anaconda.org/conda-forge/noarch/font-ttf-dejavu-sans-mono-2.37-hab24e00_0.tar.bz2#0c96522c6bdaed4b1566d11387caaf45
https://conda.anaconda.org/conda-forge/noarch/font-ttf-inconsolata-3.000-h77eed37_0.tar.bz2#34893075a5c9e55cdafac56607368fc6
https://conda.anaconda.org/conda-forge/noarch/font-ttf-source-code-pro-2.038-h77eed37_0.tar.bz2#4d59c254e01d9cde7957100457e2d5fb
https://conda.anaconda.org/conda-forge/noarch/font-ttf-ubuntu-0.83-h77eed37_3.conda#49023d73832ef61042f6a237cb2687e7
https://conda.anaconda.org/conda-forge/osx-64/libev-4.33-h10d778d_2.conda#899db79329439820b7e8f8de41bca902
https://conda.anaconda.org/conda-forge/noarch/python_abi-3.13-8_cp313.conda#94305520c52a4aa3f6c2b1ff6008d9f8
https://conda.anaconda.org/conda-forge/noarch/tzdata-2025c-hc9c84f9_1.conda#ad659d0a2b3e47e38d829aa8cad2d610
https://conda.anaconda.org/conda-forge/osx-64/bzip2-1.0.8-h500dc9f_9.conda#4173ac3b19ec0a4f400b4f782910368b
https://conda.anaconda.org/conda-forge/osx-64/c-ares-1.34.6-hb5e19a0_0.conda#fc9a153c57c9f070bebaa7eef30a8f17
https://conda.anaconda.org/conda-forge/noarch/ca-certificates-2026.1.4-hbd8a1cb_0.conda#bddacf101bb4dd0e51811cb69c7790e2
https://conda.anaconda.org/conda-forge/noarch/fonts-conda-forge-1-hc364b38_1.conda#a7970cd949a077b7cb9696379d338681
https://conda.anaconda.org/conda-forge/osx-64/icu-78.2-h14c5de8_0.conda#30334add4de016489b731c6662511684
https://conda.anaconda.org/conda-forge/osx-64/libbrotlicommon-1.2.0-h8616949_1.conda#f157c098841474579569c85a60ece586
https://conda.anaconda.org/conda-forge/osx-64/libcxx-21.1.8-h4fb565c_2.conda#1ac756454e65fb3fd7bc7de599526e43
https://conda.anaconda.org/conda-forge/osx-64/libdeflate-1.25-h517ebb2_0.conda#31aa65919a729dc48180893f62c25221
https://conda.anaconda.org/conda-forge/osx-64/libexpat-2.7.4-h991f03e_0.conda#a684eb8a19b2aa68fde0267df172a1e3
https://conda.anaconda.org/conda-forge/osx-64/libffi-3.5.2-hd1f9c09_0.conda#66a0dc7464927d0853b590b6f53ba3ea
https://conda.anaconda.org/conda-forge/osx-64/libiconv-1.18-h57a12c2_2.conda#210a85a1119f97ea7887188d176db135
https://conda.anaconda.org/conda-forge/osx-64/libjpeg-turbo-3.1.2-h8616949_0.conda#48dda187f169f5a8f1e5e07701d5cdd9
https://conda.anaconda.org/conda-forge/osx-64/liblzma-5.8.2-h11316ed_0.conda#688a0c3d57fa118b9c97bf7e471ab46c
https://conda.anaconda.org/conda-forge/osx-64/libmpdec-4.0.0-hf3981d6_1.conda#ec88ba8a245855935b871a7324373105
https://conda.anaconda.org/conda-forge/osx-64/libntlm-1.8-h6e16a3a_0.conda#23d706dbe90b54059ad86ff826677f39
https://conda.anaconda.org/conda-forge/osx-64/libsodium-1.0.20-hfdf4475_0.conda#6af4b059e26492da6013e79cbcb4d069
https://conda.anaconda.org/conda-forge/osx-64/libwebp-base-1.6.0-hb807250_0.conda#7bb6608cf1f83578587297a158a6630b
https://conda.anaconda.org/conda-forge/osx-64/libzlib-1.3.1-hd23fc13_2.conda#003a54a4e32b02f7355b50a837e699da
https://conda.anaconda.org/conda-forge/osx-64/llvm-openmp-21.1.8-h472b3d1_0.conda#e2d811e9f464dd67398b4ce1f9c7c872
https://conda.anaconda.org/conda-forge/osx-64/ncurses-6.5-h0622a9a_3.conda#ced34dd9929f491ca6dab6a2927aff25
https://conda.anaconda.org/conda-forge/osx-64/pthread-stubs-0.4-h00291cd_1002.conda#8bcf980d2c6b17094961198284b8e862
https://conda.anaconda.org/conda-forge/osx-64/xorg-libxau-1.0.12-h8616949_1.conda#47f1b8b4a76ebd0cd22bd7153e54a4dc
https://conda.anaconda.org/conda-forge/osx-64/xorg-libxdmcp-1.1.5-h8616949_1.conda#435446d9d7db8e094d2c989766cfb146
https://conda.anaconda.org/conda-forge/osx-64/yaml-0.2.5-h4132b18_3.conda#a645bb90997d3fc2aea0adf6517059bd
https://conda.anaconda.org/conda-forge/osx-64/_openmp_mutex-4.5-7_kmp_llvm.conda#eaac87c21aff3ed21ad9656697bb8326
https://conda.anaconda.org/conda-forge/osx-64/double-conversion-3.4.0-heffb93a_0.conda#b251c88f4ec1a4d59f4caf5224360909
https://conda.anaconda.org/conda-forge/noarch/fonts-conda-ecosystem-1-0.tar.bz2#fee5683a3f04bd15cbd8318b096a27ab
https://conda.anaconda.org/conda-forge/osx-64/graphite2-1.3.14-h21dd04a_2.conda#ba63822087afc37e01bf44edcc2479f3
https://conda.anaconda.org/conda-forge/osx-64/hdf4-4.2.15-h8138101_7.conda#7ce543bf38dbfae0de9af112ee178af2
https://conda.anaconda.org/conda-forge/osx-64/lerc-4.0.0-hcca01a6_1.conda#21f765ced1a0ef4070df53cb425e1967
https://conda.anaconda.org/conda-forge/osx-64/libaec-1.1.5-he7c3a48_0.conda#975f98248cde8d54884c6d1eb5184e13
https://conda.anaconda.org/conda-forge/osx-64/libbrotlidec-1.2.0-h8616949_1.conda#63186ac7a8a24b3528b4b14f21c03f54
https://conda.anaconda.org/conda-forge/osx-64/libbrotlienc-1.2.0-h8616949_1.conda#12a58fd3fc285ce20cf20edf21a0ff8f
https://conda.anaconda.org/conda-forge/osx-64/libedit-3.1.20250104-pl5321ha958ccf_0.conda#1f4ed31220402fcddc083b4bff406868
https://conda.anaconda.org/conda-forge/osx-64/libintl-0.25.1-h3184127_1.conda#a8e54eefc65645193c46e8b180f62d22
https://conda.anaconda.org/conda-forge/osx-64/libpng-1.6.55-h07817ec_0.conda#4fc7ed44d55aaf1d72b8fbc18774b90c
https://conda.anaconda.org/conda-forge/osx-64/libsqlite-3.51.2-hb99441e_0.conda#d910105ce2b14dfb2b32e92ec7653420
https://conda.anaconda.org/conda-forge/osx-64/libxcb-1.17.0-hf1f96e2_0.conda#bbeca862892e2898bdb45792a61c4afc
https://conda.anaconda.org/conda-forge/osx-64/libxml2-16-2.15.1-he456531_1.conda#6cd21078a491bdf3fdb7482e1680ef63
https://conda.anaconda.org/conda-forge/osx-64/lz4-c-1.10.0-h240833e_1.conda#d6b9bd7e356abd7e3a633d59b753495a
https://conda.anaconda.org/conda-forge/osx-64/openssl-3.6.1-hb6871ef_1.conda#30bb8d08b99b9a7600d39efb3559fff0
https://conda.anaconda.org/conda-forge/osx-64/pcre2-10.47-h13923f0_0.conda#08f970fb2b75f5be27678e077ebedd46
https://conda.anaconda.org/conda-forge/osx-64/pixman-0.46.4-ha059160_1.conda#742a8552e51029585a32b6024e9f57b4
https://conda.anaconda.org/conda-forge/osx-64/qhull-2020.2-h3c5361c_5.conda#dd1ea9ff27c93db7c01a7b7656bd4ad4
https://conda.anaconda.org/conda-forge/osx-64/readline-8.3-h68b038d_0.conda#eefd65452dfe7cce476a519bece46704
https://conda.anaconda.org/conda-forge/osx-64/snappy-1.2.2-h01f5ddf_1.conda#2e993292ec18af5cd480932d448598cf
https://conda.anaconda.org/conda-forge/osx-64/tk-8.6.13-h7142dee_3.conda#6e6efb7463f8cef69dbcb4c2205bf60e
https://conda.anaconda.org/conda-forge/osx-64/zlib-ng-2.3.3-h8bce59a_1.conda#b3ecb6480fd46194e3f7dd0ff4445dff
https://conda.anaconda.org/conda-forge/osx-64/zstd-1.5.7-h3eecb57_6.conda#727109b184d680772e3122f40136d5ca
https://conda.anaconda.org/conda-forge/osx-64/blosc-1.21.6-hd145fbb_1.conda#717852102c68a082992ce13a53403f9d
https://conda.anaconda.org/conda-forge/osx-64/brotli-bin-1.2.0-h8616949_1.conda#34803b20dfec7af32ba675c5ccdbedbf
https://conda.anaconda.org/conda-forge/osx-64/krb5-1.21.3-h37d8d59_0.conda#d4765c524b1d91567886bde656fb514b
https://conda.anaconda.org/conda-forge/osx-64/libfreetype6-2.14.1-h6912278_0.conda#dfbdc8fd781dc3111541e4234c19fdbd
https://conda.anaconda.org/conda-forge/osx-64/libgcc-15.2.0-h08519bb_18.conda#9a5cb96e43f5c2296690186e15b3296f
https://conda.anaconda.org/conda-forge/osx-64/libglib-2.86.4-hec30fc1_1.conda#b8437d8dc24f46da3565d7f0c5a96d45
https://conda.anaconda.org/conda-forge/osx-64/libnghttp2-1.67.0-h3338091_0.conda#e7630cef881b1174d40f3e69a883e55f
https://conda.anaconda.org/conda-forge/osx-64/libssh2-1.11.1-hed3591d_0.conda#a6cb15db1c2dc4d3a5f6cf3772e09e81
https://conda.anaconda.org/conda-forge/osx-64/libtiff-4.7.1-ha0a348c_1.conda#9d4344f94de4ab1330cdc41c40152ea6
https://conda.anaconda.org/conda-forge/osx-64/libxml2-2.15.1-h24ca049_1.conda#c58fc83257ad06634b9c935099ef2680
https://conda.anaconda.org/conda-forge/osx-64/libzip-1.11.2-h31df5bb_0.conda#3cf12c97a18312c9243a895580bf5be6
https://conda.anaconda.org/conda-forge/osx-64/python-3.13.12-h894a449_100_cp313.conda#99b1fa1fe8a8ab58224969f4568aadca
https://conda.anaconda.org/conda-forge/noarch/appnope-0.1.4-pyhd8ed1ab_1.conda#54898d0f524c9dee622d44bbb081a8ab
https://conda.anaconda.org/conda-forge/noarch/asttokens-3.0.1-pyhd8ed1ab_0.conda#9673a61a297b00016442e022d689faa6
https://conda.anaconda.org/conda-forge/noarch/attrs-25.4.0-pyhcf101f3_1.conda#537296d57ea995666c68c821b00e360b
https://conda.anaconda.org/conda-forge/osx-64/backports.zoneinfo-0.2.1-py313habf4b1d_11.conda#b950daa56e6fd0a15394bf6e5952826c
https://conda.anaconda.org/conda-forge/osx-64/backports.zstd-1.3.0-py313h591e92b_0.conda#c602f30b6c45567cd5cfb074631beb5d
https://conda.anaconda.org/conda-forge/osx-64/brotli-1.2.0-hf139dec_1.conda#149d8ee7d6541a02a6117d8814fd9413
https://conda.anaconda.org/conda-forge/osx-64/brotli-python-1.2.0-py313h8d69aa9_1.conda#7c5e382b4d5161535f1dd258103fea51
https://conda.anaconda.org/conda-forge/noarch/cached_property-1.5.2-pyha770c72_1.tar.bz2#576d629e47797577ab0f1b351297ef4a
https://conda.anaconda.org/conda-forge/noarch/certifi-2026.1.4-pyhd8ed1ab_0.conda#eacc711330cd46939f66cd401ff9c44b
https://conda.anaconda.org/conda-forge/noarch/charset-normalizer-3.4.4-pyhd8ed1ab_0.conda#a22d1fd9bf98827e280a02875d9a007a
https://conda.anaconda.org/conda-forge/noarch/click-8.3.1-pyh8f84b5b_1.conda#ea8a6c3256897cc31263de9f455e25d9
https://conda.anaconda.org/conda-forge/noarch/colorama-0.4.6-pyhd8ed1ab_1.conda#962b9857ee8e7018c22f2776ffa0b2d7
https://conda.anaconda.org/conda-forge/noarch/comm-0.2.3-pyhe01879c_0.conda#2da13f2b299d8e1995bafbbe9689a2f7
https://conda.anaconda.org/conda-forge/noarch/cpython-3.13.12-py313hd8ed1ab_100.conda#9a4b8a37303b933b847c14a310f0557b
https://conda.anaconda.org/conda-forge/noarch/cycler-0.12.1-pyhcf101f3_2.conda#4c2a8fef270f6c69591889b93f9f55c1
https://conda.anaconda.org/conda-forge/osx-64/cyrus-sasl-2.1.28-h610c526_0.conda#314cd5e4aefc50fec5ffd80621cfb4f8
https://conda.anaconda.org/conda-forge/osx-64/debugpy-1.8.20-py313h8b5a893_0.conda#d97267b6016ad4bfb48874defeab29ea
https://conda.anaconda.org/conda-forge/noarch/decorator-5.2.1-pyhd8ed1ab_0.conda#9ce473d1d1be1cc3810856a48b3fab32
https://conda.anaconda.org/conda-forge/noarch/defusedxml-0.7.1-pyhd8ed1ab_0.tar.bz2#961b3a227b437d82ad7054484cfa71b2
https://conda.anaconda.org/conda-forge/noarch/diskcache-5.6.3-pyhd8ed1ab_1.conda#1c33d47dcfb2f90c80c6d2213f9d65d7
https://conda.anaconda.org/conda-forge/noarch/docstring_parser-0.17.0-pyhd8ed1ab_0.conda#ce49d3e5a7d20be2ba57a2c670bdd82e
https://conda.anaconda.org/conda-forge/noarch/docutils-0.22.4-pyhd8ed1ab_0.conda#d6bd3cd217e62bbd7efe67ff224cd667
https://conda.anaconda.org/conda-forge/noarch/executing-2.2.1-pyhd8ed1ab_0.conda#ff9efb7f7469aed3c4a8106ffa29593c
https://conda.anaconda.org/conda-forge/noarch/hpack-4.1.0-pyhd8ed1ab_0.conda#0a802cb9888dd14eeefc611f05c40b6e
https://conda.anaconda.org/conda-forge/noarch/hyperframe-6.1.0-pyhd8ed1ab_0.conda#8e6923fc12f1fe8f8c4e5c9f343256ac
https://conda.anaconda.org/conda-forge/noarch/idna-3.11-pyhd8ed1ab_0.conda#53abe63df7e10a6ba605dc5f9f961d36
https://conda.anaconda.org/conda-forge/noarch/iniconfig-2.3.0-pyhd8ed1ab_0.conda#9614359868482abba1bd15ce465e3c42
https://conda.anaconda.org/conda-forge/noarch/json5-0.13.0-pyhd8ed1ab_0.conda#8d5f66ebf832c4ce28d5c37a0e76605c
https://conda.anaconda.org/conda-forge/noarch/jsonpointer-3.0.0-pyhcf101f3_3.conda#cd2214824e36b0180141d422aba01938
https://conda.anaconda.org/conda-forge/noarch/jupyterlab_widgets-3.0.16-pyhcf101f3_1.conda#dbf8b81974504fa51d34e436ca7ef389
https://conda.anaconda.org/conda-forge/osx-64/kiwisolver-1.4.9-py313ha1c5e85_2.conda#cadc416f7c960ce1436bb6cc8a0f75e4
https://conda.anaconda.org/conda-forge/noarch/lark-1.3.1-pyhd8ed1ab_0.conda#9b965c999135d43a3d0f7bd7d024e26a
https://conda.anaconda.org/conda-forge/osx-64/lcms2-2.18-h90db99b_0.conda#753acc10c7277f953f168890e5397c80
https://conda.anaconda.org/conda-forge/osx-64/libcurl-8.18.0-h9348e2b_0.conda#de1910529f64ba4a9ac9005e0be78601
https://conda.anaconda.org/conda-forge/osx-64/libfreetype-2.14.1-h694c41f_0.conda#e0e2edaf5e0c71b843e25a7ecc451cc9
https://conda.anaconda.org/conda-forge/osx-64/libgfortran5-15.2.0-hd16e46c_18.conda#ca52daf58cea766656266c8771d8be81
https://conda.anaconda.org/conda-forge/osx-64/libllvm19-19.1.7-h56e7563_2.conda#05a54b479099676e75f80ad0ddd38eff
https://conda.anaconda.org/conda-forge/osx-64/libllvm21-21.1.8-h56e7563_0.conda#8f26c2dbe4213a12b6595f4b941ac9cb
https://conda.anaconda.org/conda-forge/osx-64/libxslt-1.1.43-h486b42e_1.conda#367b8029352f3899fb76cc20f4d144b9
https://conda.anaconda.org/conda-forge/osx-64/markupsafe-3.0.3-py313h0f4d31d_0.conda#884a82dc80ecd251e38d647808c424b3
https://conda.anaconda.org/conda-forge/noarch/mdurl-0.1.2-pyhd8ed1ab_1.conda#592132998493b3ff25fd7479396e8351
https://conda.anaconda.org/conda-forge/osx-64/msgpack-python-1.1.2-py313h5eff275_1.conda#44f1e465412acc4aeb8290acd756fb58
https://conda.anaconda.org/conda-forge/noarch/munkres-1.1.4-pyhd8ed1ab_1.conda#37293a85a0f4f77bbd9cf7aaefc62609
https://conda.anaconda.org/conda-forge/noarch/nest-asyncio-1.6.0-pyhd8ed1ab_1.conda#598fd7d4d0de2455fb74f56063969a97
https://conda.anaconda.org/conda-forge/osx-64/openjpeg-2.5.4-h87e8dc5_0.conda#a67d3517ebbf615b91ef9fdc99934e0c
https://conda.anaconda.org/conda-forge/noarch/packaging-26.0-pyhcf101f3_0.conda#b76541e68fea4d511b1ac46a28dcd2c6
https://conda.anaconda.org/conda-forge/noarch/pandocfilters-1.5.0-pyhd8ed1ab_0.tar.bz2#457c2c8c08e54905d6954e79cb5b5db9
https://conda.anaconda.org/conda-forge/noarch/parso-0.8.6-pyhcf101f3_0.conda#97c1ce2fffa1209e7afb432810ec6e12
https://conda.anaconda.org/conda-forge/noarch/pip-26.0.1-pyh145f28c_0.conda#09a970fbf75e8ed1aa633827ded6aa4f
https://conda.anaconda.org/conda-forge/noarch/platformdirs-4.9.2-pyhcf101f3_0.conda#4fefefb892ce9cc1539405bec2f1a6cd
https://conda.anaconda.org/conda-forge/noarch/pluggy-1.6.0-pyhf9edf01_1.conda#d7585b6550ad04c8c5e21097ada2888e
https://conda.anaconda.org/conda-forge/noarch/prometheus_client-0.24.1-pyhd8ed1ab_0.conda#7526d20621b53440b0aae45d4797847e
https://conda.anaconda.org/conda-forge/osx-64/psutil-7.2.2-py313h16366db_0.conda#c8185e1891ace76e565b4c28dd50ed5d
https://conda.anaconda.org/conda-forge/noarch/ptyprocess-0.7.0-pyhd8ed1ab_1.conda#7d9daffbb8d8e0af0f769dbbcd173a54
https://conda.anaconda.org/conda-forge/noarch/pure_eval-0.2.3-pyhd8ed1ab_1.conda#3bfdfb8dbcdc4af1ae3f9a8eb3948f04
https://conda.anaconda.org/conda-forge/noarch/pycparser-2.22-pyh29332c3_1.conda#12c566707c80111f9799308d9e265aef
https://conda.anaconda.org/conda-forge/noarch/pygments-2.19.2-pyhd8ed1ab_0.conda#6b6ece66ebcae2d5f326c77ef2c5a066
https://conda.anaconda.org/conda-forge/noarch/pyopengl-3.1.6-pyhd8ed1ab_2.conda#e5f029b9da151034a6ba72f592599dd6
https://conda.anaconda.org/conda-forge/noarch/pyparsing-3.3.2-pyhcf101f3_0.conda#3687cc0b82a8b4c17e1f0eb7e47163d5
https://conda.anaconda.org/conda-forge/noarch/pysocks-1.7.1-pyha55dd90_7.conda#461219d1a5bd61342293efa2c0c90eac
https://conda.anaconda.org/conda-forge/noarch/python-fastjsonschema-2.21.2-pyhe01879c_0.conda#23029aae904a2ba587daba708208012f
https://conda.anaconda.org/conda-forge/noarch/python-json-logger-2.0.7-pyhd8ed1ab_0.conda#a61bf9ec79426938ff785eb69dbb1960
https://conda.anaconda.org/conda-forge/noarch/python-tzdata-2025.3-pyhd8ed1ab_0.conda#7ead57407430ba33f681738905278d03
https://conda.anaconda.org/conda-forge/noarch/pytz-2025.2-pyhd8ed1ab_0.conda#bc8e3267d44011051f2eb14d22fb0960
https://conda.anaconda.org/conda-forge/osx-64/pyyaml-6.0.3-py313h7c6a591_1.conda#0eaf6cf9939bb465ee62b17d04254f9e
https://conda.anaconda.org/conda-forge/noarch/rfc3986-validator-0.1.1-pyh9f0ad1d_0.tar.bz2#912a71cc01012ee38e6b90ddd561e36f
https://conda.anaconda.org/conda-forge/osx-64/rpds-py-0.30.0-py313hcc225dc_0.conda#7c8790b86262342a2c4f4c9709cf61ae
https://conda.anaconda.org/conda-forge/noarch/setuptools-82.0.0-pyh332efcf_0.conda#1d00d46c634177fc8ede8b99d6089239
https://conda.anaconda.org/conda-forge/noarch/six-1.17.0-pyhe01879c_1.conda#3339e3b65d58accf4ca4fb8748ab16b3
https://conda.anaconda.org/conda-forge/noarch/sniffio-1.3.1-pyhd8ed1ab_2.conda#03fe290994c5e4ec17293cfb6bdce520
https://conda.anaconda.org/conda-forge/noarch/sortedcontainers-2.4.0-pyhd8ed1ab_1.conda#0401a17ae845fa72c7210e206ec5647d
https://conda.anaconda.org/conda-forge/noarch/soupsieve-2.8.3-pyhd8ed1ab_0.conda#18de09b20462742fe093ba39185d9bac
https://conda.anaconda.org/conda-forge/noarch/threadpoolctl-3.6.0-pyhecae5ae_0.conda#9d64911b31d57ca443e9f1e36b04385f
https://conda.anaconda.org/conda-forge/noarch/tomli-2.4.0-pyhcf101f3_0.conda#72e780e9aa2d0a3295f59b1874e3768b
https://conda.anaconda.org/conda-forge/osx-64/tornado-6.5.4-py313h16c19ce_0.conda#d8976bd40232eea804fa55c429774c0d
https://conda.anaconda.org/conda-forge/noarch/tqdm-4.67.3-pyh8f84b5b_0.conda#e5ce43272193b38c2e9037446c1d9206
https://conda.anaconda.org/conda-forge/noarch/traitlets-5.14.3-pyhd8ed1ab_1.conda#019a7385be9af33791c989871317e1ed
https://conda.anaconda.org/conda-forge/noarch/typing_extensions-4.15.0-pyhcf101f3_0.conda#0caa1af407ecff61170c9437a808404d
https://conda.anaconda.org/conda-forge/noarch/typing_utils-0.1.0-pyhd8ed1ab_1.conda#f6d7aa696c67756a650e91e15e88223c
https://conda.anaconda.org/conda-forge/noarch/uri-template-1.3.0-pyhd8ed1ab_1.conda#e7cb0f5745e4c5035a460248334af7eb
https://conda.anaconda.org/conda-forge/noarch/wcwidth-0.6.0-pyhd8ed1ab_0.conda#c3197f8c0d5b955c904616b716aca093
https://conda.anaconda.org/conda-forge/noarch/webcolors-25.10.0-pyhd8ed1ab_0.conda#6639b6b0d8b5a284f027a2003669aa65
https://conda.anaconda.org/conda-forge/noarch/webencodings-0.5.1-pyhd8ed1ab_3.conda#2841eb5bfc75ce15e9a0054b98dcd64d
https://conda.anaconda.org/conda-forge/noarch/websocket-client-1.9.0-pyhd8ed1ab_0.conda#2f1ed718fcd829c184a6d4f0f2e07409
https://conda.anaconda.org/conda-forge/noarch/widgetsnbextension-4.0.15-pyhd8ed1ab_0.conda#dc257b7e7cad9b79c1dfba194e92297b
https://conda.anaconda.org/conda-forge/noarch/xmljson-0.2.1-pyhd8ed1ab_1.conda#631c1253de01a167d10867fcd2813405
https://conda.anaconda.org/conda-forge/osx-64/zeromq-4.3.5-h6c33b1e_9.conda#d940d809c42fbf85b05814c3290660f5
https://conda.anaconda.org/conda-forge/noarch/zipp-3.23.0-pyhcf101f3_1.conda#30cd29cb87d819caead4d55184c1d115
https://conda.anaconda.org/conda-forge/noarch/async-lru-2.2.0-pyhcf101f3_0.conda#2cdaf7f8bda7eb9ce49c3e08f2f65803
https://conda.anaconda.org/conda-forge/noarch/babel-2.18.0-pyhcf101f3_0.conda#ea5be9abc2939c8431893b4e123a2065
https://conda.anaconda.org/conda-forge/noarch/bleach-6.3.0-pyhcf101f3_1.conda#7c5ebdc286220e8021bf55e6384acd67
https://conda.anaconda.org/conda-forge/noarch/cached-property-1.5.2-hd8ed1ab_1.tar.bz2#9b347a7ec10940d3f7941ff6c460b551
https://conda.anaconda.org/conda-forge/osx-64/cffi-2.0.0-py313hf57695f_1.conda#b10f64f2e725afc9bf2d9b30eff6d0ea
https://conda.anaconda.org/conda-forge/osx-64/coverage-7.13.4-py313h7c6a591_0.conda#3596dc3d4cebd9b7c27ff69c28ead0c0
https://conda.anaconda.org/conda-forge/noarch/exceptiongroup-1.3.1-pyhd8ed1ab_0.conda#8e662bd460bda79b1ea39194e3c4c9ab
https://conda.anaconda.org/conda-forge/osx-64/fontconfig-2.17.1-h7a4440b_0.conda#4646a20e8bbb54903d6b8e631ceb550d
https://conda.anaconda.org/conda-forge/osx-64/fonttools-4.61.1-py313h0f4d31d_0.conda#77978c974cba250d6ee95a4c29aad08e
https://conda.anaconda.org/conda-forge/osx-64/freetype-2.14.1-h694c41f_0.conda#ca641fdf8b7803f4b7212b6d66375930
https://conda.anaconda.org/conda-forge/noarch/h11-0.16.0-pyhcf101f3_1.conda#b8993c19b0c32a2f7b66cbb58ca27069
https://conda.anaconda.org/conda-forge/noarch/h2-4.3.0-pyhcf101f3_0.conda#164fc43f0b53b6e3a7bc7dce5e4f1dc9
https://conda.anaconda.org/conda-forge/noarch/importlib-metadata-8.7.0-pyhe01879c_1.conda#63ccfdc3a3ce25b027b8767eb722fca8
https://conda.anaconda.org/conda-forge/noarch/importlib_resources-6.5.2-pyhd8ed1ab_0.conda#c85c76dc67d75619a92f51dfbce06992
https://conda.anaconda.org/conda-forge/noarch/ipython_pygments_lexers-1.1.1-pyhd8ed1ab_0.conda#bd80ba060603cc228d9d81c257093119
https://conda.anaconda.org/conda-forge/noarch/jedi-0.19.2-pyhd8ed1ab_1.conda#a4f4c5dc9b80bc50e0d3dc4e6e8f1bd9
https://conda.anaconda.org/conda-forge/noarch/jinja2-3.1.6-pyhcf101f3_1.conda#04558c96691bed63104678757beb4f8d
https://conda.anaconda.org/conda-forge/noarch/jupyter_core-5.9.1-pyhc90fa1f_0.conda#b38fe4e78ee75def7e599843ef4c1ab0
https://conda.anaconda.org/conda-forge/noarch/jupyterlab_pygments-0.3.0-pyhd8ed1ab_2.conda#fd312693df06da3578383232528c468d
https://conda.anaconda.org/conda-forge/osx-64/libclang-cpp19.1-19.1.7-default_hd70426c_7.conda#b671ac86f33848f3bc3a6066d21c37dd
https://conda.anaconda.org/conda-forge/osx-64/libclang13-21.1.8-default_h5e75a71_3.conda#5ab33e0279aee90a469169710a140124
https://conda.anaconda.org/conda-forge/osx-64/libgfortran-15.2.0-h7e5c614_18.conda#34a9f67498721abcfef00178bcf4b190
https://conda.anaconda.org/conda-forge/osx-64/lxml-6.0.2-py313h00bd3da_2.conda#4158c697b90cba2db2ca8d58bd4461fb
https://conda.anaconda.org/conda-forge/noarch/markdown-it-py-4.0.0-pyhd8ed1ab_0.conda#5b5203189eb668f042ac2b0826244964
https://conda.anaconda.org/conda-forge/noarch/matplotlib-inline-0.2.1-pyhd8ed1ab_0.conda#00e120ce3e40bad7bfc78861ce3c4a25
https://conda.anaconda.org/conda-forge/noarch/mistune-3.2.0-pyhcf101f3_0.conda#b11e360fc4de2b0035fc8aaa74f17fd6
https://conda.anaconda.org/conda-forge/osx-64/openldap-2.6.10-hd8a590d_0.conda#60bd9b6c1e5208ff2f4a39ab3eabdee8
https://conda.anaconda.org/conda-forge/noarch/overrides-7.7.0-pyhd8ed1ab_1.conda#e51f1e4089cad105b6cac64bd8166587
https://conda.anaconda.org/conda-forge/noarch/pexpect-4.9.0-pyhd8ed1ab_1.conda#d0d408b1f18883a944376da5cf8101ea
https://conda.anaconda.org/conda-forge/osx-64/pillow-12.1.1-py313h16bb925_0.conda#48512b2603412e99b702dd177f991ffd
https://conda.anaconda.org/conda-forge/noarch/prompt-toolkit-3.0.52-pyha770c72_0.conda#edb16f14d920fb3faf17f5ce582942d6
https://conda.anaconda.org/conda-forge/osx-64/pyobjc-core-12.1-py313h07bcf3a_0.conda#6a2c3a617a70f97ca53b7b88461b1c27
https://conda.anaconda.org/conda-forge/noarch/python-dateutil-2.9.0.post0-pyhe01879c_2.conda#5b8d21249ff20967101ffa321cab24e8
https://conda.anaconda.org/conda-forge/noarch/python-gil-3.13.12-h4df99d1_100.conda#3d92938d5b83c49162ade038aab58a59
https://conda.anaconda.org/conda-forge/noarch/qtpy-2.4.3-pyhd8ed1ab_1.conda#b49c000df5aca26d36b3f078ba85e03a
https://conda.anaconda.org/conda-forge/noarch/referencing-0.37.0-pyhcf101f3_0.conda#870293df500ca7e18bedefa5838a22ab
https://conda.anaconda.org/conda-forge/noarch/rfc3339-validator-0.1.4-pyhd8ed1ab_1.conda#36de09a8d3e5d5e6f4ee63af49e59706
https://conda.anaconda.org/conda-forge/noarch/rfc3987-syntax-1.1.0-pyhe01879c_1.conda#7234f99325263a5af6d4cd195035e8f2
https://conda.anaconda.org/conda-forge/noarch/stack_data-0.6.3-pyhd8ed1ab_1.conda#b1b505328da7a6b246787df4b5a49fbc
https://conda.anaconda.org/conda-forge/noarch/terminado-0.18.1-pyhc90fa1f_1.conda#17b43cee5cc84969529d5d0b0309b2cb
https://conda.anaconda.org/conda-forge/noarch/tinycss2-1.4.0-pyhd8ed1ab_0.conda#f1acf5fdefa8300de697982bcb1761c9
https://conda.anaconda.org/conda-forge/noarch/traittypes-0.2.3-pyh332efcf_0.conda#d22a0bf07f57cfb1240185961d182a8d
https://conda.anaconda.org/conda-forge/noarch/typing-extensions-4.15.0-h396c80c_0.conda#edd329d7d3a4ab45dcf905899a7a6115
https://conda.anaconda.org/conda-forge/noarch/_python_abi3_support-1.0-hd8ed1ab_2.conda#aaa2a381ccc56eac91d63b6c1240312f
https://conda.anaconda.org/conda-forge/noarch/anyio-4.12.1-pyhcf101f3_0.conda#11a2b8c732d215d977998ccd69a9d5e8
https://conda.anaconda.org/conda-forge/osx-64/argon2-cffi-bindings-25.1.0-py313hf050af9_2.conda#1fedb53ffc72b7d1162daa934ad7996b
https://conda.anaconda.org/conda-forge/noarch/arrow-1.4.0-pyhcf101f3_0.conda#85c4f19f377424eafc4ed7911b291642
https://conda.anaconda.org/conda-forge/noarch/beautifulsoup4-4.14.3-pyha770c72_0.conda#5267bef8efea4127aacd1f4e1f149b6e
https://conda.anaconda.org/conda-forge/noarch/bleach-with-css-6.3.0-hbca2aae_1.conda#f11a319b9700b203aa14c295858782b6
https://conda.anaconda.org/conda-forge/osx-64/cairo-1.18.4-h7656bdc_1.conda#9917add2ab43df894b9bb6f5bf485975
https://conda.anaconda.org/conda-forge/noarch/fqdn-1.5.1-pyhd8ed1ab_1.conda#d3549fd50d450b6d9e7dddff25dd2110
https://conda.anaconda.org/conda-forge/osx-64/hdf5-1.14.6-nompi_hf563b80_106.conda#b74e900265ad3808337cd542cfad6733
https://conda.anaconda.org/conda-forge/noarch/hypothesis-6.56.3-pyha770c72_3.tar.bz2#2d3751942dacfb88033d66486c452cc2
https://conda.anaconda.org/conda-forge/noarch/importlib_metadata-8.7.0-h40b2b14_1.conda#8a77895fb29728b736a1a6c75906ea1a
https://conda.anaconda.org/conda-forge/noarch/ipython-9.10.0-pyh53cf698_0.conda#441ca4e203a62f7db2f29f190c02b9cf
https://conda.anaconda.org/conda-forge/noarch/jsonschema-specifications-2025.9.1-pyhcf101f3_0.conda#439cd0f567d697b20a8f45cb70a1005a
https://conda.anaconda.org/conda-forge/noarch/jupyter_server_terminals-0.5.4-pyhcf101f3_0.conda#7b8bace4943e0dc345fc45938826f2b8
https://conda.anaconda.org/conda-forge/osx-64/libopenblas-0.3.30-openmp_h6006d49_4.conda#9241a65e6e9605e4581a2a8005d7f789
https://conda.anaconda.org/conda-forge/osx-64/libpq-18.2-hb73b81d_0.conda#658f7ca7c772526d3063633953be3e59
https://conda.anaconda.org/conda-forge/osx-64/pyobjc-framework-cocoa-12.1-py313hf669bc3_0.conda#628b5ad83d6140fe4bfa937e2f357ed7
https://conda.anaconda.org/conda-forge/noarch/pytest-9.0.2-pyhcf101f3_0.conda#2b694bad8a50dc2f712f5368de866480
https://conda.anaconda.org/conda-forge/noarch/rich-14.3.3-pyhcf101f3_0.conda#7a6289c50631d620652f5045a63eb573
https://conda.anaconda.org/conda-forge/noarch/urllib3-2.6.3-pyhd8ed1ab_0.conda#9272daa869e03efe68833e3dc7a02130
https://conda.anaconda.org/conda-forge/noarch/argon2-cffi-25.1.0-pyhd8ed1ab_0.conda#8ac12aff0860280ee0cff7fa2cf63f3b
https://conda.anaconda.org/conda-forge/osx-64/harfbuzz-12.3.2-h8b84c26_0.conda#8f6cf0a04e0de00a0df87dd452a512ce
https://conda.anaconda.org/conda-forge/noarch/httpcore-1.0.9-pyh29332c3_0.conda#4f14640d58e2cc0aa0819d9d8ba125bb
https://conda.anaconda.org/conda-forge/noarch/ipywidgets-8.1.8-pyhd8ed1ab_0.conda#d68e3f70d1f068f1b66d94822fdc644e
https://conda.anaconda.org/conda-forge/noarch/isoduration-20.11.0-pyhd8ed1ab_1.conda#0b0154421989637d424ccf0f104be51a
https://conda.anaconda.org/conda-forge/noarch/jsonschema-4.26.0-pyhcf101f3_0.conda#ada41c863af263cc4c5fcbaff7c3e4dc
https://conda.anaconda.org/conda-forge/osx-64/libblas-3.11.0-5_he492b99_openblas.conda#36d2e68a156692cbae776b75d6ca6eae
https://conda.anaconda.org/conda-forge/osx-64/libnetcdf-4.9.3-nompi_h29b767a_104.conda#6515420f8cc50150e846b779ad1b3f8b
https://conda.anaconda.org/conda-forge/noarch/pytest-cov-7.0.0-pyhcf101f3_1.conda#6891acad5e136cb62a8c2ed2679d6528
https://conda.anaconda.org/conda-forge/noarch/pytest-datadir-1.8.0-pyhd8ed1ab_0.conda#e46da0323c9a50ef1b53c20d33e243a0
https://conda.anaconda.org/conda-forge/osx-64/pyzmq-27.1.0-py312h2ac7433_2.conda#98bc7fb12f6efc9c08eeeac21008a199
https://conda.anaconda.org/conda-forge/noarch/requests-2.32.5-pyhcf101f3_1.conda#c65df89a0b2e321045a9e01d1337b182
https://conda.anaconda.org/conda-forge/noarch/rich-rst-1.3.2-pyhd8ed1ab_0.conda#cbd84dbdb3f5a7d762b5fb2b0d49e7cd
https://conda.anaconda.org/conda-forge/noarch/send2trash-2.1.0-pyh5552912_1.conda#b70e2d44e6aa2beb69ba64206a16e4c6
https://conda.anaconda.org/conda-forge/noarch/cyclopts-4.5.4-pyhcf101f3_0.conda#11e433386dd008eca6e25204894e8f94
https://conda.anaconda.org/conda-forge/noarch/httpx-0.28.1-pyhd8ed1ab_0.conda#d6989ead454181f4f9bc987d3dc4e285
https://conda.anaconda.org/conda-forge/noarch/jsonschema-with-format-nongpl-4.26.0-hcf101f3_0.conda#8368d58342d0825f0843dc6acdd0c483
https://conda.anaconda.org/conda-forge/noarch/jupyter_client-8.8.0-pyhcf101f3_0.conda#8a3d6d0523f66cf004e563a50d9392b3
https://conda.anaconda.org/conda-forge/osx-64/libcblas-3.11.0-5_h9b27e0a_openblas.conda#b31d771cbccff686e01a687708a7ca41
https://conda.anaconda.org/conda-forge/osx-64/liblapack-3.11.0-5_h859234e_openblas.conda#eb5b1c25d4ac30813a6ca950a58710d6
https://conda.anaconda.org/conda-forge/noarch/nbformat-5.10.4-pyhd8ed1ab_1.conda#bbe1963f1e47f594070ffe87cdf612ea
https://conda.anaconda.org/conda-forge/osx-64/qt6-main-6.10.2-h88ed066_4.conda#aa4e558efaca2de72564fc003c6941ed
https://conda.anaconda.org/conda-forge/noarch/ipykernel-7.2.0-pyh5552912_1.conda#4b53d436f3fbc02ce3eeaf8ae9bebe01
https://conda.anaconda.org/conda-forge/noarch/jupyter_events-0.12.0-pyhe01879c_0.conda#31e11c30bbee1682a55627f953c6725a
https://conda.anaconda.org/conda-forge/noarch/nbclient-0.6.8-pyhd8ed1ab_0.tar.bz2#f052376c70c9d6a8e783e8e7c56b5f82
https://conda.anaconda.org/conda-forge/osx-64/numpy-2.4.2-py313hf1665ba_1.conda#cff600662a8355987c574be24d68998b
https://conda.anaconda.org/conda-forge/osx-64/pyside6-6.10.2-py313hf235d60_0.conda#e5c2688842f86083f3fe79a9a431b3d0
https://conda.anaconda.org/conda-forge/osx-64/cftime-1.6.5-py313hceb611b_1.conda#089a4c77defcfd3f240391864da647c9
https://conda.anaconda.org/conda-forge/osx-64/contourpy-1.3.3-py313h98b818e_4.conda#24c06ae9a202f16555c5a1f8006a0bd7
https://conda.anaconda.org/conda-forge/osx-64/h5py-3.15.1-nompi_py313h2a429bc_101.conda#de9fd6ce4bb0957d1909069fad48aafb
https://conda.anaconda.org/conda-forge/noarch/ipyparallel-9.0.2-pyhcf101f3_1.conda#89aad475c705f1f88f16d0e818ff17cf
https://conda.anaconda.org/conda-forge/noarch/k3d-2.17.0-pyhd8ed1ab_1.conda#a52f865e8d99c069a47cf61dd0963327
https://conda.anaconda.org/conda-forge/noarch/nbconvert-core-7.17.0-pyhcf101f3_0.conda#b14079a39ae60ac7ad2ec3d9eab075ca
https://conda.anaconda.org/conda-forge/noarch/nbmake-1.5.5-pyhd8ed1ab_0.conda#17b69c555fa9bdcf135306b20c554092
https://conda.anaconda.org/conda-forge/noarch/pyevtk-1.6.0-pyhb0bfe47_1.conda#2873c0749f886f4ac050adabf2bef203
https://conda.anaconda.org/conda-forge/osx-64/scipy-1.17.1-py313h9cbb6b6_0.conda#9e81e20b3d255f8b83b6c814cc0c8924
https://conda.anaconda.org/conda-forge/osx-64/slycot-0.6.1-py313h18ffc01_2.conda#a1da69e972d15d0814ccccc226a665a0
https://conda.anaconda.org/conda-forge/noarch/jupyter_server-2.17.0-pyhcf101f3_0.conda#d79a87dcfa726bcea8e61275feed6f83
https://conda.anaconda.org/conda-forge/osx-64/matplotlib-base-3.10.8-py313h4ad75b8_0.conda#5a0ed440de10c49cfed0178d3e59d994
https://conda.anaconda.org/conda-forge/osx-64/netcdf4-1.7.4-nompi_py313hed393bf_102.conda#9bcb3b5a24013b0fbf64e71d1e65017c
https://conda.anaconda.org/conda-forge/noarch/ipympl-0.10.0-pyhcf101f3_0.conda#abb099ef4a8ab45d4b713f2d4277f727
https://conda.anaconda.org/conda-forge/noarch/jupyter-lsp-2.3.0-pyhcf101f3_0.conda#62b7c96c6cd77f8173cc5cada6a9acaa
https://conda.anaconda.org/conda-forge/noarch/jupyterlab-myst-2.6.0-pyhd8ed1ab_0.conda#96ec7389cbc559bdfe07094f0fa1e591
https://conda.anaconda.org/conda-forge/noarch/jupyterlab_server-2.28.0-pyhcf101f3_0.conda#a63877cb23de826b1620d3adfccc4014
https://conda.anaconda.org/conda-forge/noarch/meshio-5.3.5-pyhd8ed1ab_0.conda#2ea6ce24274096bf2df6c8c50f373d5b
https://conda.anaconda.org/conda-forge/noarch/notebook-shim-0.2.4-pyhd8ed1ab_1.conda#e7f89ea5f7ea9401642758ff50a2d9c1
https://conda.anaconda.org/conda-forge/noarch/jupyterlab-4.5.5-pyhd8ed1ab_0.conda#c4b96d937d1b03203c00fed92e713cd1
https://conda.anaconda.org/conda-forge/noarch/notebook-7.5.3-pyhcf101f3_0.conda#94a5f0cee51b6b0ffdcad0af6db0af18
