# Generated by conda-lock.
# platform: win-64
# input_hash: 973ca64d94ec6ab7f941dfdc4498f76f51d8aa0154a4a23a907913dbe3af8e7d
@EXPLICIT
https://conda.anaconda.org/conda-forge/win-64/ca-certificates-2023.7.22-h56e8100_0.conda#b1c2327b36f1a25d96f2039b0d3e3739
https://conda.anaconda.org/conda-forge/noarch/font-ttf-dejavu-sans-mono-2.37-hab24e00_0.tar.bz2#0c96522c6bdaed4b1566d11387caaf45
https://conda.anaconda.org/conda-forge/noarch/font-ttf-inconsolata-3.000-h77eed37_0.tar.bz2#34893075a5c9e55cdafac56607368fc6
https://conda.anaconda.org/conda-forge/noarch/font-ttf-source-code-pro-2.038-h77eed37_0.tar.bz2#4d59c254e01d9cde7957100457e2d5fb
https://conda.anaconda.org/conda-forge/noarch/font-ttf-ubuntu-0.83-hab24e00_0.tar.bz2#19410c3df09dfb12d1206132a1d357c5
https://conda.anaconda.org/conda-forge/win-64/intel-openmp-2023.2.0-h57928b3_49496.conda#f2e71622520883ffdbc379b13049534c
https://conda.anaconda.org/conda-forge/win-64/libexpat-2.5.0-h63175ca_1.conda#636cc3cbbd2e28bcfd2f73b2044aac2c
https://conda.anaconda.org/conda-forge/win-64/mpi-1.0-msmpi.tar.bz2#ecf470117289595887c7efda5de48a38
https://conda.anaconda.org/conda-forge/win-64/msys2-conda-epoch-20160418-1.tar.bz2#b0309b72560df66f71a9d5e34a5efdfa
https://conda.anaconda.org/conda-forge/win-64/pandoc-3.1.3-h57928b3_0.conda#5185086e0662a98ae366212b5bef1af0
https://conda.anaconda.org/conda-forge/win-64/python_abi-3.10-3_cp310.conda#f4cfd883c0d91bb17164d8e34f4900d5
https://conda.anaconda.org/conda-forge/noarch/tzdata-2023c-h71feb2d_0.conda#939e3e74d8be4dac89ce83b20de2492a
https://conda.anaconda.org/conda-forge/win-64/ucrt-10.0.22621.0-h57928b3_0.tar.bz2#72608f6cd3e5898229c3ea16deb1ac43
https://conda.anaconda.org/conda-forge/win-64/winpty-0.4.3-4.tar.bz2#1cee351bf20b830d991dbe0bc8cd7dfe
https://conda.anaconda.org/conda-forge/win-64/expat-2.5.0-h63175ca_1.conda#87c77fe1b445aedb5c6d207dd236fa3e
https://conda.anaconda.org/conda-forge/noarch/fonts-conda-forge-1-0.tar.bz2#f766549260d6815b0c52253f1fb1bb29
https://conda.anaconda.org/conda-forge/win-64/m2w64-gmp-6.1.0-2.tar.bz2#53a1c73e1e3d185516d7e3af177596d9
https://conda.anaconda.org/conda-forge/win-64/m2w64-libwinpthread-git-5.0.0.4634.697f757-2.tar.bz2#774130a326dee16f1ceb05cc687ee4f0
https://conda.anaconda.org/conda-forge/win-64/vc14_runtime-14.36.32532-hfdfe4a8_17.conda#91c1ecaf3996889532fc0456178b1058
https://conda.anaconda.org/conda-forge/noarch/fonts-conda-ecosystem-1-0.tar.bz2#fee5683a3f04bd15cbd8318b096a27ab
https://conda.anaconda.org/conda-forge/win-64/m2w64-gcc-libs-core-5.3.0-7.tar.bz2#4289d80fb4d272f1f3b56cfe87ac90bd
https://conda.anaconda.org/conda-forge/win-64/vc-14.3-h64f974e_17.conda#67ff6791f235bb606659bf2a5c169191
https://conda.anaconda.org/conda-forge/win-64/vs2015_runtime-14.36.32532-h05e6639_17.conda#4618046c39f7c81861e53ded842e738a
https://conda.anaconda.org/conda-forge/win-64/bzip2-1.0.8-h8ffe710_4.tar.bz2#7c03c66026944073040cb19a4f3ec3c9
https://conda.anaconda.org/conda-forge/win-64/double-conversion-3.3.0-h63175ca_0.conda#1a8bc18b24014167b2184c5afbe6037e
https://conda.anaconda.org/conda-forge/win-64/graphite2-1.3.13-1000.tar.bz2#8fc0e04e5c852cadf2cad68b86a906ab
https://conda.anaconda.org/conda-forge/win-64/icu-72.1-h63175ca_0.conda#a108731562663d787066bd17c9595114
https://conda.anaconda.org/conda-forge/win-64/lerc-4.0.0-h63175ca_0.tar.bz2#1900cb3cab5055833cfddb0ba233b074
https://conda.anaconda.org/conda-forge/win-64/libaec-1.0.6-h63175ca_1.conda#f98474a8245f55f4a273889dbe7bf193
https://conda.anaconda.org/conda-forge/win-64/libbrotlicommon-1.0.9-hcfcfb64_9.conda#5e0f7bd6f1d0747abd5da59cffb6f533
https://conda.anaconda.org/conda-forge/win-64/libdeflate-1.18-hcfcfb64_0.conda#493acc14c556ef6f1d13ba00b099c679
https://conda.anaconda.org/conda-forge/win-64/libffi-3.4.2-h8ffe710_5.tar.bz2#2c96d1b6915b408893f9472569dee135
https://conda.anaconda.org/conda-forge/win-64/libiconv-1.17-h8ffe710_0.tar.bz2#050119977a86e4856f0416e2edcf81bb
https://conda.anaconda.org/conda-forge/win-64/libjpeg-turbo-2.1.5.1-hcfcfb64_0.conda#f2fad2ae9f1365e343e4329fdb1e9d63
https://conda.anaconda.org/conda-forge/win-64/libsodium-1.0.18-h8d14728_1.tar.bz2#5c1fb45b5e2912c19098750ae8a32604
https://conda.anaconda.org/conda-forge/win-64/libsqlite-3.43.0-hcfcfb64_0.conda#16c6f482e70cb3da41d0bee5d49c6bf3
https://conda.anaconda.org/conda-forge/win-64/libwebp-base-1.3.1-hcfcfb64_0.conda#f89e765213cac556a8ed72ba8c1b5071
https://conda.anaconda.org/conda-forge/win-64/libzlib-1.2.13-hcfcfb64_5.conda#5fdb9c6a113b6b6cb5e517fd972d5f41
https://conda.anaconda.org/conda-forge/win-64/llvm-openmp-11.0.1-h2d74725_0.tar.bz2#cba5ff97841c020df2f9f1e41026304c
https://conda.anaconda.org/conda-forge/win-64/lz4-c-1.9.4-hcfcfb64_0.conda#e34720eb20a33fc3bfb8451dd837ab7a
https://conda.anaconda.org/conda-forge/win-64/m2w64-gcc-libgfortran-5.3.0-6.tar.bz2#066552ac6b907ec6d72c0ddab29050dc
https://conda.anaconda.org/conda-forge/win-64/openssl-3.1.2-hcfcfb64_0.conda#79b3f40f27cd80a265c276cea6714507
https://conda.anaconda.org/conda-forge/win-64/pixman-0.40.0-h8ffe710_0.tar.bz2#32b45d3fcffddc84cc1a014a0b5f0d58
https://conda.anaconda.org/conda-forge/win-64/pthreads-win32-2.9.1-hfa6e2cd_3.tar.bz2#e2da8758d7d51ff6aa78a14dfb9dbed4
https://conda.anaconda.org/conda-forge/win-64/snappy-1.1.10-hfb803bf_0.conda#cff1df79c9cff719460eb2dd172568de
https://conda.anaconda.org/conda-forge/win-64/tk-8.6.12-h8ffe710_0.tar.bz2#c69a5047cc9291ae40afd4a1ad6f0c0f
https://conda.anaconda.org/conda-forge/win-64/xz-5.2.6-h8d14728_0.tar.bz2#515d77642eaa3639413c6b1bc3f94219
https://conda.anaconda.org/conda-forge/win-64/yaml-0.2.5-h8ffe710_2.tar.bz2#adbfb9f45d1004a26763652246a33764
https://conda.anaconda.org/conda-forge/win-64/gettext-0.21.1-h5728263_0.tar.bz2#299d4fd6798a45337042ff5a48219e5f
https://conda.anaconda.org/conda-forge/win-64/hdf4-4.2.15-h1334946_6.conda#5777b72b13771944e15a839dd617c964
https://conda.anaconda.org/conda-forge/win-64/krb5-1.21.2-heb0366b_0.conda#6e8b0f22b4eef3b3cb3849bb4c3d47f9
https://conda.anaconda.org/conda-forge/win-64/libbrotlidec-1.0.9-hcfcfb64_9.conda#4c502e4846bdc22b944ab9aa5a55a58f
https://conda.anaconda.org/conda-forge/win-64/libbrotlienc-1.0.9-hcfcfb64_9.conda#19029748649ae0d48871d7012918efef
https://conda.anaconda.org/conda-forge/win-64/libflang-11.0.1-h0e60522_20210131.tar.bz2#e4f265990da3328456e2b68b9bd5362e
https://conda.anaconda.org/conda-forge/win-64/libpng-1.6.39-h19919ed_0.conda#ab6febdb2dbd9c00803609079db4de71
https://conda.anaconda.org/conda-forge/win-64/libssh2-1.11.0-h7dfc565_0.conda#dc262d03aae04fe26825062879141a41
https://conda.anaconda.org/conda-forge/win-64/libxml2-2.11.5-hc3477c8_1.conda#27974f880a010b1441093d9f737a949f
https://conda.anaconda.org/conda-forge/win-64/libzip-1.10.1-h1d365fa_0.conda#5e6b28dda05590eb4d86245423fda06e
https://conda.anaconda.org/conda-forge/win-64/m2w64-gcc-libs-5.3.0-7.tar.bz2#fe759119b8b3bfa720b8762c6fdc35de
https://conda.anaconda.org/conda-forge/win-64/pcre2-10.40-h17e33f8_0.tar.bz2#2519de0d9620dc2bc7e19caf6867136d
https://conda.anaconda.org/conda-forge/win-64/python-3.10.12-h4de0772_0_cpython.conda#14273454ca348a123ce09ab9d39c1a6e
https://conda.anaconda.org/conda-forge/win-64/zeromq-4.3.4-h0e60522_1.tar.bz2#e1aff0583dda5fb917eb3d2c1025aa80
https://conda.anaconda.org/conda-forge/win-64/zlib-1.2.13-hcfcfb64_5.conda#a318e8622e11663f645cc7fa3260f462
https://conda.anaconda.org/conda-forge/win-64/zstd-1.5.5-h12be248_0.conda#792bb5da68bf0a6cac6a6072ecb8dbeb
https://conda.anaconda.org/conda-forge/noarch/attrs-23.1.0-pyh71513ae_1.conda#3edfead7cedd1ab4400a6c588f3e75f8
https://conda.anaconda.org/conda-forge/noarch/backcall-0.2.0-pyh9f0ad1d_0.tar.bz2#6006a6d08a3fa99268a2681c7fb55213
https://conda.anaconda.org/conda-forge/noarch/backports-1.0-pyhd8ed1ab_3.conda#54ca2e08b3220c148a1d8329c2678e02
https://conda.anaconda.org/conda-forge/win-64/backports.zoneinfo-0.2.1-py310h5588dad_7.tar.bz2#0f18779fbc505ab486e92c654c004f59
https://conda.anaconda.org/conda-forge/win-64/blosc-1.21.4-hdccc3a2_0.conda#6d88663e0ddd031e0d41f2913bbe10cc
https://conda.anaconda.org/conda-forge/win-64/brotli-bin-1.0.9-hcfcfb64_9.conda#ba8ae6c24cf47da3fb73270e4f119f08
https://conda.anaconda.org/conda-forge/win-64/brotli-python-1.0.9-py310h00ffb61_9.conda#2a15bfd3d5b60a8a7f83940ab1e35f5f
https://conda.anaconda.org/conda-forge/noarch/cached_property-1.5.2-pyha770c72_1.tar.bz2#576d629e47797577ab0f1b351297ef4a
https://conda.anaconda.org/conda-forge/noarch/certifi-2023.7.22-pyhd8ed1ab_0.conda#7f3dbc9179b4dde7da98dfb151d0ad22
https://conda.anaconda.org/conda-forge/noarch/charset-normalizer-3.2.0-pyhd8ed1ab_0.conda#313516e9a4b08b12dfb1e1cd390a96e3
https://conda.anaconda.org/conda-forge/noarch/colorama-0.4.6-pyhd8ed1ab_0.tar.bz2#3faab06a954c2a04039983f2c4a50d99
https://conda.anaconda.org/conda-forge/noarch/cycler-0.11.0-pyhd8ed1ab_0.tar.bz2#a50559fad0affdbb33729a68669ca1cb
https://conda.anaconda.org/conda-forge/win-64/debugpy-1.6.8-py310h00ffb61_0.conda#8c8e0940454d91fd5d24dc82c3f76a29
https://conda.anaconda.org/conda-forge/noarch/decorator-5.1.1-pyhd8ed1ab_0.tar.bz2#43afe5ab04e35e17ba28649471dd7364
https://conda.anaconda.org/conda-forge/noarch/defusedxml-0.7.1-pyhd8ed1ab_0.tar.bz2#961b3a227b437d82ad7054484cfa71b2
https://conda.anaconda.org/conda-forge/noarch/diskcache-5.6.1-pyhd8ed1ab_0.conda#909a77f2699901fe3b603e5194c0e72c
https://conda.anaconda.org/conda-forge/noarch/entrypoints-0.4-pyhd8ed1ab_0.tar.bz2#3cf04868fee0a029769bd41f4b2fbf2d
https://conda.anaconda.org/conda-forge/noarch/exceptiongroup-1.1.3-pyhd8ed1ab_0.conda#e6518222753f519e911e83136d2158d9
https://conda.anaconda.org/conda-forge/noarch/executing-1.2.0-pyhd8ed1ab_0.tar.bz2#4c1bc140e2be5c8ba6e3acab99e25c50
https://conda.anaconda.org/conda-forge/win-64/freetype-2.12.1-h546665d_1.conda#1b513009cd012591f3fdc9e03a74ec0a
https://conda.anaconda.org/conda-forge/noarch/idna-3.4-pyhd8ed1ab_0.tar.bz2#34272b248891bddccc64479f9a7fffed
https://conda.anaconda.org/conda-forge/noarch/iniconfig-2.0.0-pyhd8ed1ab_0.conda#f800d2da156d08e289b14e87e43c1ae5
https://conda.anaconda.org/conda-forge/noarch/ipython_genutils-0.2.0-py_1.tar.bz2#5071c982548b3a20caf70462f04f5287
https://conda.anaconda.org/conda-forge/noarch/jupyterlab_widgets-3.0.8-pyhd8ed1ab_0.conda#2bc3ca2f7387af385dd06706b4fb2d35
https://conda.anaconda.org/conda-forge/win-64/kiwisolver-1.4.5-py310h232114e_0.conda#d61bb4046cf9c476579c8a67fcaceb40
https://conda.anaconda.org/conda-forge/win-64/libclang13-16.0.6-default_hc80b9e7_1.conda#08f43b2b0cc18cb32d106a6e6a0ca128
https://conda.anaconda.org/conda-forge/win-64/libcurl-8.2.1-hd5e4a3a_0.conda#2f5d4a975490edc04c552a54d29018d4
https://conda.anaconda.org/conda-forge/win-64/libglib-2.76.4-he8f3873_0.conda#8c3f24acdc0403eeb3fb42ab75e8a659
https://conda.anaconda.org/conda-forge/win-64/libhwloc-2.9.2-default_haede6df_1009.conda#90c9f598d15fc285c12f8c7d4c397f2e
https://conda.anaconda.org/conda-forge/win-64/libtiff-4.5.1-h6c8260b_1.conda#5faa8734cee2590b6d3615e06bfce4f8
https://conda.anaconda.org/conda-forge/win-64/libxslt-1.1.37-h6070c61_1.conda#b9ed82b82e2f292f75f1af56f35f8c9f
https://conda.anaconda.org/conda-forge/win-64/markupsafe-2.1.3-py310h8d17308_0.conda#e6deeae9d0dac4d17c6ef2fa62b3efff
https://conda.anaconda.org/conda-forge/noarch/mdurl-0.1.0-pyhd8ed1ab_0.tar.bz2#f8dab71fdc13b1bf29a01248b156d268
https://conda.anaconda.org/conda-forge/noarch/mistune-3.0.1-pyhd8ed1ab_0.conda#1dad8397c94e4de97a70de552a7dcf49
https://conda.anaconda.org/conda-forge/win-64/msgpack-python-1.0.5-py310h232114e_0.conda#03f6096e23f3861934af853ac987c185
https://conda.anaconda.org/conda-forge/win-64/msmpi-10.1.1-h3502643_7.tar.bz2#00c53b79e837c2b7b0b6edffb0bcb55e
https://conda.anaconda.org/conda-forge/noarch/munkres-1.1.4-pyh9f0ad1d_0.tar.bz2#2ba8498c1018c1e9c61eb99b973dfe19
https://conda.anaconda.org/conda-forge/noarch/mypy_extensions-1.0.0-pyha770c72_0.conda#4eccaeba205f0aed9ac3a9ea58568ca3
https://conda.anaconda.org/conda-forge/noarch/nest-asyncio-1.5.6-pyhd8ed1ab_0.tar.bz2#7b868f21adde0d9b8b38f9c16836589b
https://conda.anaconda.org/conda-forge/noarch/packaging-23.1-pyhd8ed1ab_0.conda#91cda59e66e1e4afe9476f8ef98f5c30
https://conda.anaconda.org/conda-forge/noarch/pandocfilters-1.5.0-pyhd8ed1ab_0.tar.bz2#457c2c8c08e54905d6954e79cb5b5db9
https://conda.anaconda.org/conda-forge/noarch/parso-0.8.3-pyhd8ed1ab_0.tar.bz2#17a565a0c3899244e938cdf417e7b094
https://conda.anaconda.org/conda-forge/noarch/pathspec-0.11.2-pyhd8ed1ab_0.conda#e41debb259e68490e3ab81e46b639ab6
https://conda.anaconda.org/conda-forge/noarch/pickleshare-0.7.5-py_1003.tar.bz2#415f0ebb6198cc2801c73438a9fb5761
https://conda.anaconda.org/conda-forge/noarch/pkgutil-resolve-name-1.3.10-pyhd8ed1ab_0.tar.bz2#89e3c7cdde7d3aaa2aee933b604dd07f
https://conda.anaconda.org/conda-forge/noarch/pluggy-1.3.0-pyhd8ed1ab_0.conda#2390bd10bed1f3fdc7a537fb5a447d8d
https://conda.anaconda.org/conda-forge/noarch/prometheus_client-0.17.1-pyhd8ed1ab_0.conda#02153b6b760bbec00cfe9e4c97993d06
https://conda.anaconda.org/conda-forge/win-64/psutil-5.9.5-py310h8d17308_0.conda#9f98965e4f7dc2e4eb84abd50406d3a0
https://conda.anaconda.org/conda-forge/win-64/pthread-stubs-0.4-hcd874cb_1001.tar.bz2#a1f820480193ea83582b13249a7e7bd9
https://conda.anaconda.org/conda-forge/noarch/pure_eval-0.2.2-pyhd8ed1ab_0.tar.bz2#6784285c7e55cb7212efabc79e4c2883
https://conda.anaconda.org/conda-forge/noarch/pycparser-2.21-pyhd8ed1ab_0.tar.bz2#076becd9e05608f8dc72757d5f3a91ff
https://conda.anaconda.org/conda-forge/noarch/pygments-2.16.1-pyhd8ed1ab_0.conda#40e5cb18165466773619e5c963f00a7b
https://conda.anaconda.org/conda-forge/noarch/pyopengl-3.1.6-pyhd8ed1ab_1.tar.bz2#c968eb974b0fae4676e7a7858c4cc56e
https://conda.anaconda.org/conda-forge/noarch/pyparsing-3.0.9-pyhd8ed1ab_0.tar.bz2#e8fbc1b54b25f4b08281467bc13b70cc
https://conda.anaconda.org/conda-forge/noarch/python-fastjsonschema-2.18.0-pyhd8ed1ab_0.conda#3be9466311564f80f8056c0851fc5bb7
https://conda.anaconda.org/conda-forge/win-64/pywin32-304-py310h00ffb61_2.tar.bz2#e1401844b4f4ec959e099452a953e764
https://conda.anaconda.org/conda-forge/win-64/pywinpty-2.0.11-py310h00ffb61_0.conda#685cf7fe1b0724628476c991329017ad
https://conda.anaconda.org/conda-forge/win-64/pyyaml-6.0.1-py310h8d17308_0.conda#6d93ba016139a726feb2dcc66d15dee3
https://conda.anaconda.org/conda-forge/win-64/pyzmq-25.1.1-py310hcd737a0_0.conda#e05c769206d095ea050831d5281bb39b
https://conda.anaconda.org/conda-forge/win-64/rpds-py-0.10.0-py310h87d50f1_0.conda#e713f5544d7f61e0a1a0ecdb4153bb84
https://conda.anaconda.org/conda-forge/noarch/setuptools-68.1.2-pyhd8ed1ab_0.conda#4fe12573bf499ff85a0a364e00cc5c53
https://conda.anaconda.org/conda-forge/noarch/shellingham-1.5.3-pyhd8ed1ab_0.conda#83795060a5d8cd12b90a58bd62bc251e
https://conda.anaconda.org/conda-forge/noarch/six-1.16.0-pyh6c4a22f_0.tar.bz2#e5f25f8dbc060e9a8d912e432202afc2
https://conda.anaconda.org/conda-forge/noarch/smmap-3.0.5-pyh44b312d_0.tar.bz2#3a8dc70789709aa315325d5df06fb7e4
https://conda.anaconda.org/conda-forge/noarch/sniffio-1.3.0-pyhd8ed1ab_0.tar.bz2#dd6cbc539e74cb1f430efbd4575b9303
https://conda.anaconda.org/conda-forge/noarch/sortedcontainers-2.4.0-pyhd8ed1ab_0.tar.bz2#6d6552722448103793743dabfbda532d
https://conda.anaconda.org/conda-forge/noarch/soupsieve-2.3.2.post1-pyhd8ed1ab_0.tar.bz2#146f4541d643d48fc8a75cacf69f03ae
https://conda.anaconda.org/conda-forge/noarch/toml-0.10.2-pyhd8ed1ab_0.tar.bz2#f832c45a477c78bebd107098db465095
https://conda.anaconda.org/conda-forge/noarch/tomli-2.0.1-pyhd8ed1ab_0.tar.bz2#5844808ffab9ebdb694585b50ba02a96
https://conda.anaconda.org/conda-forge/win-64/tornado-6.3.3-py310h8d17308_0.conda#f00a8a0ebd2624b05de622c2c9709500
https://conda.anaconda.org/conda-forge/noarch/traitlets-5.9.0-pyhd8ed1ab_0.conda#d0b4f5c87cd35ac3fb3d47b223263a64
https://conda.anaconda.org/conda-forge/noarch/typing_extensions-4.7.1-pyha770c72_0.conda#c39d6a09fe819de4951c2642629d9115
https://conda.anaconda.org/conda-forge/win-64/unicodedata2-15.0.0-py310h8d17308_0.tar.bz2#5d14ba562f7740b64be9c8059498cfbf
https://conda.anaconda.org/conda-forge/noarch/webencodings-0.5.1-py_1.tar.bz2#3563be4c5611a44210d9ba0c16113136
https://conda.anaconda.org/conda-forge/noarch/websocket-client-1.6.2-pyhd8ed1ab_0.conda#23f16ffe9711ac76b391c60ce4ea4656
https://conda.anaconda.org/conda-forge/noarch/wheel-0.41.2-pyhd8ed1ab_0.conda#1ccd092478b3e0ee10d7a891adbf8a4f
https://conda.anaconda.org/conda-forge/noarch/widgetsnbextension-4.0.8-pyhd8ed1ab_0.conda#2e9ebddf0b93d0fb203d0906b8052c4f
https://conda.anaconda.org/conda-forge/noarch/win_inet_pton-1.1.0-pyhd8ed1ab_6.tar.bz2#30878ecc4bd36e8deeea1e3c151b2e0b
https://conda.anaconda.org/conda-forge/noarch/xmljson-0.2.1-pyhd8ed1ab_0.tar.bz2#7ce8236d269963951b801ec1c0d4fd77
https://conda.anaconda.org/conda-forge/win-64/xorg-libxau-1.0.11-hcd874cb_0.conda#c46ba8712093cb0114404ae8a7582e1a
https://conda.anaconda.org/conda-forge/win-64/xorg-libxdmcp-1.1.3-hcd874cb_0.tar.bz2#46878ebb6b9cbd8afcf8088d7ef00ece
https://conda.anaconda.org/conda-forge/noarch/zipp-3.16.2-pyhd8ed1ab_0.conda#2da0451b54c4563c32490cb1b7cf68a1
https://conda.anaconda.org/conda-forge/noarch/anyio-3.7.1-pyhd8ed1ab_0.conda#7b517e7a6f0790337906c055aa97ca49
https://conda.anaconda.org/conda-forge/noarch/asttokens-2.2.1-pyhd8ed1ab_0.conda#bf7f54dd0f25c3f06ecb82a07341841a
https://conda.anaconda.org/conda-forge/noarch/backports.functools_lru_cache-1.6.5-pyhd8ed1ab_0.conda#6b1b907661838a75d067a22f87996b2e
https://conda.anaconda.org/conda-forge/noarch/beautifulsoup4-4.12.2-pyha770c72_0.conda#a362ff7d976217f8fa78c0f1c4f59717
https://conda.anaconda.org/conda-forge/noarch/bleach-6.0.0-pyhd8ed1ab_0.conda#d48b143d01385872a88ef8417e96c30e
https://conda.anaconda.org/conda-forge/win-64/brotli-1.0.9-hcfcfb64_9.conda#5275e2634840f6d156934a16b7c0c813
https://conda.anaconda.org/conda-forge/noarch/cached-property-1.5.2-hd8ed1ab_1.tar.bz2#9b347a7ec10940d3f7941ff6c460b551
https://conda.anaconda.org/conda-forge/win-64/cffi-1.15.1-py310h628cb3f_3.conda#b7ca236d34501eb6a70691c1e29a0234
https://conda.anaconda.org/conda-forge/noarch/click-8.1.7-win_pyh7428d3b_0.conda#3549ecbceb6cd77b91a105511b7d0786
https://conda.anaconda.org/conda-forge/noarch/comm-0.1.4-pyhd8ed1ab_0.conda#c8eaca39e2b6abae1fc96acc929ae939
https://conda.anaconda.org/conda-forge/win-64/coverage-7.3.0-py310h8d17308_0.conda#40e986ef107e05dcd9df8ad0ac486259
https://conda.anaconda.org/conda-forge/win-64/fontconfig-2.14.2-hbde0cde_0.conda#08767992f1a4f1336a257af1241034bd
https://conda.anaconda.org/conda-forge/noarch/gitdb-4.0.10-pyhd8ed1ab_0.conda#3706d2f3d7cb5dae600c833345a76132
https://conda.anaconda.org/conda-forge/win-64/hdf5-1.14.1-nompi_h73e8ff5_100.conda#baa1a74c11b8b3bd353590602c84aba7
https://conda.anaconda.org/conda-forge/noarch/importlib-metadata-6.8.0-pyha770c72_0.conda#4e9f59a060c3be52bc4ddc46ee9b6946
https://conda.anaconda.org/conda-forge/noarch/importlib_resources-5.13.0-pyhd8ed1ab_0.conda#748955a096313b51b314263402b83250
https://conda.anaconda.org/conda-forge/noarch/jedi-0.19.0-pyhd8ed1ab_0.conda#1cd7f70057cdffc10977b613fb75425d
https://conda.anaconda.org/conda-forge/noarch/jinja2-3.1.2-pyhd8ed1ab_1.tar.bz2#c8490ed5c70966d232fdd389d0dbed37
https://conda.anaconda.org/conda-forge/noarch/jupyterlab_pygments-0.2.2-pyhd8ed1ab_0.tar.bz2#243f63592c8e449f40cd42eb5cf32f40
https://conda.anaconda.org/conda-forge/win-64/lcms2-2.15-h3e3b177_1.conda#a76c36ad1b4b87f038d67890122d08ec
https://conda.anaconda.org/conda-forge/win-64/libclang-16.0.6-default_heb8d277_1.conda#d73d862f5654709b23cf782fff51ce30
https://conda.anaconda.org/conda-forge/win-64/libxcb-1.15-hcd874cb_0.conda#090d91b69396f14afef450c285f9758c
https://conda.anaconda.org/conda-forge/win-64/lxml-4.9.3-py310h46d54dd_0.conda#aaf042645bb7c844d1bcfe5c6b4f6246
https://conda.anaconda.org/conda-forge/noarch/markdown-it-py-3.0.0-pyhd8ed1ab_0.conda#93a8e71256479c62074356ef6ebf501b
https://conda.anaconda.org/conda-forge/noarch/matplotlib-inline-0.1.6-pyhd8ed1ab_0.tar.bz2#b21613793fcc81d944c76c9f2864a7de
https://conda.anaconda.org/conda-forge/win-64/mpi4py-3.1.4-py310h1af2bfe_0.tar.bz2#40f81cffe4a3badb984ac2b5dabb83e2
https://conda.anaconda.org/conda-forge/win-64/openjpeg-2.5.0-ha2aaf27_2.conda#db0490689232e8e38c312281df6f31a2
https://conda.anaconda.org/conda-forge/noarch/pip-23.2.1-pyhd8ed1ab_0.conda#e2783aa3f9235225eec92f9081c5b801
https://conda.anaconda.org/conda-forge/noarch/pysocks-1.7.1-pyh0701188_6.tar.bz2#56cd9fe388baac0e90c7149cfac95b60
https://conda.anaconda.org/conda-forge/noarch/pytest-7.4.0-pyhd8ed1ab_0.conda#3cfe9b9e958e7238a386933c75d190db
https://conda.anaconda.org/conda-forge/noarch/python-dateutil-2.8.2-pyhd8ed1ab_0.tar.bz2#dd999d1cc9f79e67dbb855c8924c7984
https://conda.anaconda.org/conda-forge/noarch/qtpy-2.4.0-pyhd8ed1ab_0.conda#a4c1fc5f8ef46ec8130defcaa2d322ea
https://conda.anaconda.org/conda-forge/noarch/referencing-0.30.2-pyhd8ed1ab_0.conda#a33161b983172ba6ef69d5fc850650cd
https://conda.anaconda.org/conda-forge/noarch/send2trash-1.8.2-pyh08f2357_0.conda#c00d32dfa733d381b6a1908d0d67e0d7
https://conda.anaconda.org/conda-forge/win-64/tbb-2021.10.0-h91493d7_0.conda#348275b42ff7638e7798ac61e073f864
https://conda.anaconda.org/conda-forge/noarch/terminado-0.17.0-pyh08f2357_0.tar.bz2#0152a609d5748ed9887d195b1e61a6c9
https://conda.anaconda.org/conda-forge/noarch/tinycss2-1.2.1-pyhd8ed1ab_0.tar.bz2#7234c9eefff659501cd2fe0d2ede4d48
https://conda.anaconda.org/conda-forge/noarch/tqdm-4.66.1-pyhd8ed1ab_0.conda#03c97908b976498dcae97eb4e4f3149c
https://conda.anaconda.org/conda-forge/noarch/traittypes-0.2.1-pyh9f0ad1d_2.tar.bz2#7d32ccb5334a6822c28af3e864550618
https://conda.anaconda.org/conda-forge/noarch/typing-extensions-4.7.1-hd8ed1ab_0.conda#f96688577f1faa58096d06a45136afa2
https://conda.anaconda.org/conda-forge/win-64/argon2-cffi-bindings-21.2.0-py310h8d17308_3.tar.bz2#3f6daa76891876a933722b5c9ee7dcaa
https://conda.anaconda.org/conda-forge/win-64/cairo-1.16.0-hdecc03f_1016.conda#d5a082e08ff9a0206ad03ebb0fafdf8d
https://conda.anaconda.org/conda-forge/win-64/fonttools-4.42.1-py310h8d17308_0.conda#351c74cb2750058f426f7161f4da5ded
https://conda.anaconda.org/conda-forge/noarch/gitpython-3.1.32-pyhd8ed1ab_0.conda#5809a12901d57388444c3293c975d0bb
https://conda.anaconda.org/conda-forge/noarch/hypothesis-6.56.3-pyha770c72_3.tar.bz2#2d3751942dacfb88033d66486c452cc2
https://conda.anaconda.org/conda-forge/noarch/importlib-resources-5.13.0-pyhd8ed1ab_0.conda#5facf625dd29f34c73733030a10a62a0
https://conda.anaconda.org/conda-forge/noarch/importlib_metadata-6.8.0-hd8ed1ab_0.conda#b279b07ce18058034e5b3606ba103a8b
https://conda.anaconda.org/conda-forge/noarch/jsonschema-specifications-2023.7.1-pyhd8ed1ab_0.conda#7c27ea1bdbe520bb830dcadd59f55cbf
https://conda.anaconda.org/conda-forge/win-64/libnetcdf-4.9.2-nompi_h5902ca5_107.conda#0950c77b05f5b6a0e75a3a2a0d2028dc
https://conda.anaconda.org/conda-forge/win-64/mkl-2022.1.0-h6a75c08_874.tar.bz2#2ff89a7337a9636029b4db9466e9f8e3
https://conda.anaconda.org/conda-forge/win-64/pillow-10.0.0-py310hb653ca7_0.conda#413d2afa89b5362d25f6c243510833e0
https://conda.anaconda.org/conda-forge/noarch/platformdirs-3.10.0-pyhd8ed1ab_0.conda#0809187ef9b89a3d94a5c24d13936236
https://conda.anaconda.org/conda-forge/noarch/pytest-cov-4.1.0-pyhd8ed1ab_0.conda#06eb685a3a0b146347a58dda979485da
https://conda.anaconda.org/conda-forge/noarch/pytest-datadir-1.4.1-pyhd8ed1ab_0.tar.bz2#cdbf374d84b3c863d7b237e9d2f3995c
https://conda.anaconda.org/conda-forge/noarch/rich-13.5.1-pyhd8ed1ab_0.conda#38e7446efa3c8b8a770a0fff862935c0
https://conda.anaconda.org/conda-forge/noarch/stack_data-0.6.2-pyhd8ed1ab_0.conda#e7df0fdd404616638df5ece6e69ba7af
https://conda.anaconda.org/conda-forge/noarch/urllib3-2.0.4-pyhd8ed1ab_0.conda#18badd8fa3648d1beb1fcc7f2e0f756e
https://conda.anaconda.org/conda-forge/noarch/wcwidth-0.2.6-pyhd8ed1ab_0.conda#078979d33523cb477bd1916ce41aacc9
https://conda.anaconda.org/conda-forge/noarch/argon2-cffi-23.1.0-pyhd8ed1ab_0.conda#3afef1f55a1366b4d3b6a0d92e2235e4
https://conda.anaconda.org/conda-forge/win-64/black-23.7.0-py310h5588dad_1.conda#2b881df67e71fb04c83704f6d4cdd60c
https://conda.anaconda.org/conda-forge/win-64/harfbuzz-7.3.0-h196d34a_0.conda#40c65245e53d8eaa9bb9cb5f24f5f6ef
https://conda.anaconda.org/conda-forge/noarch/jsonschema-4.19.0-pyhd8ed1ab_1.conda#d442886dffcee45604595fea2ad3a181
https://conda.anaconda.org/conda-forge/win-64/jupyter_core-5.3.1-py310h5588dad_0.conda#39614170bdabdaa7531cb1dc2846c37c
https://conda.anaconda.org/conda-forge/win-64/libblas-3.9.0-17_win64_mkl.conda#9e42ac6b256b96bfaa19f829c25940e8
https://conda.anaconda.org/conda-forge/noarch/prompt-toolkit-3.0.39-pyha770c72_0.conda#a4986c6bb5b0d05a38855b0880a5f425
https://conda.anaconda.org/conda-forge/noarch/requests-2.31.0-pyhd8ed1ab_0.conda#a30144e4156cdbb236f99ebb49828f8b
https://conda.anaconda.org/conda-forge/noarch/typer-0.9.0-pyhd8ed1ab_0.conda#5030a13b2fe5e143d5956d4943d3018f
https://conda.anaconda.org/conda-forge/noarch/jupyter_client-8.3.1-pyhd8ed1ab_0.conda#b7cc0981484fcb6390e6d341e55618b3
https://conda.anaconda.org/conda-forge/win-64/libcblas-3.9.0-17_win64_mkl.conda#768b2c3be666ecf9e62f939ea919f819
https://conda.anaconda.org/conda-forge/win-64/liblapack-3.9.0-17_win64_mkl.conda#278121fe8f0d65d496998aa290f36322
https://conda.anaconda.org/conda-forge/noarch/nbformat-5.9.2-pyhd8ed1ab_0.conda#61ba076de6530d9301a0053b02f093d2
https://conda.anaconda.org/conda-forge/noarch/pooch-1.7.0-pyha770c72_3.conda#5936894aade8240c867d292aa0d980c6
https://conda.anaconda.org/conda-forge/noarch/prompt_toolkit-3.0.39-hd8ed1ab_0.conda#4bbbe67d5df19db30f04b8e344dc9976
https://conda.anaconda.org/conda-forge/win-64/qt6-main-6.5.2-h577db66_0.conda#059d62e251f82eb0d5efce5936639796
https://conda.anaconda.org/conda-forge/noarch/ipython-8.14.0-pyh08f2357_0.conda#1fc684c1de5475383790ada5627c5430
https://conda.anaconda.org/conda-forge/noarch/nbclient-0.5.13-pyhd8ed1ab_0.tar.bz2#3edde88a191701cf052216c4ba353a83
https://conda.anaconda.org/conda-forge/win-64/numpy-1.25.2-py310hd02465a_0.conda#faeadcd33c1207e7bedd0ee8621ba25a
https://conda.anaconda.org/conda-forge/win-64/pyside6-6.5.2-py310hd741ceb_0.conda#94b87a683f368eadac21ddc1cbc25dfc
https://conda.anaconda.org/conda-forge/win-64/cftime-1.6.2-py310h9b08ddd_1.tar.bz2#6d26114b7e1313d82e85570789bd9ad0
https://conda.anaconda.org/conda-forge/win-64/contourpy-1.1.0-py310h232114e_0.conda#4079a644cfc3b1fbd72571dc0a87ea33
https://conda.anaconda.org/conda-forge/win-64/h5py-3.9.0-nompi_py310h1cf69ec_101.conda#4614b0970e57813af35cacec69ac3736
https://conda.anaconda.org/conda-forge/noarch/ipykernel-6.25.1-pyh6817e22_0.conda#c9f47538470a03f065d6b1e9ad4607cb
https://conda.anaconda.org/conda-forge/noarch/ipywidgets-8.1.0-pyhd8ed1ab_0.conda#6fe1e9c8e93261e978998c0e90e36275
https://conda.anaconda.org/conda-forge/noarch/nbconvert-core-7.8.0-pyhd8ed1ab_0.conda#62345c9e24f898bf492979be84a6eb0a
https://conda.anaconda.org/conda-forge/noarch/pyevtk-1.6.0-pyha21a80b_0.conda#40768f1f8c37fa1a0a38db1f16561fce
https://conda.anaconda.org/conda-forge/win-64/scipy-1.11.2-py310h578b7cb_0.conda#d4f2390c1205138a6b4cd1e277d4f129
https://conda.anaconda.org/conda-forge/win-64/slycot-0.5.4-py310h89043ac_0.conda#6017c30013dc051ed85440240b9d28ee
https://conda.anaconda.org/conda-forge/noarch/ipyparallel-8.6.1-pyhd8ed1ab_0.conda#42eba197eb58b18703767c60103f0712
https://conda.anaconda.org/conda-forge/noarch/jupyter_server-1.23.6-pyhd8ed1ab_0.conda#5016f7c6845a6efd270fcee63af9a2a0
https://conda.anaconda.org/conda-forge/noarch/k3d-2.16.0-pyhd8ed1ab_0.conda#79cb623051c73d53d6be2525117527dc
https://conda.anaconda.org/conda-forge/win-64/matplotlib-base-3.7.2-py310h51140c5_0.conda#f485fd7d59c2719f79aa4323caa5f1e3
https://conda.anaconda.org/conda-forge/noarch/nbconvert-pandoc-7.8.0-pyhd8ed1ab_0.conda#1dba1a577df2625a24667612a069e91c
https://conda.anaconda.org/conda-forge/win-64/netcdf4-1.6.4-nompi_py310he12c0ce_101.conda#dcbfcc7731c2aa3ebfb63e02ff4817a1
https://conda.anaconda.org/conda-forge/noarch/ipympl-0.9.3-pyhd8ed1ab_0.conda#da113e1ecd782afd5ed2f7b5187aaea8
https://conda.anaconda.org/conda-forge/noarch/jupyter-server-mathjax-0.2.6-pyh5bfe37b_1.conda#11ca195fc8a16770661a387bcce27c36
https://conda.anaconda.org/conda-forge/noarch/meshio-5.3.4-pyhd8ed1ab_0.tar.bz2#d06b23cad8f0645461da747eafb1e8c6
https://conda.anaconda.org/conda-forge/noarch/nbconvert-7.8.0-pyhd8ed1ab_0.conda#43bce95e8c474dd21d7ed5de8b4806f7
https://conda.anaconda.org/conda-forge/noarch/notebook-shim-0.2.3-pyhd8ed1ab_0.conda#67e0fe74c156267d9159e9133df7fd37
https://conda.anaconda.org/conda-forge/noarch/nbclassic-1.0.0-pyhb4ecaf3_1.conda#a0be31e9bd84d6eae87cdbf74c56b90b
https://conda.anaconda.org/conda-forge/noarch/nbdime-3.2.1-pyhd8ed1ab_0.conda#7b6c7f9f427dd668fd1ef4c6b3454528
https://conda.anaconda.org/conda-forge/noarch/notebook-6.5.4-pyha770c72_0.conda#ec4ce3ce0a55ce21b6f5b86049b97af9
https://conda.anaconda.org/conda-forge/noarch/pytest_notebook-0.8.1-pyhd8ed1ab_0.conda#a479506d7945f25e62543019dbf31381
https://conda.anaconda.org/conda-forge/noarch/jupyter_contrib_core-0.4.0-pyhd8ed1ab_0.tar.bz2#411e592d362f923fac66550b9c3ce25e
https://conda.anaconda.org/conda-forge/win-64/jupyter_highlight_selected_word-0.2.0-py310h5588dad_1005.tar.bz2#1e658071624b0a64abc9f8c990b8093c
https://conda.anaconda.org/conda-forge/noarch/jupyter_latex_envs-1.4.6-pyhd8ed1ab_1002.tar.bz2#4b888fd7d6b4cdb6736878b2cf8ea951
https://conda.anaconda.org/conda-forge/noarch/jupyter_nbextensions_configurator-0.6.1-pyhd8ed1ab_0.conda#7fc02dc73038b4c3cb0cf2f4a5e94f0f
https://conda.anaconda.org/conda-forge/noarch/jupyter_contrib_nbextensions-0.7.0-pyhd8ed1ab_0.conda#e172ca934d0aa08617c87c5954574bbf
