# Generated by conda-lock.
# platform: osx-64
# input_hash: f1bd24d81a9054f4d45a66e1f6367783e6fc0c5a5418483f40002838e4cb11c6
@EXPLICIT
https://conda.anaconda.org/conda-forge/noarch/font-ttf-dejavu-sans-mono-2.37-hab24e00_0.tar.bz2#0c96522c6bdaed4b1566d11387caaf45
https://conda.anaconda.org/conda-forge/noarch/font-ttf-inconsolata-3.000-h77eed37_0.tar.bz2#34893075a5c9e55cdafac56607368fc6
https://conda.anaconda.org/conda-forge/noarch/font-ttf-source-code-pro-2.038-h77eed37_0.tar.bz2#4d59c254e01d9cde7957100457e2d5fb
https://conda.anaconda.org/conda-forge/noarch/font-ttf-ubuntu-0.83-h77eed37_3.conda#49023d73832ef61042f6a237cb2687e7
https://conda.anaconda.org/conda-forge/osx-64/libev-4.33-h10d778d_2.conda#899db79329439820b7e8f8de41bca902
https://conda.anaconda.org/conda-forge/noarch/python_abi-3.13-8_cp313.conda#94305520c52a4aa3f6c2b1ff6008d9f8
https://conda.anaconda.org/conda-forge/noarch/tzdata-2025b-h78e105d_0.conda#4222072737ccff51314b5ece9c7d6f5a
https://conda.anaconda.org/conda-forge/osx-64/bzip2-1.0.8-hfdf4475_7.conda#7ed4301d437b59045be7e051a0308211
https://conda.anaconda.org/conda-forge/osx-64/c-ares-1.34.5-hf13058a_0.conda#eafe5d9f1a8c514afe41e6e833f66dfd
https://conda.anaconda.org/conda-forge/noarch/ca-certificates-2025.8.3-hbd8a1cb_0.conda#74784ee3d225fc3dca89edb635b4e5cc
https://conda.anaconda.org/conda-forge/noarch/fonts-conda-forge-1-0.tar.bz2#f766549260d6815b0c52253f1fb1bb29
https://conda.anaconda.org/conda-forge/osx-64/icu-75.1-h120a0e1_0.conda#d68d48a3060eb5abdc1cdc8e2a3a5966
https://conda.anaconda.org/conda-forge/osx-64/libbrotlicommon-1.1.0-h6e16a3a_3.conda#ec21ca03bcc08f89b7e88627ae787eaf
https://conda.anaconda.org/conda-forge/osx-64/libcxx-20.1.8-h3d58e20_1.conda#d2db320b940047515f7a27f870984fe7
https://conda.anaconda.org/conda-forge/osx-64/libdeflate-1.24-hcc1b750_0.conda#f0a46c359722a3e84deb05cd4072d153
https://conda.anaconda.org/conda-forge/osx-64/libexpat-2.7.1-h21dd04a_0.conda#9fdeae0b7edda62e989557d645769515
https://conda.anaconda.org/conda-forge/osx-64/libffi-3.4.6-h281671d_1.conda#4ca9ea59839a9ca8df84170fab4ceb41
https://conda.anaconda.org/conda-forge/osx-64/libiconv-1.18-h57a12c2_2.conda#210a85a1119f97ea7887188d176db135
https://conda.anaconda.org/conda-forge/osx-64/libjpeg-turbo-3.1.0-h6e16a3a_0.conda#87537967e6de2f885a9fcebd42b7cb10
https://conda.anaconda.org/conda-forge/osx-64/liblzma-5.8.1-hd471939_2.conda#8468beea04b9065b9807fc8b9cdc5894
https://conda.anaconda.org/conda-forge/osx-64/libmpdec-4.0.0-h6e16a3a_0.conda#18b81186a6adb43f000ad19ed7b70381
https://conda.anaconda.org/conda-forge/osx-64/libntlm-1.8-h6e16a3a_0.conda#23d706dbe90b54059ad86ff826677f39
https://conda.anaconda.org/conda-forge/osx-64/libsodium-1.0.20-hfdf4475_0.conda#6af4b059e26492da6013e79cbcb4d069
https://conda.anaconda.org/conda-forge/osx-64/libwebp-base-1.6.0-hb807250_0.conda#7bb6608cf1f83578587297a158a6630b
https://conda.anaconda.org/conda-forge/osx-64/libzlib-1.3.1-hd23fc13_2.conda#003a54a4e32b02f7355b50a837e699da
https://conda.anaconda.org/conda-forge/osx-64/llvm-openmp-20.1.8-hf4e0ed4_1.conda#55ae491cc02d64a55b75ffae04d7369b
https://conda.anaconda.org/conda-forge/osx-64/ncurses-6.5-h0622a9a_3.conda#ced34dd9929f491ca6dab6a2927aff25
https://conda.anaconda.org/conda-forge/osx-64/pthread-stubs-0.4-h00291cd_1002.conda#8bcf980d2c6b17094961198284b8e862
https://conda.anaconda.org/conda-forge/osx-64/xorg-libxau-1.0.12-h6e16a3a_0.conda#4cf40e60b444d56512a64f39d12c20bd
https://conda.anaconda.org/conda-forge/osx-64/xorg-libxdmcp-1.1.5-h00291cd_0.conda#9f438e1b6f4e73fd9e6d78bfe7c36743
https://conda.anaconda.org/conda-forge/osx-64/yaml-0.2.5-h4132b18_3.conda#a645bb90997d3fc2aea0adf6517059bd
https://conda.anaconda.org/conda-forge/osx-64/double-conversion-3.3.1-h240833e_0.conda#3cb499563390702fe854a743e376d711
https://conda.anaconda.org/conda-forge/noarch/fonts-conda-ecosystem-1-0.tar.bz2#fee5683a3f04bd15cbd8318b096a27ab
https://conda.anaconda.org/conda-forge/osx-64/graphite2-1.3.14-h21dd04a_2.conda#ba63822087afc37e01bf44edcc2479f3
https://conda.anaconda.org/conda-forge/osx-64/hdf4-4.2.15-h8138101_7.conda#7ce543bf38dbfae0de9af112ee178af2
https://conda.anaconda.org/conda-forge/osx-64/lerc-4.0.0-hcca01a6_1.conda#21f765ced1a0ef4070df53cb425e1967
https://conda.anaconda.org/conda-forge/osx-64/libaec-1.1.4-ha6bc127_0.conda#1a768b826dfc68e07786788d98babfc3
https://conda.anaconda.org/conda-forge/osx-64/libbrotlidec-1.1.0-h6e16a3a_3.conda#71d03e5e44801782faff90c455b3e69a
https://conda.anaconda.org/conda-forge/osx-64/libbrotlienc-1.1.0-h6e16a3a_3.conda#94c0090989db51216f40558958a3dd40
https://conda.anaconda.org/conda-forge/osx-64/libedit-3.1.20250104-pl5321ha958ccf_0.conda#1f4ed31220402fcddc083b4bff406868
https://conda.anaconda.org/conda-forge/osx-64/libgfortran5-15.1.0-hfa3c126_0.conda#c97d2a80518051c0e88089c51405906b
https://conda.anaconda.org/conda-forge/osx-64/libintl-0.25.1-h3184127_1.conda#a8e54eefc65645193c46e8b180f62d22
https://conda.anaconda.org/conda-forge/osx-64/libpng-1.6.50-h84aeda2_1.conda#1fe32bb16991a24e112051cc0de89847
https://conda.anaconda.org/conda-forge/osx-64/libsqlite-3.50.4-h39a8b3b_0.conda#156bfb239b6a67ab4a01110e6718cbc4
https://conda.anaconda.org/conda-forge/osx-64/libxcb-1.17.0-hf1f96e2_0.conda#bbeca862892e2898bdb45792a61c4afc
https://conda.anaconda.org/conda-forge/osx-64/libxml2-2.13.8-he1bc88e_1.conda#1d31029d8d2685d56a812dec48083483
https://conda.anaconda.org/conda-forge/osx-64/lz4-c-1.10.0-h240833e_1.conda#d6b9bd7e356abd7e3a633d59b753495a
https://conda.anaconda.org/conda-forge/osx-64/openssl-3.5.2-h6e31bce_0.conda#22f5d63e672b7ba467969e9f8b740ecd
https://conda.anaconda.org/conda-forge/osx-64/pcre2-10.45-hf733adb_0.conda#d9f1976154f2f45588251dcfc48bcdda
https://conda.anaconda.org/conda-forge/osx-64/pixman-0.46.4-ha059160_1.conda#742a8552e51029585a32b6024e9f57b4
https://conda.anaconda.org/conda-forge/osx-64/qhull-2020.2-h3c5361c_5.conda#dd1ea9ff27c93db7c01a7b7656bd4ad4
https://conda.anaconda.org/conda-forge/osx-64/readline-8.2-h7cca4af_2.conda#342570f8e02f2f022147a7f841475784
https://conda.anaconda.org/conda-forge/osx-64/snappy-1.2.2-h25c286d_0.conda#e6544ab8824f58ca155a5b8225f0c780
https://conda.anaconda.org/conda-forge/osx-64/tk-8.6.13-hf689a15_2.conda#9864891a6946c2fe037c02fca7392ab4
https://conda.anaconda.org/conda-forge/osx-64/zlib-1.3.1-hd23fc13_2.conda#c989e0295dcbdc08106fe5d9e935f0b9
https://conda.anaconda.org/conda-forge/osx-64/zstd-1.5.7-h8210216_2.conda#cd60a4a5a8d6a476b30d8aa4bb49251a
https://conda.anaconda.org/conda-forge/osx-64/blosc-1.21.6-hd145fbb_1.conda#717852102c68a082992ce13a53403f9d
https://conda.anaconda.org/conda-forge/osx-64/brotli-bin-1.1.0-h6e16a3a_3.conda#a240d09be7c84cb1d33535ebd36fe422
https://conda.anaconda.org/conda-forge/osx-64/krb5-1.21.3-h37d8d59_0.conda#d4765c524b1d91567886bde656fb514b
https://conda.anaconda.org/conda-forge/osx-64/libfreetype6-2.13.3-h40dfd5c_1.conda#c76e6f421a0e95c282142f820835e186
https://conda.anaconda.org/conda-forge/osx-64/libgfortran-15.1.0-h5f6db21_0.conda#bca8f1344f0b6e3002a600f4379f8f2f
https://conda.anaconda.org/conda-forge/osx-64/libglib-2.84.3-h5fed8df_0.conda#2bb92de7159f9c47a4455eb3c08484d8
https://conda.anaconda.org/conda-forge/osx-64/libllvm19-19.1.7-hc29ff6c_1.conda#a937150d07aa51b50ded6a0816df4a5a
https://conda.anaconda.org/conda-forge/osx-64/libllvm20-20.1.8-h9b4ebcc_0.conda#de86cf6160979dd2e4aa63ab7ba53a5d
https://conda.anaconda.org/conda-forge/osx-64/libnghttp2-1.64.0-hc7306c3_0.conda#ab21007194b97beade22ceb7a3f6fee5
https://conda.anaconda.org/conda-forge/osx-64/libssh2-1.11.1-hed3591d_0.conda#a6cb15db1c2dc4d3a5f6cf3772e09e81
https://conda.anaconda.org/conda-forge/osx-64/libtiff-4.7.0-h59ddb5d_6.conda#1cb7b8054ffa9460ca3dd782062f3074
https://conda.anaconda.org/conda-forge/osx-64/libxslt-1.1.43-h59ddae0_0.conda#8e76996e563b8f4de1df67da0580fd95
https://conda.anaconda.org/conda-forge/osx-64/libzip-1.11.2-h31df5bb_0.conda#3cf12c97a18312c9243a895580bf5be6
https://conda.anaconda.org/conda-forge/osx-64/python-3.13.5-hc3a4c56_102_cp313.conda#afa9492a7d31f6f7189ca8f08aceadac
https://conda.anaconda.org/conda-forge/noarch/appnope-0.1.4-pyhd8ed1ab_1.conda#54898d0f524c9dee622d44bbb081a8ab
https://conda.anaconda.org/conda-forge/noarch/asttokens-3.0.0-pyhd8ed1ab_1.conda#8f587de4bcf981e26228f268df374a9b
https://conda.anaconda.org/conda-forge/noarch/attrs-25.3.0-pyh71513ae_0.conda#a10d11958cadc13fdb43df75f8b1903f
https://conda.anaconda.org/conda-forge/osx-64/backports.zoneinfo-0.2.1-py313habf4b1d_10.conda#ea3d399160e3629c77e0a6c3893106cb
https://conda.anaconda.org/conda-forge/osx-64/brotli-1.1.0-h6e16a3a_3.conda#44903b29bc866576c42d5c0a25e76569
https://conda.anaconda.org/conda-forge/osx-64/brotli-python-1.1.0-py313h14b76d3_3.conda#b48636a1c2074e650b7a930e3a68f104
https://conda.anaconda.org/conda-forge/noarch/cached_property-1.5.2-pyha770c72_1.tar.bz2#576d629e47797577ab0f1b351297ef4a
https://conda.anaconda.org/conda-forge/noarch/certifi-2025.8.3-pyhd8ed1ab_0.conda#11f59985f49df4620890f3e746ed7102
https://conda.anaconda.org/conda-forge/noarch/charset-normalizer-3.4.3-pyhd8ed1ab_0.conda#7e7d5ef1b9ed630e4a1c358d6bc62284
https://conda.anaconda.org/conda-forge/noarch/click-8.2.1-pyh707e725_0.conda#94b550b8d3a614dbd326af798c7dfb40
https://conda.anaconda.org/conda-forge/noarch/colorama-0.4.6-pyhd8ed1ab_1.conda#962b9857ee8e7018c22f2776ffa0b2d7
https://conda.anaconda.org/conda-forge/noarch/comm-0.2.3-pyhe01879c_0.conda#2da13f2b299d8e1995bafbbe9689a2f7
https://conda.anaconda.org/conda-forge/noarch/cycler-0.12.1-pyhd8ed1ab_1.conda#44600c4667a319d67dbe0681fc0bc833
https://conda.anaconda.org/conda-forge/osx-64/cyrus-sasl-2.1.28-h610c526_0.conda#314cd5e4aefc50fec5ffd80621cfb4f8
https://conda.anaconda.org/conda-forge/osx-64/debugpy-1.8.16-py313h03db916_0.conda#3cd9930005c64df818f07d56c29bff1f
https://conda.anaconda.org/conda-forge/noarch/decorator-5.2.1-pyhd8ed1ab_0.conda#9ce473d1d1be1cc3810856a48b3fab32
https://conda.anaconda.org/conda-forge/noarch/defusedxml-0.7.1-pyhd8ed1ab_0.tar.bz2#961b3a227b437d82ad7054484cfa71b2
https://conda.anaconda.org/conda-forge/noarch/diskcache-5.6.3-pyhd8ed1ab_1.conda#1c33d47dcfb2f90c80c6d2213f9d65d7
https://conda.anaconda.org/conda-forge/noarch/executing-2.2.0-pyhd8ed1ab_0.conda#81d30c08f9a3e556e8ca9e124b044d14
https://conda.anaconda.org/conda-forge/noarch/hpack-4.1.0-pyhd8ed1ab_0.conda#0a802cb9888dd14eeefc611f05c40b6e
https://conda.anaconda.org/conda-forge/noarch/hyperframe-6.1.0-pyhd8ed1ab_0.conda#8e6923fc12f1fe8f8c4e5c9f343256ac
https://conda.anaconda.org/conda-forge/noarch/idna-3.10-pyhd8ed1ab_1.conda#39a4f67be3286c86d696df570b1201b7
https://conda.anaconda.org/conda-forge/noarch/iniconfig-2.0.0-pyhd8ed1ab_1.conda#6837f3eff7dcea42ecd714ce1ac2b108
https://conda.anaconda.org/conda-forge/noarch/json5-0.12.1-pyhd8ed1ab_0.conda#0fc93f473c31a2f85c0bde213e7c63ca
https://conda.anaconda.org/conda-forge/osx-64/jsonpointer-3.0.0-py313habf4b1d_1.conda#a93dd2fcffa0290ca107f3bda7bc68ac
https://conda.anaconda.org/conda-forge/noarch/jupyterlab_widgets-3.0.15-pyhd8ed1ab_0.conda#ad100d215fad890ab0ee10418f36876f
https://conda.anaconda.org/conda-forge/osx-64/kiwisolver-1.4.9-py313hb91e98b_0.conda#394079d0497d6d3eaf401d8a361f9adc
https://conda.anaconda.org/conda-forge/noarch/lark-1.2.2-pyhd8ed1ab_1.conda#3a8063b25e603999188ed4bbf3485404
https://conda.anaconda.org/conda-forge/osx-64/lcms2-2.17-h72f5680_0.conda#bf210d0c63f2afb9e414a858b79f0eaa
https://conda.anaconda.org/conda-forge/osx-64/libclang-cpp19.1-19.1.7-default_h3571c67_3.conda#2ec1f70656609b17b438ac07e1b2b611
https://conda.anaconda.org/conda-forge/osx-64/libclang13-20.1.8-default_ha0cc96f_0.conda#f55d486a8fbfa3598714f86bdf9e4eee
https://conda.anaconda.org/conda-forge/osx-64/libcurl-8.14.1-h5dec5d8_0.conda#8738cd19972c3599400404882ddfbc24
https://conda.anaconda.org/conda-forge/osx-64/libfreetype-2.13.3-h694c41f_1.conda#07c8d3fbbe907f32014b121834b36dd5
https://conda.anaconda.org/conda-forge/osx-64/libopenblas-0.3.30-openmp_h83c2472_2.conda#89edf77977f520c4245567460d065821
https://conda.anaconda.org/conda-forge/osx-64/lxml-6.0.0-py313h532978e_0.conda#051bd630e1b451cd83db7c6bd8898b53
https://conda.anaconda.org/conda-forge/osx-64/markupsafe-3.0.2-py313h717bdf5_1.conda#a6fbde71416d6eb9898fcabf505a85c5
https://conda.anaconda.org/conda-forge/noarch/mdurl-0.1.2-pyhd8ed1ab_1.conda#592132998493b3ff25fd7479396e8351
https://conda.anaconda.org/conda-forge/osx-64/msgpack-python-1.1.1-py313ha0b1807_0.conda#65f4f9271a4e0f6049ee6b1ac4d9cf21
https://conda.anaconda.org/conda-forge/noarch/munkres-1.1.4-pyhd8ed1ab_1.conda#37293a85a0f4f77bbd9cf7aaefc62609
https://conda.anaconda.org/conda-forge/noarch/mypy_extensions-1.1.0-pyha770c72_0.conda#e9c622e0d00fa24a6292279af3ab6d06
https://conda.anaconda.org/conda-forge/noarch/nest-asyncio-1.6.0-pyhd8ed1ab_1.conda#598fd7d4d0de2455fb74f56063969a97
https://conda.anaconda.org/conda-forge/osx-64/openjpeg-2.5.3-h036ada5_1.conda#38f264b121a043cf379980c959fb2d75
https://conda.anaconda.org/conda-forge/noarch/packaging-25.0-pyh29332c3_1.conda#58335b26c38bf4a20f399384c33cbcf9
https://conda.anaconda.org/conda-forge/noarch/pandocfilters-1.5.0-pyhd8ed1ab_0.tar.bz2#457c2c8c08e54905d6954e79cb5b5db9
https://conda.anaconda.org/conda-forge/noarch/parso-0.8.4-pyhd8ed1ab_1.conda#5c092057b6badd30f75b06244ecd01c9
https://conda.anaconda.org/conda-forge/noarch/pathspec-0.12.1-pyhd8ed1ab_1.conda#617f15191456cc6a13db418a275435e5
https://conda.anaconda.org/conda-forge/noarch/pickleshare-0.7.5-pyhd8ed1ab_1004.conda#11a9d1d09a3615fc07c3faf79bc0b943
https://conda.anaconda.org/conda-forge/noarch/pip-25.2-pyh145f28c_0.conda#e7ab34d5a93e0819b62563c78635d937
https://conda.anaconda.org/conda-forge/noarch/platformdirs-4.3.8-pyhe01879c_0.conda#424844562f5d337077b445ec6b1398a7
https://conda.anaconda.org/conda-forge/noarch/pluggy-1.6.0-pyhd8ed1ab_0.conda#7da7ccd349dbf6487a7778579d2bb971
https://conda.anaconda.org/conda-forge/noarch/prometheus_client-0.22.1-pyhd8ed1ab_0.conda#c64b77ccab10b822722904d889fa83b5
https://conda.anaconda.org/conda-forge/osx-64/psutil-7.0.0-py313h63b0ddb_0.conda#2c8969aaee2cf24bc8931f5fc36cccfd
https://conda.anaconda.org/conda-forge/noarch/ptyprocess-0.7.0-pyhd8ed1ab_1.conda#7d9daffbb8d8e0af0f769dbbcd173a54
https://conda.anaconda.org/conda-forge/noarch/pure_eval-0.2.3-pyhd8ed1ab_1.conda#3bfdfb8dbcdc4af1ae3f9a8eb3948f04
https://conda.anaconda.org/conda-forge/noarch/pycparser-2.22-pyh29332c3_1.conda#12c566707c80111f9799308d9e265aef
https://conda.anaconda.org/conda-forge/noarch/pygments-2.19.2-pyhd8ed1ab_0.conda#6b6ece66ebcae2d5f326c77ef2c5a066
https://conda.anaconda.org/conda-forge/noarch/pyopengl-3.1.9-pyhd8ed1ab_0.conda#f587e60725a617eeb6415366816be030
https://conda.anaconda.org/conda-forge/noarch/pyparsing-3.2.3-pyhe01879c_2.conda#aa0028616c0750c773698fdc254b2b8d
https://conda.anaconda.org/conda-forge/noarch/pysocks-1.7.1-pyha55dd90_7.conda#461219d1a5bd61342293efa2c0c90eac
https://conda.anaconda.org/conda-forge/noarch/python-fastjsonschema-2.21.2-pyhe01879c_0.conda#23029aae904a2ba587daba708208012f
https://conda.anaconda.org/conda-forge/noarch/python-json-logger-2.0.7-pyhd8ed1ab_0.conda#a61bf9ec79426938ff785eb69dbb1960
https://conda.anaconda.org/conda-forge/noarch/pytz-2025.2-pyhd8ed1ab_0.conda#bc8e3267d44011051f2eb14d22fb0960
https://conda.anaconda.org/conda-forge/osx-64/pyyaml-6.0.2-py313h717bdf5_2.conda#b7f2984724531d2233b77c89c54be594
https://conda.anaconda.org/conda-forge/noarch/rfc3986-validator-0.1.1-pyh9f0ad1d_0.tar.bz2#912a71cc01012ee38e6b90ddd561e36f
https://conda.anaconda.org/conda-forge/osx-64/rpds-py-0.27.0-py313h66e1e84_0.conda#0ea5ad38eb07898fae8325b5fbe31ec4
https://conda.anaconda.org/conda-forge/noarch/setuptools-80.9.0-pyhff2d567_0.conda#4de79c071274a53dcaf2a8c749d1499e
https://conda.anaconda.org/conda-forge/noarch/shellingham-1.5.4-pyhd8ed1ab_1.conda#7c3c2a0f3ebdea2bbc35538d162b43bf
https://conda.anaconda.org/conda-forge/noarch/six-1.17.0-pyhe01879c_1.conda#3339e3b65d58accf4ca4fb8748ab16b3
https://conda.anaconda.org/conda-forge/noarch/smmap-5.0.2-pyhd8ed1ab_0.conda#87f47a78808baf2fa1ea9c315a1e48f1
https://conda.anaconda.org/conda-forge/noarch/sniffio-1.3.1-pyhd8ed1ab_1.conda#bf7a226e58dfb8346c70df36065d86c9
https://conda.anaconda.org/conda-forge/noarch/sortedcontainers-2.4.0-pyhd8ed1ab_1.conda#0401a17ae845fa72c7210e206ec5647d
https://conda.anaconda.org/conda-forge/noarch/soupsieve-2.7-pyhd8ed1ab_0.conda#fb32097c717486aa34b38a9db57eb49e
https://conda.anaconda.org/conda-forge/noarch/threadpoolctl-3.6.0-pyhecae5ae_0.conda#9d64911b31d57ca443e9f1e36b04385f
https://conda.anaconda.org/conda-forge/noarch/toml-0.10.2-pyhd8ed1ab_1.conda#b0dd904de08b7db706167240bf37b164
https://conda.anaconda.org/conda-forge/noarch/tomli-2.2.1-pyhe01879c_2.conda#30a0a26c8abccf4b7991d590fe17c699
https://conda.anaconda.org/conda-forge/osx-64/tornado-6.5.2-py313h585f44e_0.conda#80dbd1e0d4eb09da8a97b3315a26d904
https://conda.anaconda.org/conda-forge/noarch/traitlets-5.14.3-pyhd8ed1ab_1.conda#019a7385be9af33791c989871317e1ed
https://conda.anaconda.org/conda-forge/noarch/types-python-dateutil-2.9.0.20250809-pyhd8ed1ab_0.conda#63a644e158c4f8eeca0d1290ac25e0cc
https://conda.anaconda.org/conda-forge/noarch/typing_extensions-4.14.1-pyhe01879c_0.conda#e523f4f1e980ed7a4240d7e27e9ec81f
https://conda.anaconda.org/conda-forge/noarch/typing_utils-0.1.0-pyhd8ed1ab_1.conda#f6d7aa696c67756a650e91e15e88223c
https://conda.anaconda.org/conda-forge/noarch/uri-template-1.3.0-pyhd8ed1ab_1.conda#e7cb0f5745e4c5035a460248334af7eb
https://conda.anaconda.org/conda-forge/noarch/wcwidth-0.2.13-pyhd8ed1ab_1.conda#b68980f2495d096e71c7fd9d7ccf63e6
https://conda.anaconda.org/conda-forge/noarch/webcolors-24.11.1-pyhd8ed1ab_0.conda#b49f7b291e15494aafb0a7d74806f337
https://conda.anaconda.org/conda-forge/noarch/webencodings-0.5.1-pyhd8ed1ab_3.conda#2841eb5bfc75ce15e9a0054b98dcd64d
https://conda.anaconda.org/conda-forge/noarch/websocket-client-1.8.0-pyhd8ed1ab_1.conda#84f8f77f0a9c6ef401ee96611745da8f
https://conda.anaconda.org/conda-forge/noarch/widgetsnbextension-4.0.14-pyhd8ed1ab_0.conda#2f1f99b13b9d2a03570705030a0b3e7c
https://conda.anaconda.org/conda-forge/noarch/xmljson-0.2.1-pyhd8ed1ab_1.conda#631c1253de01a167d10867fcd2813405
https://conda.anaconda.org/conda-forge/osx-64/zeromq-4.3.5-h7130eaa_7.conda#6a0a76cd2b3d575e1b7aaeb283b9c3ed
https://conda.anaconda.org/conda-forge/noarch/zipp-3.23.0-pyhd8ed1ab_0.conda#df5e78d904988eb55042c0c97446079f
https://conda.anaconda.org/conda-forge/noarch/async-lru-2.0.5-pyh29332c3_0.conda#d9d0f99095a9bb7e3641bca8c6ad2ac7
https://conda.anaconda.org/conda-forge/noarch/babel-2.17.0-pyhd8ed1ab_0.conda#0a01c169f0ab0f91b26e77a3301fbfe4
https://conda.anaconda.org/conda-forge/noarch/black-25.1.0-pyh866005b_0.conda#b9b0c42e7316aa6043bdfd49883955b8
https://conda.anaconda.org/conda-forge/noarch/bleach-6.2.0-pyh29332c3_4.conda#f0b4c8e370446ef89797608d60a564b3
https://conda.anaconda.org/conda-forge/noarch/cached-property-1.5.2-hd8ed1ab_1.tar.bz2#9b347a7ec10940d3f7941ff6c460b551
https://conda.anaconda.org/conda-forge/osx-64/cffi-1.17.1-py313h49682b3_0.conda#98afc301e6601a3480f9e0b9f8867ee0
https://conda.anaconda.org/conda-forge/osx-64/coverage-7.10.4-py313h4db2fa4_0.conda#46f9bfdb0d16eb41cf5cda7e897e1bfd
https://conda.anaconda.org/conda-forge/noarch/exceptiongroup-1.3.0-pyhd8ed1ab_0.conda#72e42d28960d875c7654614f8b50939a
https://conda.anaconda.org/conda-forge/osx-64/fonttools-4.59.1-py313h4db2fa4_0.conda#3a930d1619dbc7d00e199c92ab6e72e7
https://conda.anaconda.org/conda-forge/osx-64/freetype-2.13.3-h694c41f_1.conda#126dba1baf5030cb6f34533718924577
https://conda.anaconda.org/conda-forge/noarch/gitdb-4.0.12-pyhd8ed1ab_0.conda#7c14f3706e099f8fcd47af2d494616cc
https://conda.anaconda.org/conda-forge/noarch/h11-0.16.0-pyhd8ed1ab_0.conda#4b69232755285701bc86a5afe4d9933a
https://conda.anaconda.org/conda-forge/noarch/h2-4.2.0-pyhd8ed1ab_0.conda#b4754fb1bdcb70c8fd54f918301582c6
https://conda.anaconda.org/conda-forge/osx-64/hdf5-1.14.6-nompi_hc8237f9_103.conda#3f1df98f96e0c369d94232712c9b87d0
https://conda.anaconda.org/conda-forge/noarch/importlib-metadata-8.7.0-pyhe01879c_1.conda#63ccfdc3a3ce25b027b8767eb722fca8
https://conda.anaconda.org/conda-forge/noarch/importlib_resources-5.13.0-pyhd8ed1ab_0.conda#748955a096313b51b314263402b83250
https://conda.anaconda.org/conda-forge/noarch/ipython_pygments_lexers-1.1.1-pyhd8ed1ab_0.conda#bd80ba060603cc228d9d81c257093119
https://conda.anaconda.org/conda-forge/noarch/jedi-0.19.2-pyhd8ed1ab_1.conda#a4f4c5dc9b80bc50e0d3dc4e6e8f1bd9
https://conda.anaconda.org/conda-forge/noarch/jinja2-3.1.6-pyhd8ed1ab_0.conda#446bd6c8cb26050d528881df495ce646
https://conda.anaconda.org/conda-forge/noarch/jupyter_core-5.8.1-pyh31011fe_0.conda#b7d89d860ebcda28a5303526cdee68ab
https://conda.anaconda.org/conda-forge/noarch/jupyterlab_pygments-0.3.0-pyhd8ed1ab_2.conda#fd312693df06da3578383232528c468d
https://conda.anaconda.org/conda-forge/osx-64/libblas-3.9.0-34_h7f60823_openblas.conda#3f29ba70f912e56d4be6b55bc213a082
https://conda.anaconda.org/conda-forge/noarch/markdown-it-py-4.0.0-pyhd8ed1ab_0.conda#5b5203189eb668f042ac2b0826244964
https://conda.anaconda.org/conda-forge/noarch/matplotlib-inline-0.1.7-pyhd8ed1ab_1.conda#af6ab708897df59bd6e7283ceab1b56b
https://conda.anaconda.org/conda-forge/noarch/mistune-3.1.3-pyh29332c3_0.conda#7ec6576e328bc128f4982cd646eeba85
https://conda.anaconda.org/conda-forge/osx-64/openldap-2.6.10-hd8a590d_0.conda#60bd9b6c1e5208ff2f4a39ab3eabdee8
https://conda.anaconda.org/conda-forge/noarch/overrides-7.7.0-pyhd8ed1ab_1.conda#e51f1e4089cad105b6cac64bd8166587
https://conda.anaconda.org/conda-forge/noarch/pexpect-4.9.0-pyhd8ed1ab_1.conda#d0d408b1f18883a944376da5cf8101ea
https://conda.anaconda.org/conda-forge/osx-64/pillow-11.3.0-py313h0c4f865_0.conda#4cedae60046caf240dda5b29ba2f60a7
https://conda.anaconda.org/conda-forge/noarch/prompt-toolkit-3.0.51-pyha770c72_0.conda#d17ae9db4dc594267181bd199bf9a551
https://conda.anaconda.org/conda-forge/osx-64/pyobjc-core-11.1-py313h6971d95_0.conda#6b77cb82a5311aa457295cec63adbbc8
https://conda.anaconda.org/conda-forge/noarch/python-dateutil-2.9.0.post0-pyhe01879c_2.conda#5b8d21249ff20967101ffa321cab24e8
https://conda.anaconda.org/conda-forge/osx-64/pyzmq-27.0.1-py313hc53fb4d_0.conda#fac17dc7e81d2847105a618eb3dd843b
https://conda.anaconda.org/conda-forge/noarch/qtpy-2.4.3-pyhd8ed1ab_1.conda#b49c000df5aca26d36b3f078ba85e03a
https://conda.anaconda.org/conda-forge/noarch/referencing-0.36.2-pyh29332c3_0.conda#9140f1c09dd5489549c6a33931b943c7
https://conda.anaconda.org/conda-forge/noarch/rfc3339-validator-0.1.4-pyhd8ed1ab_1.conda#36de09a8d3e5d5e6f4ee63af49e59706
https://conda.anaconda.org/conda-forge/noarch/rfc3987-syntax-1.1.0-pyhe01879c_1.conda#7234f99325263a5af6d4cd195035e8f2
https://conda.anaconda.org/conda-forge/noarch/stack_data-0.6.3-pyhd8ed1ab_1.conda#b1b505328da7a6b246787df4b5a49fbc
https://conda.anaconda.org/conda-forge/noarch/terminado-0.18.1-pyh31c8845_0.conda#00b54981b923f5aefcd5e8547de056d5
https://conda.anaconda.org/conda-forge/noarch/tinycss2-1.4.0-pyhd8ed1ab_0.conda#f1acf5fdefa8300de697982bcb1761c9
https://conda.anaconda.org/conda-forge/noarch/tqdm-4.67.1-pyhd8ed1ab_1.conda#9efbfdc37242619130ea42b1cc4ed861
https://conda.anaconda.org/conda-forge/noarch/traittypes-0.2.1-pyh9f0ad1d_2.tar.bz2#7d32ccb5334a6822c28af3e864550618
https://conda.anaconda.org/conda-forge/noarch/typer-slim-0.16.1-pyhe01879c_0.conda#24db73f88ea930dc00234434f6aeddc6
https://conda.anaconda.org/conda-forge/noarch/typing-extensions-4.14.1-h4440ef1_0.conda#75be1a943e0a7f99fcf118309092c635
https://conda.anaconda.org/conda-forge/noarch/anyio-4.10.0-pyhe01879c_0.conda#cc2613bfa71dec0eb2113ee21ac9ccbf
https://conda.anaconda.org/conda-forge/osx-64/argon2-cffi-bindings-25.1.0-py313h585f44e_0.conda#aa855240032c28272b48199eda601486
https://conda.anaconda.org/conda-forge/noarch/arrow-1.3.0-pyhd8ed1ab_1.conda#46b53236fdd990271b03c3978d4218a9
https://conda.anaconda.org/conda-forge/noarch/beautifulsoup4-4.13.4-pyha770c72_0.conda#9f07c4fc992adb2d6c30da7fab3959a7
https://conda.anaconda.org/conda-forge/noarch/bleach-with-css-6.2.0-h82add2a_4.conda#a30e9406c873940383555af4c873220d
https://conda.anaconda.org/conda-forge/osx-64/fontconfig-2.15.0-h37eeddb_1.conda#84ccec5ee37eb03dd352db0a3f89ada3
https://conda.anaconda.org/conda-forge/noarch/fqdn-1.5.1-pyhd8ed1ab_1.conda#d3549fd50d450b6d9e7dddff25dd2110
https://conda.anaconda.org/conda-forge/noarch/gitpython-3.1.45-pyhff2d567_0.conda#b91d463ea8be13bcbe644ae8bc99c39f
https://conda.anaconda.org/conda-forge/noarch/hypothesis-6.56.3-pyha770c72_3.tar.bz2#2d3751942dacfb88033d66486c452cc2
https://conda.anaconda.org/conda-forge/noarch/importlib-resources-5.13.0-pyhd8ed1ab_0.conda#5facf625dd29f34c73733030a10a62a0
https://conda.anaconda.org/conda-forge/noarch/importlib_metadata-8.7.0-h40b2b14_1.conda#8a77895fb29728b736a1a6c75906ea1a
https://conda.anaconda.org/conda-forge/noarch/ipython-9.4.0-pyhfa0c392_0.conda#cb7706b10f35e7507917cefa0978a66d
https://conda.anaconda.org/conda-forge/noarch/jsonschema-specifications-2025.4.1-pyh29332c3_0.conda#41ff526b1083fde51fbdc93f29282e0e
https://conda.anaconda.org/conda-forge/noarch/jupyter_client-8.6.3-pyhd8ed1ab_1.conda#4ebae00eae9705b0c3d6d1018a81d047
https://conda.anaconda.org/conda-forge/noarch/jupyter_server_terminals-0.5.3-pyhd8ed1ab_1.conda#2d983ff1b82a1ccb6f2e9d8784bdd6bd
https://conda.anaconda.org/conda-forge/osx-64/libcblas-3.9.0-34_hff6cab4_openblas.conda#0f6bf5f39b2301a165389e3624f0c297
https://conda.anaconda.org/conda-forge/osx-64/liblapack-3.9.0-34_h236ab99_openblas.conda#8ddbc2de70c2fedfb4cfbcb8d5562ac8
https://conda.anaconda.org/conda-forge/osx-64/libnetcdf-4.9.2-nompi_h6054f6d_118.conda#c92aa5e0a14b8381e7aaf78714a03ff6
https://conda.anaconda.org/conda-forge/osx-64/libpq-17.6-hec4e20e_0.conda#9ab4929cb8e76c91123cacc5b06c0a28
https://conda.anaconda.org/conda-forge/osx-64/pyobjc-framework-cocoa-11.1-py313h19a8f7f_0.conda#f9b008619c45d0381e0900912c4ff554
https://conda.anaconda.org/conda-forge/noarch/pytest-8.4.1-pyhd8ed1ab_0.conda#a49c2283f24696a7b30367b7346a0144
https://conda.anaconda.org/conda-forge/noarch/rich-14.1.0-pyhe01879c_0.conda#c41e49bd1f1479bed6c6300038c5466e
https://conda.anaconda.org/conda-forge/osx-64/zstandard-0.23.0-py313h63b0ddb_2.conda#3babd14037340de278106b258fdb28d9
https://conda.anaconda.org/conda-forge/noarch/argon2-cffi-25.1.0-pyhd8ed1ab_0.conda#8ac12aff0860280ee0cff7fa2cf63f3b
https://conda.anaconda.org/conda-forge/osx-64/cairo-1.18.4-h950ec3b_0.conda#32403b4ef529a2018e4d8c4f2a719f16
https://conda.anaconda.org/conda-forge/noarch/httpcore-1.0.9-pyh29332c3_0.conda#4f14640d58e2cc0aa0819d9d8ba125bb
https://conda.anaconda.org/conda-forge/noarch/ipykernel-6.30.1-pyh92f572d_0.conda#f208c1a85786e617a91329fa5201168c
https://conda.anaconda.org/conda-forge/noarch/ipywidgets-8.1.7-pyhd8ed1ab_0.conda#7c9449eac5975ef2d7753da262a72707
https://conda.anaconda.org/conda-forge/noarch/isoduration-20.11.0-pyhd8ed1ab_1.conda#0b0154421989637d424ccf0f104be51a
https://conda.anaconda.org/conda-forge/noarch/jsonschema-4.25.1-pyhe01879c_0.conda#341fd940c242cf33e832c0402face56f
https://conda.anaconda.org/conda-forge/osx-64/numpy-2.3.2-py313hdb1a8e5_0.conda#6cdf47cd7a9cb038ee6f7997ab4bb59b
https://conda.anaconda.org/conda-forge/noarch/pytest-cov-6.2.1-pyhd8ed1ab_0.conda#ce978e1b9ed8b8d49164e90a5cdc94cd
https://conda.anaconda.org/conda-forge/noarch/pytest-datadir-1.8.0-pyhd8ed1ab_0.conda#e46da0323c9a50ef1b53c20d33e243a0
https://conda.anaconda.org/conda-forge/noarch/send2trash-1.8.3-pyh31c8845_1.conda#e67b1b1fa7a79ff9e8e326d0caf55854
https://conda.anaconda.org/conda-forge/noarch/typer-slim-standard-0.16.1-h810d63d_0.conda#a17c34ff6b5095b9366270064be17102
https://conda.anaconda.org/conda-forge/noarch/urllib3-2.5.0-pyhd8ed1ab_0.conda#436c165519e140cb08d246a4472a9d6a
https://conda.anaconda.org/conda-forge/osx-64/cftime-1.6.4-py313h8f4588c_1.conda#745a1c11935b61a775ce3c4603237bbd
https://conda.anaconda.org/conda-forge/osx-64/contourpy-1.3.3-py313hc551f4f_1.conda#f944076ba621dfde21fc4f1cc283af2a
https://conda.anaconda.org/conda-forge/osx-64/h5py-3.14.0-nompi_py313h003f59e_100.conda#ccdf8e0023cd3d462e5468384ad7a7e8
https://conda.anaconda.org/conda-forge/osx-64/harfbuzz-11.4.2-h0ffbb26_0.conda#7c1ac6226072d80aafa797c9e0c17bdb
https://conda.anaconda.org/conda-forge/noarch/httpx-0.28.1-pyhd8ed1ab_0.conda#d6989ead454181f4f9bc987d3dc4e285
https://conda.anaconda.org/conda-forge/noarch/ipyparallel-9.0.1-pyh29332c3_0.conda#bff3158edfd625503948a14dde1f8949
https://conda.anaconda.org/conda-forge/noarch/jsonschema-with-format-nongpl-4.25.1-he01879c_0.conda#13e31c573c884962318a738405ca3487
https://conda.anaconda.org/conda-forge/noarch/k3d-2.17.0-pyhd8ed1ab_1.conda#a52f865e8d99c069a47cf61dd0963327
https://conda.anaconda.org/conda-forge/noarch/nbformat-5.10.4-pyhd8ed1ab_1.conda#bbe1963f1e47f594070ffe87cdf612ea
https://conda.anaconda.org/conda-forge/noarch/pyevtk-1.6.0-pyhb0bfe47_1.conda#2873c0749f886f4ac050adabf2bef203
https://conda.anaconda.org/conda-forge/noarch/requests-2.32.5-pyhd8ed1ab_0.conda#db0c6b99149880c8ba515cf4abe93ee4
https://conda.anaconda.org/conda-forge/osx-64/scipy-1.16.1-py313hada7951_0.conda#0754bd8f813107c8f6adda6530e07b60
https://conda.anaconda.org/conda-forge/osx-64/slycot-0.6.0-py313hd6cb789_2.conda#c14c33d3f6d528bc4ff920f861e0cad9
https://conda.anaconda.org/conda-forge/noarch/typer-0.16.1-pyhc167863_0.conda#d1a93f6a8a848176099d3605c4101f31
https://conda.anaconda.org/conda-forge/noarch/jupyter_events-0.12.0-pyh29332c3_0.conda#f56000b36f09ab7533877e695e4e8cb0
https://conda.anaconda.org/conda-forge/osx-64/matplotlib-base-3.10.5-py313h5771d13_0.conda#c5210f966876b237ba35340b3b89d695
https://conda.anaconda.org/conda-forge/noarch/nbclient-0.5.13-pyhd8ed1ab_0.tar.bz2#3edde88a191701cf052216c4ba353a83
https://conda.anaconda.org/conda-forge/osx-64/netcdf4-1.7.2-nompi_py313h623cd79_102.conda#7fdd1a3a79ab869961eae0adef965f9d
https://conda.anaconda.org/conda-forge/osx-64/qt6-main-6.9.1-h6d97336_2.conda#16dd3c2573ccd95095dc2c4b77462dba
https://conda.anaconda.org/conda-forge/noarch/ipympl-0.9.7-pyhd8ed1ab_1.conda#f5b7e17a56dd953c80c77cbdab378467
https://conda.anaconda.org/conda-forge/noarch/meshio-5.3.5-pyhd8ed1ab_0.conda#2ea6ce24274096bf2df6c8c50f373d5b
https://conda.anaconda.org/conda-forge/noarch/nbconvert-core-7.16.6-pyh29332c3_0.conda#d24beda1d30748afcc87c429454ece1b
https://conda.anaconda.org/conda-forge/osx-64/pyside6-6.9.1-py313hcd4e2d2_0.conda#47336777da3710e307b5242b0424b4bd
https://conda.anaconda.org/conda-forge/noarch/jupyter_server-2.16.0-pyhe01879c_0.conda#f062e04d7cd585c937acbf194dceec36
https://conda.anaconda.org/conda-forge/noarch/jupyter-lsp-2.2.6-pyhe01879c_0.conda#7129ed52335cc7164baf4d6508a3f233
https://conda.anaconda.org/conda-forge/noarch/jupyter-server-mathjax-0.2.6-pyhbbac1ac_2.conda#a575ab1d71583644de23e7a9bef9bd27
https://conda.anaconda.org/conda-forge/noarch/jupyterlab-myst-2.4.2-pyhd8ed1ab_1.conda#1a76cdfb2080ae8007cd58b79707fb6b
https://conda.anaconda.org/conda-forge/noarch/jupyterlab_server-2.27.3-pyhd8ed1ab_1.conda#9dc4b2b0f41f0de41d27f3293e319357
https://conda.anaconda.org/conda-forge/noarch/notebook-shim-0.2.4-pyhd8ed1ab_1.conda#e7f89ea5f7ea9401642758ff50a2d9c1
https://conda.anaconda.org/conda-forge/noarch/jupyterlab-4.4.6-pyhd8ed1ab_0.conda#70cb2903114eafc6ed5d70ca91ba6545
https://conda.anaconda.org/conda-forge/noarch/nbdime-4.0.2-pyhd8ed1ab_1.conda#5217ed230c497fb71f7bb2de6d7eb27b
https://conda.anaconda.org/conda-forge/noarch/notebook-7.4.5-pyhd8ed1ab_0.conda#28062c17cdb444388c00903eaec1ba0e
https://conda.anaconda.org/conda-forge/noarch/pytest_notebook-0.10.0-pyha770c72_0.conda#2613f3691b1d51fcf2d7f6287c15cc80
https://conda.anaconda.org/conda-forge/noarch/pytest-notebook-0.10.0-hd8ed1ab_0.conda#1ee3879eee8f4211c9752d1fecf2cb61
